
Microsoft Visual Studio Solution File, Format Version 12.00
# Visual Studio 15
VisualStudioVersion = 15.0.27004.2005
MinimumVisualStudioVersion = 10.0.40219.1
Project("{FAE04EC0-301F-11D3-BF4B-00C04F79EFBC}") = "Fusee.Engine.Examples.PBRMatComp.Android", "Android\Fusee.Engine.Examples.PBRMatComp.Android.csproj", "{A599DDFB-BD12-4A9E-ACE4-F93D9073D7A8}"
EndProject
Project("{FAE04EC0-301F-11D3-BF4B-00C04F79EFBC}") = "Fusee.Engine.Examples.PBRMatComp.Core", "Core\Fusee.Engine.Examples.PBRMatComp.Core.csproj", "{0D5DEF56-A0E0-4977-AB26-119C37943662}"
EndProject
Project("{FAE04EC0-301F-11D3-BF4B-00C04F79EFBC}") = "Fusee.Engine.Examples.PBRMatComp.Desktop", "Desktop\Fusee.Engine.Examples.PBRMatComp.Desktop.csproj", "{BAD2B4A3-E996-4F42-83B9-15E57D69A7F7}"
EndProject
Project("{FAE04EC0-301F-11D3-BF4B-00C04F79EFBC}") = "Fusee.Engine.Examples.PBRMatComp.Web", "Web\Fusee.Engine.Examples.PBRMatComp.Web.csproj", "{AD2D624B-8C56-4625-AE7A-28D0264166D4}"
EndProject
Global
	GlobalSection(SolutionConfigurationPlatforms) = preSolution
		Debug|x64 = Debug|x64
		Release|x64 = Release|x64
	EndGlobalSection
	GlobalSection(ProjectConfigurationPlatforms) = postSolution
		{A599DDFB-BD12-4A9E-ACE4-F93D9073D7A8}.Debug|x64.ActiveCfg = Debug|Any CPU
		{A599DDFB-BD12-4A9E-ACE4-F93D9073D7A8}.Debug|x64.Build.0 = Debug|Any CPU
		{A599DDFB-BD12-4A9E-ACE4-F93D9073D7A8}.Debug|x64.Deploy.0 = Debug|Any CPU
		{A599DDFB-BD12-4A9E-ACE4-F93D9073D7A8}.Release|x64.ActiveCfg = Release|Any CPU
		{A599DDFB-BD12-4A9E-ACE4-F93D9073D7A8}.Release|x64.Build.0 = Release|Any CPU
		{A599DDFB-BD12-4A9E-ACE4-F93D9073D7A8}.Release|x64.Deploy.0 = Release|Any CPU
		{0D5DEF56-A0E0-4977-AB26-119C37943662}.Debug|x64.ActiveCfg = Debug|Any CPU
		{0D5DEF56-A0E0-4977-AB26-119C37943662}.Debug|x64.Build.0 = Debug|Any CPU
		{0D5DEF56-A0E0-4977-AB26-119C37943662}.Release|x64.ActiveCfg = Release|Any CPU
		{0D5DEF56-A0E0-4977-AB26-119C37943662}.Release|x64.Build.0 = Release|Any CPU
		{BAD2B4A3-E996-4F42-83B9-15E57D69A7F7}.Debug|x64.ActiveCfg = Debug|x64
		{BAD2B4A3-E996-4F42-83B9-15E57D69A7F7}.Debug|x64.Build.0 = Debug|x64
		{BAD2B4A3-E996-4F42-83B9-15E57D69A7F7}.Release|x64.ActiveCfg = Release|x64
		{BAD2B4A3-E996-4F42-83B9-15E57D69A7F7}.Release|x64.Build.0 = Release|x64
		{AD2D624B-8C56-4625-AE7A-28D0264166D4}.Debug|x64.ActiveCfg = Debug|x64
		{AD2D624B-8C56-4625-AE7A-28D0264166D4}.Debug|x64.Build.0 = Debug|x64
		{AD2D624B-8C56-4625-AE7A-28D0264166D4}.Release|x64.ActiveCfg = Release|x64
		{AD2D624B-8C56-4625-AE7A-28D0264166D4}.Release|x64.Build.0 = Release|x64
	EndGlobalSection
	GlobalSection(SolutionProperties) = preSolution
		HideSolutionNode = FALSE
	EndGlobalSection
	GlobalSection(ExtensibilityGlobals) = postSolution
		SolutionGuid = {F08EB2DE-9184-48F6-B78B-077272A676BE}
	EndGlobalSection
EndGlobal
