
Microsoft Visual Studio Solution File, Format Version 11.00
# Visual Studio 2010
Project("{FAE04EC0-301F-11D3-BF4B-00C04F79EFBC}") = "FUSEE_OSX_Mac_YourManagedPlugin", "FUSEE_OSX_Mac_YourManagedPlugin\FUSEE_OSX_Mac_YourManagedPlugin.csproj", "{FA8233DC-86F3-412D-B0EE-665B314C4A9D}"
EndProject
Global
	GlobalSection(SolutionConfigurationPlatforms) = preSolution
		Debug|x86 = Debug|x86
		Release|x86 = Release|x86
	EndGlobalSection
	GlobalSection(ProjectConfigurationPlatforms) = postSolution
		{FA8233DC-86F3-412D-B0EE-665B314C4A9D}.Debug|x86.ActiveCfg = Debug|x86
		{FA8233DC-86F3-412D-B0EE-665B314C4A9D}.Debug|x86.Build.0 = Debug|x86
		{FA8233DC-86F3-412D-B0EE-665B314C4A9D}.Release|x86.ActiveCfg = Release|x86
		{FA8233DC-86F3-412D-B0EE-665B314C4A9D}.Release|x86.Build.0 = Release|x86
	EndGlobalSection
	GlobalSection(MonoDevelopProperties) = preSolution
		StartupItem = FUSEE_OSX_Mac_YourManagedPlugin\FUSEE_OSX_Mac_YourManagedPlugin.csproj
	EndGlobalSection
EndGlobal
