
Microsoft Visual Studio Solution File, Format Version 12.00
# Visual Studio Version 16
VisualStudioVersion = 16.0.28803.352
MinimumVisualStudioVersion = 10.0.40219.1
Project("{9A19103F-16F7-4668-BE54-9A1E7A4F7556}") = "Fusee.Examples.RocketOnly.Desktop", "Desktop\Fusee.Examples.RocketOnly.Desktop.csproj", "{A8C041C0-3A74-4976-9060-70E2A865D521}"
EndProject
Project("{9A19103F-16F7-4668-BE54-9A1E7A4F7556}") = "Fusee.Examples.RocketOnly.Core", "Core\Fusee.Examples.RocketOnly.Core.csproj", "{C4157BCB-D3A0-45C6-A84B-735FBD8C7AA8}"
EndProject
Project("{9A19103F-16F7-4668-BE54-9A1E7A4F7556}") = "Fusee.Examples.RocketOnly.Web", "Web\Fusee.Examples.RocketOnly.Web.csproj", "{DB21584F-4EA6-486A-9BDB-77D372CF1D64}"
EndProject
Project("{FAE04EC0-301F-11D3-BF4B-00C04F79EFBC}") = "Fusee.Examples.RocketOnly.Android", "Android\Fusee.Examples.RocketOnly.Android.csproj", "{72B29431-717A-47AD-9BDB-2A60E284D727}"
EndProject
Project("{2150E333-8FDC-42A3-9474-1A3956D46DE8}") = "Solution Items", "Solution Items", "{6C9326AF-C99D-476B-8F29-86A84E21037C}"
	ProjectSection(SolutionItems) = preProject
		Directory.Build.props = Directory.Build.props
		Directory.Build.targets = Directory.Build.targets
	EndProjectSection
EndProject
Global
	GlobalSection(SolutionConfigurationPlatforms) = preSolution
		Debug|Any CPU = Debug|Any CPU
		Release|Any CPU = Release|Any CPU
	EndGlobalSection
	GlobalSection(ProjectConfigurationPlatforms) = postSolution
		{A8C041C0-3A74-4976-9060-70E2A865D521}.Debug|Any CPU.ActiveCfg = Debug|Any CPU
		{A8C041C0-3A74-4976-9060-70E2A865D521}.Debug|Any CPU.Build.0 = Debug|Any CPU
		{A8C041C0-3A74-4976-9060-70E2A865D521}.Release|Any CPU.ActiveCfg = Release|Any CPU
		{A8C041C0-3A74-4976-9060-70E2A865D521}.Release|Any CPU.Build.0 = Release|Any CPU
		{C4157BCB-D3A0-45C6-A84B-735FBD8C7AA8}.Debug|Any CPU.ActiveCfg = Debug|Any CPU
		{C4157BCB-D3A0-45C6-A84B-735FBD8C7AA8}.Debug|Any CPU.Build.0 = Debug|Any CPU
		{C4157BCB-D3A0-45C6-A84B-735FBD8C7AA8}.Release|Any CPU.ActiveCfg = Release|Any CPU
		{C4157BCB-D3A0-45C6-A84B-735FBD8C7AA8}.Release|Any CPU.Build.0 = Release|Any CPU
		{DB21584F-4EA6-486A-9BDB-77D372CF1D64}.Debug|Any CPU.ActiveCfg = Debug|Any CPU
		{DB21584F-4EA6-486A-9BDB-77D372CF1D64}.Debug|Any CPU.Build.0 = Debug|Any CPU
		{DB21584F-4EA6-486A-9BDB-77D372CF1D64}.Release|Any CPU.ActiveCfg = Release|Any CPU
		{DB21584F-4EA6-486A-9BDB-77D372CF1D64}.Release|Any CPU.Build.0 = Release|Any CPU
		{72B29431-717A-47AD-9BDB-2A60E284D727}.Debug|Any CPU.ActiveCfg = Debug|Any CPU
		{72B29431-717A-47AD-9BDB-2A60E284D727}.Debug|Any CPU.Build.0 = Debug|Any CPU
		{72B29431-717A-47AD-9BDB-2A60E284D727}.Debug|Any CPU.Deploy.0 = Debug|Any CPU
		{72B29431-717A-47AD-9BDB-2A60E284D727}.Release|Any CPU.ActiveCfg = Release|Any CPU
		{72B29431-717A-47AD-9BDB-2A60E284D727}.Release|Any CPU.Build.0 = Release|Any CPU
		{72B29431-717A-47AD-9BDB-2A60E284D727}.Release|Any CPU.Deploy.0 = Release|Any CPU
	EndGlobalSection
	GlobalSection(SolutionProperties) = preSolution
		HideSolutionNode = FALSE
	EndGlobalSection
	GlobalSection(ExtensibilityGlobals) = postSolution
		SolutionGuid = {B0AECF28-F48E-4A89-B1E7-E2A940F086D1}
	EndGlobalSection
EndGlobal
