
Microsoft Visual Studio Solution File, Format Version 12.00
# Visual Studio 15
VisualStudioVersion = 15.0.27004.2005
MinimumVisualStudioVersion = 10.0.40219.1
Project("{FAE04EC0-301F-11D3-BF4B-00C04F79EFBC}") = "Fusee.Engine.Examples.ThreeDFont.Desktop", "Desktop\Fusee.Engine.Examples.ThreeDFont.Desktop.csproj", "{2AF22B4E-337D-4A87-AF3E-8E20823F7D9E}"
EndProject
Project("{FAE04EC0-301F-11D3-BF4B-00C04F79EFBC}") = "Fusee.Engine.Examples.ThreeDFont.Core", "Core\Fusee.Engine.Examples.ThreeDFont.Core.csproj", "{4E534FDD-A963-448D-B2A6-F3E8B9F0BF69}"
EndProject
Project("{FAE04EC0-301F-11D3-BF4B-00C04F79EFBC}") = "Fusee.Engine.Examples.ThreeDFont.Web", "Web\Fusee.Engine.Examples.ThreeDFont.Web.csproj", "{9EB00529-0063-46BB-8F2C-A3E976F89417}"
EndProject
Project("{FAE04EC0-301F-11D3-BF4B-00C04F79EFBC}") = "Fusee.Engine.Examples.ThreeDFont.Android", "Android\Fusee.Engine.Examples.ThreeDFont.Android.csproj", "{73A74ADF-6308-42A0-8BA6-2B5D53238546}"
EndProject
Global
	GlobalSection(SolutionConfigurationPlatforms) = preSolution
		Debug|x64 = Debug|x64
		Release|x64 = Release|x64
	EndGlobalSection
	GlobalSection(ProjectConfigurationPlatforms) = postSolution
		{4E534FDD-A963-448D-B2A6-F3E8B9F0BF69}.Debug|x64.ActiveCfg = Debug|Any CPU
		{4E534FDD-A963-448D-B2A6-F3E8B9F0BF69}.Debug|x64.Build.0 = Debug|Any CPU
		{4E534FDD-A963-448D-B2A6-F3E8B9F0BF69}.Release|x64.ActiveCfg = Release|Any CPU
		{4E534FDD-A963-448D-B2A6-F3E8B9F0BF69}.Release|x64.Build.0 = Release|Any CPU
		{2AF22B4E-337D-4A87-AF3E-8E20823F7D9E}.Debug|x64.ActiveCfg = Debug|Any CPU
		{2AF22B4E-337D-4A87-AF3E-8E20823F7D9E}.Debug|x64.Build.0 = Debug|Any CPU
		{2AF22B4E-337D-4A87-AF3E-8E20823F7D9E}.Release|x64.ActiveCfg = Release|Any CPU
		{2AF22B4E-337D-4A87-AF3E-8E20823F7D9E}.Release|x64.Build.0 = Release|Any CPU
		{9EB00529-0063-46BB-8F2C-A3E976F89417}.Debug|x64.ActiveCfg = Debug|Any CPU
		{9EB00529-0063-46BB-8F2C-A3E976F89417}.Debug|x64.Build.0 = Debug|Any CPU
		{9EB00529-0063-46BB-8F2C-A3E976F89417}.Release|x64.ActiveCfg = Release|Any CPU
		{9EB00529-0063-46BB-8F2C-A3E976F89417}.Release|x64.Build.0 = Release|Any CPU
		{73A74ADF-6308-42A0-8BA6-2B5D53238546}.Debug|x64.ActiveCfg = Debug|Any CPU
		{73A74ADF-6308-42A0-8BA6-2B5D53238546}.Debug|x64.Build.0 = Debug|Any CPU
		{73A74ADF-6308-42A0-8BA6-2B5D53238546}.Debug|x64.Deploy.0 = Debug|Any CPU
		{73A74ADF-6308-42A0-8BA6-2B5D53238546}.Release|x64.ActiveCfg = Release|Any CPU
		{73A74ADF-6308-42A0-8BA6-2B5D53238546}.Release|x64.Build.0 = Release|Any CPU
		{73A74ADF-6308-42A0-8BA6-2B5D53238546}.Release|x64.Deploy.0 = Release|Any CPU
	EndGlobalSection
	GlobalSection(SolutionProperties) = preSolution
		HideSolutionNode = FALSE
	EndGlobalSection
	GlobalSection(ExtensibilityGlobals) = postSolution
		SolutionGuid = {8DC1025D-67E4-4516-9412-96CA1C7F604A}
	EndGlobalSection
EndGlobal
