
Microsoft Visual Studio Solution File, Format Version 12.00
# Visual Studio 15
VisualStudioVersion = 15.0.27004.2005
MinimumVisualStudioVersion = 10.0.40219.1
Project("{9A19103F-16F7-4668-BE54-9A1E7A4F7556}") = "Fusee.Examples.MeshingAround.Desktop", "Desktop\Fusee.Examples.MeshingAround.Desktop.csproj", "{8C6DA13A-48C1-44D9-851D-A10B5251A50B}"
EndProject
Project("{9A19103F-16F7-4668-BE54-9A1E7A4F7556}") = "Fusee.Examples.MeshingAround.Core", "Core\Fusee.Examples.MeshingAround.Core.csproj", "{8D61F2EA-565F-427D-B285-A8CEBB3BC08F}"
EndProject
Project("{9A19103F-16F7-4668-BE54-9A1E7A4F7556}") = "Fusee.Examples.MeshingAround.Web", "Web\Fusee.Examples.MeshingAround.Web.csproj", "{1B2DBB9B-A929-4F67-ABEF-B8B12966B6B8}"
EndProject
Project("{FAE04EC0-301F-11D3-BF4B-00C04F79EFBC}") = "Fusee.Examples.MeshingAround.Android", "Android\Fusee.Examples.MeshingAround.Android.csproj", "{8E79A538-2A18-4A48-B39D-4BFC5829BDF9}"
EndProject
Global
	GlobalSection(SolutionConfigurationPlatforms) = preSolution
		Debug|Any CPU = Debug|Any CPU
		Release|Any CPU = Release|Any CPU
	EndGlobalSection
	GlobalSection(ProjectConfigurationPlatforms) = postSolution
		{8C6DA13A-48C1-44D9-851D-A10B5251A50B}.Debug|Any CPU.ActiveCfg = Debug|Any CPU
		{8C6DA13A-48C1-44D9-851D-A10B5251A50B}.Debug|Any CPU.Build.0 = Debug|Any CPU
		{8C6DA13A-48C1-44D9-851D-A10B5251A50B}.Release|Any CPU.ActiveCfg = Release|Any CPU
		{8C6DA13A-48C1-44D9-851D-A10B5251A50B}.Release|Any CPU.Build.0 = Release|Any CPU
		{8D61F2EA-565F-427D-B285-A8CEBB3BC08F}.Debug|Any CPU.ActiveCfg = Debug|Any CPU
		{8D61F2EA-565F-427D-B285-A8CEBB3BC08F}.Debug|Any CPU.Build.0 = Debug|Any CPU
		{8D61F2EA-565F-427D-B285-A8CEBB3BC08F}.Release|Any CPU.ActiveCfg = Release|Any CPU
		{8D61F2EA-565F-427D-B285-A8CEBB3BC08F}.Release|Any CPU.Build.0 = Release|Any CPU
		{1B2DBB9B-A929-4F67-ABEF-B8B12966B6B8}.Debug|Any CPU.ActiveCfg = Debug|Any CPU
		{1B2DBB9B-A929-4F67-ABEF-B8B12966B6B8}.Debug|Any CPU.Build.0 = Debug|Any CPU
		{1B2DBB9B-A929-4F67-ABEF-B8B12966B6B8}.Release|Any CPU.ActiveCfg = Release|Any CPU
		{1B2DBB9B-A929-4F67-ABEF-B8B12966B6B8}.Release|Any CPU.Build.0 = Release|Any CPU
		{8E79A538-2A18-4A48-B39D-4BFC5829BDF9}.Debug|Any CPU.ActiveCfg = Debug|Any CPU
		{8E79A538-2A18-4A48-B39D-4BFC5829BDF9}.Debug|Any CPU.Build.0 = Debug|Any CPU
		{8E79A538-2A18-4A48-B39D-4BFC5829BDF9}.Debug|Any CPU.Deploy.0 = Debug|Any CPU
		{8E79A538-2A18-4A48-B39D-4BFC5829BDF9}.Release|Any CPU.ActiveCfg = Release|Any CPU
		{8E79A538-2A18-4A48-B39D-4BFC5829BDF9}.Release|Any CPU.Build.0 = Release|Any CPU
		{8E79A538-2A18-4A48-B39D-4BFC5829BDF9}.Release|Any CPU.Deploy.0 = Release|Any CPU
	EndGlobalSection
	GlobalSection(SolutionProperties) = preSolution
		HideSolutionNode = FALSE
	EndGlobalSection
	GlobalSection(ExtensibilityGlobals) = postSolution
		SolutionGuid = {7AF4F94A-25B4-4F16-9428-C0ED00BD401B}
	EndGlobalSection
EndGlobal
