
Microsoft Visual Studio Solution File, Format Version 12.00
# Visual Studio 15
VisualStudioVersion = 15.0.27004.2005
MinimumVisualStudioVersion = 10.0.40219.1
Project("{FAE04EC0-301F-11D3-BF4B-00C04F79EFBC}") = "Fusee.Engine.Examples.Bump.Android", "Android\Fusee.Engine.Examples.Bump.Android.csproj", "{92F6C1B2-636A-4031-BDAB-29F12A45730E}"
EndProject
Project("{FAE04EC0-301F-11D3-BF4B-00C04F79EFBC}") = "Fusee.Engine.Examples.Bump.Core", "Core\Fusee.Engine.Examples.Bump.Core.csproj", "{B2967779-27B5-4E42-B680-F093F44329B3}"
EndProject
Project("{FAE04EC0-301F-11D3-BF4B-00C04F79EFBC}") = "Fusee.Engine.Examples.Bump.Desktop", "Desktop\Fusee.Engine.Examples.Bump.Desktop.csproj", "{72CA32ED-EB17-48FC-956A-CA8DB4743F84}"
EndProject
Project("{FAE04EC0-301F-11D3-BF4B-00C04F79EFBC}") = "Fusee.Engine.Examples.Bump.Web", "Web\Fusee.Engine.Examples.Bump.Web.csproj", "{B607076F-4CCC-41A4-A644-FD734EE56AC6}"
EndProject
Global
	GlobalSection(SolutionConfigurationPlatforms) = preSolution
		Debug|Any CPU = Debug|Any CPU
		Debug|x64 = Debug|x64
		Release|Any CPU = Release|Any CPU
		Release|x64 = Release|x64
	EndGlobalSection
	GlobalSection(ProjectConfigurationPlatforms) = postSolution
		{92F6C1B2-636A-4031-BDAB-29F12A45730E}.Debug|Any CPU.ActiveCfg = Debug|Any CPU
		{92F6C1B2-636A-4031-BDAB-29F12A45730E}.Debug|Any CPU.Build.0 = Debug|Any CPU
		{92F6C1B2-636A-4031-BDAB-29F12A45730E}.Debug|Any CPU.Deploy.0 = Debug|Any CPU
		{92F6C1B2-636A-4031-BDAB-29F12A45730E}.Debug|x64.ActiveCfg = Debug|Any CPU
		{92F6C1B2-636A-4031-BDAB-29F12A45730E}.Debug|x64.Build.0 = Debug|Any CPU
		{92F6C1B2-636A-4031-BDAB-29F12A45730E}.Debug|x64.Deploy.0 = Debug|Any CPU
		{92F6C1B2-636A-4031-BDAB-29F12A45730E}.Release|Any CPU.ActiveCfg = Release|Any CPU
		{92F6C1B2-636A-4031-BDAB-29F12A45730E}.Release|Any CPU.Build.0 = Release|Any CPU
		{92F6C1B2-636A-4031-BDAB-29F12A45730E}.Release|Any CPU.Deploy.0 = Release|Any CPU
		{92F6C1B2-636A-4031-BDAB-29F12A45730E}.Release|x64.ActiveCfg = Release|Any CPU
		{92F6C1B2-636A-4031-BDAB-29F12A45730E}.Release|x64.Build.0 = Release|Any CPU
		{92F6C1B2-636A-4031-BDAB-29F12A45730E}.Release|x64.Deploy.0 = Release|Any CPU
		{B2967779-27B5-4E42-B680-F093F44329B3}.Debug|Any CPU.ActiveCfg = Debug|Any CPU
		{B2967779-27B5-4E42-B680-F093F44329B3}.Debug|Any CPU.Build.0 = Debug|Any CPU
		{B2967779-27B5-4E42-B680-F093F44329B3}.Debug|x64.ActiveCfg = Debug|Any CPU
		{B2967779-27B5-4E42-B680-F093F44329B3}.Debug|x64.Build.0 = Debug|Any CPU
		{B2967779-27B5-4E42-B680-F093F44329B3}.Release|Any CPU.ActiveCfg = Release|Any CPU
		{B2967779-27B5-4E42-B680-F093F44329B3}.Release|Any CPU.Build.0 = Release|Any CPU
		{B2967779-27B5-4E42-B680-F093F44329B3}.Release|x64.ActiveCfg = Release|Any CPU
		{B2967779-27B5-4E42-B680-F093F44329B3}.Release|x64.Build.0 = Release|Any CPU
		{72CA32ED-EB17-48FC-956A-CA8DB4743F84}.Debug|Any CPU.ActiveCfg = Debug|x64
		{72CA32ED-EB17-48FC-956A-CA8DB4743F84}.Debug|Any CPU.Build.0 = Debug|x64
		{72CA32ED-EB17-48FC-956A-CA8DB4743F84}.Debug|x64.ActiveCfg = Debug|x64
		{72CA32ED-EB17-48FC-956A-CA8DB4743F84}.Debug|x64.Build.0 = Debug|x64
		{72CA32ED-EB17-48FC-956A-CA8DB4743F84}.Release|Any CPU.ActiveCfg = Release|x64
		{72CA32ED-EB17-48FC-956A-CA8DB4743F84}.Release|x64.ActiveCfg = Release|x64
		{72CA32ED-EB17-48FC-956A-CA8DB4743F84}.Release|x64.Build.0 = Release|x64
		{B607076F-4CCC-41A4-A644-FD734EE56AC6}.Debug|Any CPU.ActiveCfg = Debug|x64
		{B607076F-4CCC-41A4-A644-FD734EE56AC6}.Debug|Any CPU.Build.0 = Debug|x64
		{B607076F-4CCC-41A4-A644-FD734EE56AC6}.Debug|x64.ActiveCfg = Debug|x64
		{B607076F-4CCC-41A4-A644-FD734EE56AC6}.Debug|x64.Build.0 = Debug|x64
		{B607076F-4CCC-41A4-A644-FD734EE56AC6}.Release|Any CPU.ActiveCfg = Release|x64
		{B607076F-4CCC-41A4-A644-FD734EE56AC6}.Release|x64.ActiveCfg = Release|x64
		{B607076F-4CCC-41A4-A644-FD734EE56AC6}.Release|x64.Build.0 = Release|x64
	EndGlobalSection
	GlobalSection(SolutionProperties) = preSolution
		HideSolutionNode = FALSE
	EndGlobalSection
	GlobalSection(ExtensibilityGlobals) = postSolution
		SolutionGuid = {B0AECF28-F48E-4A89-B1E7-E2A940F086D1}
	EndGlobalSection
EndGlobal
