// !$*UTF8*$!
{
	archiveVersion = 1;
	classes = {
	};
	objectVersion = 46;
	objects = {

/* Begin PBXBuildFile section */
		7B7A1BEC1584E121007C9F44 /* ObjectDataM.cpp in Sources */ = {isa = PBXBuildFile; fileRef = 7B7A1BE11584E121007C9F44 /* ObjectDataM.cpp */; };
		7B7A1BED1584E121007C9F44 /* ObjectDataM.h in Headers */ = {isa = PBXBuildFile; fileRef = 7B7A1BE21584E121007C9F44 /* ObjectDataM.h */; };
		7B7A1BF41584E121007C9F44 /* main.cpp in Sources */ = {isa = PBXBuildFile; fileRef = 7B7A1BEB1584E121007C9F44 /* main.cpp */; };
/* End PBXBuildFile section */

/* Begin PBXFileReference section */
		7B7A1BE11584E121007C9F44 /* ObjectDataM.cpp */ = {isa = PBXFileReference; fileEncoding = 4; lastKnownFileType = sourcecode.cpp.cpp; path = ObjectDataM.cpp; sourceTree = "<group>"; };
		7B7A1BE21584E121007C9F44 /* ObjectDataM.h */ = {isa = PBXFileReference; fileEncoding = 4; lastKnownFileType = sourcecode.c.h; path = ObjectDataM.h; sourceTree = "<group>"; };
		7B7A1BE61584E121007C9F44 /* mono.def */ = {isa = PBXFileReference; fileEncoding = 4; lastKnownFileType = text; path = mono.def; sourceTree = "<group>"; };
		7B7A1BEB1584E121007C9F44 /* main.cpp */ = {isa = PBXFileReference; fileEncoding = 4; lastKnownFileType = sourcecode.cpp.cpp; path = main.cpp; sourceTree = "<group>"; };
		7BE6FF0A1632C0A3003641FD /* MacOSX_x86_Native.dylib */ = {isa = PBXFileReference; explicitFileType = "compiled.mach-o.dylib"; includeInIndex = 0; name = MacOSX_x86_Native.dylib; path = build/Debug/MacOSX_x86_Native.dylib; sourceTree = "<group>"; };
/* End PBXFileReference section */

/* Begin PBXFrameworksBuildPhase section */
		7B7A1BD31584DF03007C9F44 /* Frameworks */ = {
			isa = PBXFrameworksBuildPhase;
			buildActionMask = 2147483647;
			files = (
			);
			runOnlyForDeploymentPostprocessing = 0;
		};
/* End PBXFrameworksBuildPhase section */

/* Begin PBXGroup section */
		7B7A1BCB1584DF02007C9F44 = {
			isa = PBXGroup;
			children = (
				7BE6FF041632C04D003641FD /* Resources */,
				7BE6FF011632C028003641FD /* Source */,
				7B7A1BE01584E121007C9F44 /* C4dApiExtensions */,
				7B7A1BD71584DF03007C9F44 /* Products */,
			);
			sourceTree = "<group>";
		};
		7B7A1BD71584DF03007C9F44 /* Products */ = {
			isa = PBXGroup;
			children = (
				7BE6FF0A1632C0A3003641FD /* MacOSX_x86_Native.dylib */,
			);
			name = Products;
			sourceTree = "<group>";
		};
		7B7A1BE01584E121007C9F44 /* C4dApiExtensions */ = {
			isa = PBXGroup;
			children = (
				7B7A1BE11584E121007C9F44 /* ObjectDataM.cpp */,
				7B7A1BE21584E121007C9F44 /* ObjectDataM.h */,
			);
			path = C4dApiExtensions;
			sourceTree = "<group>";
		};
		7BE6FF011632C028003641FD /* Source */ = {
			isa = PBXGroup;
			children = (
				7B7A1BEB1584E121007C9F44 /* main.cpp */,
			);
			name = Source;
			sourceTree = "<group>";
		};
		7BE6FF041632C04D003641FD /* Resources */ = {
			isa = PBXGroup;
			children = (
				7B7A1BE61584E121007C9F44 /* mono.def */,
			);
			name = Resources;
			sourceTree = "<group>";
		};
/* End PBXGroup section */

/* Begin PBXHeadersBuildPhase section */
		7B7A1BD41584DF03007C9F44 /* Headers */ = {
			isa = PBXHeadersBuildPhase;
			buildActionMask = 2147483647;
			files = (
				7B7A1BED1584E121007C9F44 /* ObjectDataM.h in Headers */,
			);
			runOnlyForDeploymentPostprocessing = 0;
		};
/* End PBXHeadersBuildPhase section */

/* Begin PBXNativeTarget section */
		7B7A1BD51584DF03007C9F44 /* MacOSX_x86_Native */ = {
			isa = PBXNativeTarget;
			buildConfigurationList = 7B7A1BDA1584DF03007C9F44 /* Build configuration list for PBXNativeTarget "MacOSX_x86_Native" */;
			buildPhases = (
				7B7A1BD21584DF03007C9F44 /* Sources */,
				7B7A1BD31584DF03007C9F44 /* Frameworks */,
				7B7A1BD41584DF03007C9F44 /* Headers */,
			);
			buildRules = (
			);
			dependencies = (
			);
			name = MacOSX_x86_Native;
			productName = Fusee_Native;
			productReference = 7BE6FF0A1632C0A3003641FD /* MacOSX_x86_Native.dylib */;
			productType = "com.apple.product-type.library.dynamic";
		};
/* End PBXNativeTarget section */

/* Begin PBXProject section */
		7B7A1BCD1584DF02007C9F44 /* Project object */ = {
			isa = PBXProject;
			attributes = {
				LastUpgradeCheck = 0430;
				ORGANIZATIONNAME = "HFU Furtwangen";
			};
			buildConfigurationList = 7B7A1BD01584DF02007C9F44 /* Build configuration list for PBXProject "MacOSX_x86_Native" */;
			compatibilityVersion = "Xcode 3.2";
			developmentRegion = English;
			hasScannedForEncodings = 0;
			knownRegions = (
				en,
			);
			mainGroup = 7B7A1BCB1584DF02007C9F44;
			productRefGroup = 7B7A1BD71584DF03007C9F44 /* Products */;
			projectDirPath = "";
			projectRoot = "";
			targets = (
				7B7A1BD51584DF03007C9F44 /* MacOSX_x86_Native */,
			);
		};
/* End PBXProject section */

/* Begin PBXSourcesBuildPhase section */
		7B7A1BD21584DF03007C9F44 /* Sources */ = {
			isa = PBXSourcesBuildPhase;
			buildActionMask = 2147483647;
			files = (
				7B7A1BEC1584E121007C9F44 /* ObjectDataM.cpp in Sources */,
				7B7A1BF41584E121007C9F44 /* main.cpp in Sources */,
			);
			runOnlyForDeploymentPostprocessing = 0;
		};
/* End PBXSourcesBuildPhase section */

/* Begin XCBuildConfiguration section */
		7B7A1BD81584DF03007C9F44 /* Debug */ = {
			isa = XCBuildConfiguration;
			buildSettings = {
				"ADDITIONAL_SDKS[arch=i386]" = "";
				ALWAYS_SEARCH_USER_PATHS = NO;
				ARCHS = "$(ARCHS_STANDARD_32_BIT)";
				CLANG_ENABLE_OBJC_ARC = YES;
				COPY_PHASE_STRIP = YES;
				FRAMEWORK_SEARCH_PATHS = (
					/Library/Frameworks/Mono.framework/Versions/2.10.9/,
					/Development/MAXON/CINEMA4DR13/resource,
				);
				GCC_C_LANGUAGE_STANDARD = "compiler-default";
				GCC_DYNAMIC_NO_PIC = NO;
				GCC_ENABLE_OBJC_EXCEPTIONS = NO;
				GCC_OPTIMIZATION_LEVEL = 0;
				GCC_PREPROCESSOR_DEFINITIONS = (
					"DEBUG=1",
					"$(inherited)",
					__MAC,
				);
				GCC_SYMBOLS_PRIVATE_EXTERN = NO;
				GCC_VERSION = 4.2;
				GCC_WARN_64_TO_32_BIT_CONVERSION = NO;
				GCC_WARN_ABOUT_DEPRECATED_FUNCTIONS = NO;
				GCC_WARN_ABOUT_RETURN_TYPE = YES;
				GCC_WARN_UNINITIALIZED_AUTOS = YES;
				GCC_WARN_UNUSED_VARIABLE = NO;
				HEADER_SEARCH_PATHS = (
					/Development/MAXON/CINEMA4DR13/resource,
					/Development/MAXON/CINEMA4DR13/resource/res,
					/Development/MAXON/CINEMA4DR13/resource/res/description,
					/Development/MAXON/CINEMA4DR13/resource/_api_maxon/source,
					/Development/MAXON/CINEMA4DR13/resource/modules/objects/res/description,
					/Development/MAXON/CINEMA4DR13/resource/modules/Modeling/res/description,
					/Development/MAXON/CINEMA4DR13/resource/modules/gv/expressiontag/res/description,
					/Development/MAXON/CINEMA4DR13/resource/_api/c4d_gv,
					/Development/MAXON/CINEMA4DR13/resource/_api/c4d_libs,
					/Development/MAXON/CINEMA4DR13/resource/_api/c4d_customgui,
					/Development/MAXON/CINEMA4DR13/resource/_api/c4d_preview,
					/Development/MAXON/CINEMA4DR13/resource/_api,
					/Development/MAXON/CINEMA4DR13/resource/_api_lib,
					"/Library/Frameworks/Mono.framework/Versions/2.10.9/include/mono-2.0",
					"/Library/Frameworks/Mono.framework/Versions/2.10.9/include/glib-2.0",
					"/Library/Frameworks/Mono.framework/Versions/2.10.9/lib/glib-2.0/include",
					C4dApiExtensions,
				);
				INSTALL_PATH = "";
				LIBRARY_SEARCH_PATHS = "";
				MACH_O_TYPE = staticlib;
				MACOSX_DEPLOYMENT_TARGET = 10.7;
				ONLY_ACTIVE_ARCH = YES;
				SDKROOT = "";
			};
			name = Debug;
		};
		7B7A1BD91584DF03007C9F44 /* Release */ = {
			isa = XCBuildConfiguration;
			buildSettings = {
				"ADDITIONAL_SDKS[arch=i386]" = "";
				ALWAYS_SEARCH_USER_PATHS = NO;
				ARCHS = "$(ARCHS_STANDARD_32_BIT)";
				CLANG_ENABLE_OBJC_ARC = YES;
				COPY_PHASE_STRIP = YES;
				DEBUG_INFORMATION_FORMAT = "dwarf-with-dsym";
				FRAMEWORK_SEARCH_PATHS = (
					/Library/Frameworks/Mono.framework/Versions/2.10.9/,
					/Development/MAXON/CINEMA4DR13/resource,
				);
				GCC_C_LANGUAGE_STANDARD = "compiler-default";
				GCC_ENABLE_OBJC_EXCEPTIONS = NO;
				GCC_PREPROCESSOR_DEFINITIONS = (
					"$(inherited)",
					__MAC,
				);
				GCC_VERSION = 4.2;
				GCC_WARN_64_TO_32_BIT_CONVERSION = NO;
				GCC_WARN_ABOUT_DEPRECATED_FUNCTIONS = NO;
				GCC_WARN_ABOUT_RETURN_TYPE = YES;
				GCC_WARN_UNINITIALIZED_AUTOS = YES;
				GCC_WARN_UNUSED_VARIABLE = NO;
				HEADER_SEARCH_PATHS = (
					/Development/MAXON/CINEMA4DR13/resource,
					/Development/MAXON/CINEMA4DR13/resource/res,
					/Development/MAXON/CINEMA4DR13/resource/res/description,
					/Development/MAXON/CINEMA4DR13/resource/_api_maxon/source,
					/Development/MAXON/CINEMA4DR13/resource/modules/objects/res/description,
					/Development/MAXON/CINEMA4DR13/resource/modules/Modeling/res/description,
					/Development/MAXON/CINEMA4DR13/resource/modules/gv/expressiontag/res/description,
					/Development/MAXON/CINEMA4DR13/resource/_api/c4d_gv,
					/Development/MAXON/CINEMA4DR13/resource/_api/c4d_libs,
					/Development/MAXON/CINEMA4DR13/resource/_api/c4d_customgui,
					/Development/MAXON/CINEMA4DR13/resource/_api/c4d_preview,
					/Development/MAXON/CINEMA4DR13/resource/_api,
					/Development/MAXON/CINEMA4DR13/resource/_api_lib,
					"/Library/Frameworks/Mono.framework/Versions/2.10.9/include/mono-2.0",
					"/Library/Frameworks/Mono.framework/Versions/2.10.9/include/glib-2.0",
					"/Library/Frameworks/Mono.framework/Versions/2.10.9/lib/glib-2.0/include",
					C4dApiExtensions,
				);
				INSTALL_PATH = "";
				LIBRARY_SEARCH_PATHS = "";
				MACH_O_TYPE = staticlib;
				MACOSX_DEPLOYMENT_TARGET = 10.7;
				ONLY_ACTIVE_ARCH = YES;
				SDKROOT = "";
			};
			name = Release;
		};
		7B7A1BDB1584DF03007C9F44 /* Debug */ = {
			isa = XCBuildConfiguration;
			buildSettings = {
				ARCHS = "$(NATIVE_ARCH_ACTUAL)";
				C4D_ROOTDIR = ../..;
				CURRENT_PROJECT_VERSION = 1;
				DEBUG_INFORMATION_FORMAT = dwarf;
				DSTROOT = "$(SYMROOT)";
				FRAMEWORK_SEARCH_PATHS = (
					/Library/Frameworks/Mono.framework/Versions/2.10.9/,
					"/Development/MAXON/CINEMA4DR13/resource/**",
				);
				GCC_VERSION = 4.2;
				HEADER_SEARCH_PATHS = (
					/Development/MAXON/CINEMA4DR13/resource,
					/Development/MAXON/CINEMA4DR13/resource/res,
					/Development/MAXON/CINEMA4DR13/resource/res/description,
					/Development/MAXON/CINEMA4DR13/resource/_api_maxon/source,
					/Development/MAXON/CINEMA4DR13/resource/modules/objects/res/description,
					/Development/MAXON/CINEMA4DR13/resource/modules/Modeling/res/description,
					/Development/MAXON/CINEMA4DR13/resource/modules/gv/expressiontag/res/description,
					/Development/MAXON/CINEMA4DR13/resource/_api/c4d_gv,
					/Development/MAXON/CINEMA4DR13/resource/_api/c4d_libs,
					/Development/MAXON/CINEMA4DR13/resource/_api/c4d_customgui,
					/Development/MAXON/CINEMA4DR13/resource/_api/c4d_preview,
					/Development/MAXON/CINEMA4DR13/resource/_api,
					/Development/MAXON/CINEMA4DR13/resource/_api_lib,
					"/Library/Frameworks/Mono.framework/Versions/2.10.9/include/mono-2.0",
					"/Library/Frameworks/Mono.framework/Versions/2.10.9/include/glib-2.0",
					"/Library/Frameworks/Mono.framework/Versions/2.10.9/lib/glib-2.0/include",
					C4dApiExtensions,
				);
				INSTALL_PATH = "";
				LIBRARY_SEARCH_PATHS = (
					"$(inherited)",
					"\"$(SRCROOT)\"",
				);
				MACH_O_TYPE = mh_dylib;
				ONLY_ACTIVE_ARCH = NO;
				PRODUCT_DEFINITION_PLIST = "";
				PRODUCT_NAME = MacOSX_x86_Native;
			};
			name = Debug;
		};
		7B7A1BDC1584DF03007C9F44 /* Release */ = {
			isa = XCBuildConfiguration;
			buildSettings = {
				ARCHS = "$(NATIVE_ARCH_ACTUAL)";
				C4D_ROOTDIR = ../..;
				CURRENT_PROJECT_VERSION = 1;
				DEBUG_INFORMATION_FORMAT = dwarf;
				DSTROOT = "$(SYMROOT)";
				FRAMEWORK_SEARCH_PATHS = (
					/Library/Frameworks/Mono.framework/Versions/2.10.9/,
					"/Development/MAXON/CINEMA4DR13/resource/**",
				);
				GCC_VERSION = 4.2;
				HEADER_SEARCH_PATHS = (
					/Development/MAXON/CINEMA4DR13/resource,
					/Development/MAXON/CINEMA4DR13/resource/res,
					/Development/MAXON/CINEMA4DR13/resource/res/description,
					/Development/MAXON/CINEMA4DR13/resource/_api_maxon/source,
					/Development/MAXON/CINEMA4DR13/resource/modules/objects/res/description,
					/Development/MAXON/CINEMA4DR13/resource/modules/Modeling/res/description,
					/Development/MAXON/CINEMA4DR13/resource/modules/gv/expressiontag/res/description,
					/Development/MAXON/CINEMA4DR13/resource/_api/c4d_gv,
					/Development/MAXON/CINEMA4DR13/resource/_api/c4d_libs,
					/Development/MAXON/CINEMA4DR13/resource/_api/c4d_customgui,
					/Development/MAXON/CINEMA4DR13/resource/_api/c4d_preview,
					/Development/MAXON/CINEMA4DR13/resource/_api,
					/Development/MAXON/CINEMA4DR13/resource/_api_lib,
					"/Library/Frameworks/Mono.framework/Versions/2.10.9/include/mono-2.0",
					"/Library/Frameworks/Mono.framework/Versions/2.10.9/include/glib-2.0",
					"/Library/Frameworks/Mono.framework/Versions/2.10.9/lib/glib-2.0/include",
					C4dApiExtensions,
				);
				INSTALL_PATH = "";
				LIBRARY_SEARCH_PATHS = (
					"$(inherited)",
					"\"$(SRCROOT)\"",
				);
				MACH_O_TYPE = mh_dylib;
				ONLY_ACTIVE_ARCH = NO;
				PRODUCT_DEFINITION_PLIST = "";
				PRODUCT_NAME = MacOSX_x86_Native;
			};
			name = Release;
		};
/* End XCBuildConfiguration section */

/* Begin XCConfigurationList section */
		7B7A1BD01584DF02007C9F44 /* Build configuration list for PBXProject "MacOSX_x86_Native" */ = {
			isa = XCConfigurationList;
			buildConfigurations = (
				7B7A1BD81584DF03007C9F44 /* Debug */,
				7B7A1BD91584DF03007C9F44 /* Release */,
			);
			defaultConfigurationIsVisible = 0;
			defaultConfigurationName = Release;
		};
		7B7A1BDA1584DF03007C9F44 /* Build configuration list for PBXNativeTarget "MacOSX_x86_Native" */ = {
			isa = XCConfigurationList;
			buildConfigurations = (
				7B7A1BDB1584DF03007C9F44 /* Debug */,
				7B7A1BDC1584DF03007C9F44 /* Release */,
			);
			defaultConfigurationIsVisible = 0;
			defaultConfigurationName = Release;
		};
/* End XCConfigurationList section */
	};
	rootObject = 7B7A1BCD1584DF02007C9F44 /* Project object */;
}
