
Microsoft Visual Studio Solution File, Format Version 12.00
# Visual Studio 2013
VisualStudioVersion = 12.0.21005.1
MinimumVisualStudioVersion = 10.0.40219.1
Project("{8BC9CEB8-8B4A-11D0-8D11-00A0C91BC942}") = "Native", "Native\Native.vcxproj", "{021EB697-2611-4E9F-ADA6-07D14F5538DD}"
	ProjectSection(ProjectDependencies) = postProject
		{DF2CEF11-FC94-4D78-BC42-004720BC5C87} = {DF2CEF11-FC94-4D78-BC42-004720BC5C87}
		{79887256-FE11-4281-A76A-1A9C712C0B96} = {79887256-FE11-4281-A76A-1A9C712C0B96}
	EndProjectSection
EndProject
Project("{8BC9CEB8-8B4A-11D0-8D11-00A0C91BC942}") = "Bridge", "Bridge\Bridge.vcxproj", "{79887256-FE11-4281-A76A-1A9C712C0B96}"
	ProjectSection(ProjectDependencies) = postProject
		{6BC54C31-AA63-4F56-9675-DF866A64CC03} = {6BC54C31-AA63-4F56-9675-DF866A64CC03}
	EndProjectSection
EndProject
Project("{8BC9CEB8-8B4A-11D0-8D11-00A0C91BC942}") = "Swig", "Swig\Swig.vcxproj", "{DF2CEF11-FC94-4D78-BC42-004720BC5C87}"
EndProject
Project("{FAE04EC0-301F-11D3-BF4B-00C04F79EFBC}") = "C4d", "C4d\C4d.csproj", "{6BC54C31-AA63-4F56-9675-DF866A64CC03}"
EndProject
Project("{FAE04EC0-301F-11D3-BF4B-00C04F79EFBC}") = "YourManagedPlugin", "YourManagedPlugin\YourManagedPlugin.csproj", "{81FD2F51-D1A1-48B6-AE6E-F2978A322DCB}"
EndProject
Project("{FAE04EC0-301F-11D3-BF4B-00C04F79EFBC}") = "DoubleCircle", "DoubleCircle\DoubleCircle.csproj", "{86EED8AB-16C8-410F-8C63-9A0CBD9B31B2}"
EndProject
Project("{FAE04EC0-301F-11D3-BF4B-00C04F79EFBC}") = "RigPlugin", "Biped\RigPlugin.csproj", "{F5911A70-0497-4202-9FCC-E3C3454E82A7}"
EndProject
Project("{2150E333-8FDC-42A3-9474-1A3956D46DE8}") = "Math", "Math", "{D497D280-E234-45E5-BAB2-A0FA1D1A47BE}"
EndProject
Project("{FAE04EC0-301F-11D3-BF4B-00C04F79EFBC}") = "Math.Core", "..\..\Math\Core\Math.Core.csproj", "{E95FA1C8-6491-4B4B-BBE1-EDA6B16B2C6A}"
EndProject
Project("{FAE04EC0-301F-11D3-BF4B-00C04F79EFBC}") = "Conversion", "..\..\Math\Conversion\Conversion.csproj", "{23BE5303-B821-4A19-9A9C-C498B3D1F0AD}"
EndProject
Project("{FAE04EC0-301F-11D3-BF4B-00C04F79EFBC}") = "FuExport", "FuExport\FuExport.csproj", "{40A75274-D7A7-4DC6-AA77-BB45893EDDDF}"
EndProject
Global
	GlobalSection(SolutionConfigurationPlatforms) = preSolution
		Debug|Win32 = Debug|Win32
		Debug|x64 = Debug|x64
		Debug+Web|Win32 = Debug+Web|Win32
		Debug+Web|x64 = Debug+Web|x64
		Release|Win32 = Release|Win32
		Release|x64 = Release|x64
	EndGlobalSection
	GlobalSection(ProjectConfigurationPlatforms) = postSolution
		{021EB697-2611-4E9F-ADA6-07D14F5538DD}.Debug|Win32.ActiveCfg = Debug|Win32
		{021EB697-2611-4E9F-ADA6-07D14F5538DD}.Debug|Win32.Build.0 = Debug|Win32
		{021EB697-2611-4E9F-ADA6-07D14F5538DD}.Debug|x64.ActiveCfg = Debug|x64
		{021EB697-2611-4E9F-ADA6-07D14F5538DD}.Debug|x64.Build.0 = Debug|x64
		{021EB697-2611-4E9F-ADA6-07D14F5538DD}.Debug+Web|Win32.ActiveCfg = Debug|Win32
		{021EB697-2611-4E9F-ADA6-07D14F5538DD}.Debug+Web|Win32.Build.0 = Debug|Win32
		{021EB697-2611-4E9F-ADA6-07D14F5538DD}.Debug+Web|x64.ActiveCfg = Debug|x64
		{021EB697-2611-4E9F-ADA6-07D14F5538DD}.Debug+Web|x64.Build.0 = Debug|x64
		{021EB697-2611-4E9F-ADA6-07D14F5538DD}.Release|Win32.ActiveCfg = Release|x64
		{021EB697-2611-4E9F-ADA6-07D14F5538DD}.Release|x64.ActiveCfg = Release|x64
		{021EB697-2611-4E9F-ADA6-07D14F5538DD}.Release|x64.Build.0 = Release|x64
		{79887256-FE11-4281-A76A-1A9C712C0B96}.Debug|Win32.ActiveCfg = Debug|Win32
		{79887256-FE11-4281-A76A-1A9C712C0B96}.Debug|Win32.Build.0 = Debug|Win32
		{79887256-FE11-4281-A76A-1A9C712C0B96}.Debug|x64.ActiveCfg = Debug|x64
		{79887256-FE11-4281-A76A-1A9C712C0B96}.Debug|x64.Build.0 = Debug|x64
		{79887256-FE11-4281-A76A-1A9C712C0B96}.Debug+Web|Win32.ActiveCfg = Debug|Win32
		{79887256-FE11-4281-A76A-1A9C712C0B96}.Debug+Web|x64.ActiveCfg = Debug|x64
		{79887256-FE11-4281-A76A-1A9C712C0B96}.Release|Win32.ActiveCfg = Release|x64
		{79887256-FE11-4281-A76A-1A9C712C0B96}.Release|x64.ActiveCfg = Release|x64
		{79887256-FE11-4281-A76A-1A9C712C0B96}.Release|x64.Build.0 = Release|x64
		{DF2CEF11-FC94-4D78-BC42-004720BC5C87}.Debug|Win32.ActiveCfg = Debug|Win32
		{DF2CEF11-FC94-4D78-BC42-004720BC5C87}.Debug|Win32.Build.0 = Debug|Win32
		{DF2CEF11-FC94-4D78-BC42-004720BC5C87}.Debug|x64.ActiveCfg = Debug|x64
		{DF2CEF11-FC94-4D78-BC42-004720BC5C87}.Debug|x64.Build.0 = Debug|x64
		{DF2CEF11-FC94-4D78-BC42-004720BC5C87}.Debug+Web|Win32.ActiveCfg = Debug|Win32
		{DF2CEF11-FC94-4D78-BC42-004720BC5C87}.Debug+Web|Win32.Build.0 = Debug|Win32
		{DF2CEF11-FC94-4D78-BC42-004720BC5C87}.Debug+Web|x64.ActiveCfg = Debug|x64
		{DF2CEF11-FC94-4D78-BC42-004720BC5C87}.Debug+Web|x64.Build.0 = Debug|x64
		{DF2CEF11-FC94-4D78-BC42-004720BC5C87}.Release|Win32.ActiveCfg = Release|x64
		{DF2CEF11-FC94-4D78-BC42-004720BC5C87}.Release|x64.ActiveCfg = Release|x64
		{DF2CEF11-FC94-4D78-BC42-004720BC5C87}.Release|x64.Build.0 = Release|x64
		{6BC54C31-AA63-4F56-9675-DF866A64CC03}.Debug|Win32.ActiveCfg = Debug|x86
		{6BC54C31-AA63-4F56-9675-DF866A64CC03}.Debug|Win32.Build.0 = Debug|x86
		{6BC54C31-AA63-4F56-9675-DF866A64CC03}.Debug|x64.ActiveCfg = Debug|x64
		{6BC54C31-AA63-4F56-9675-DF866A64CC03}.Debug|x64.Build.0 = Debug|x64
		{6BC54C31-AA63-4F56-9675-DF866A64CC03}.Debug+Web|Win32.ActiveCfg = Debug|x86
		{6BC54C31-AA63-4F56-9675-DF866A64CC03}.Debug+Web|Win32.Build.0 = Debug|x86
		{6BC54C31-AA63-4F56-9675-DF866A64CC03}.Debug+Web|x64.ActiveCfg = Debug|x64
		{6BC54C31-AA63-4F56-9675-DF866A64CC03}.Debug+Web|x64.Build.0 = Debug|x64
		{6BC54C31-AA63-4F56-9675-DF866A64CC03}.Release|Win32.ActiveCfg = Release|x86
		{6BC54C31-AA63-4F56-9675-DF866A64CC03}.Release|Win32.Build.0 = Release|x86
		{6BC54C31-AA63-4F56-9675-DF866A64CC03}.Release|x64.ActiveCfg = Release|x64
		{6BC54C31-AA63-4F56-9675-DF866A64CC03}.Release|x64.Build.0 = Release|x64
		{81FD2F51-D1A1-48B6-AE6E-F2978A322DCB}.Debug|Win32.ActiveCfg = Debug|Any CPU
		{81FD2F51-D1A1-48B6-AE6E-F2978A322DCB}.Debug|x64.ActiveCfg = Debug|Any CPU
		{81FD2F51-D1A1-48B6-AE6E-F2978A322DCB}.Debug+Web|Win32.ActiveCfg = Debug|Any CPU
		{81FD2F51-D1A1-48B6-AE6E-F2978A322DCB}.Debug+Web|x64.ActiveCfg = Debug|Any CPU
		{81FD2F51-D1A1-48B6-AE6E-F2978A322DCB}.Release|Win32.ActiveCfg = Release|Any CPU
		{81FD2F51-D1A1-48B6-AE6E-F2978A322DCB}.Release|x64.ActiveCfg = Release|Any CPU
		{81FD2F51-D1A1-48B6-AE6E-F2978A322DCB}.Release|x64.Build.0 = Release|Any CPU
		{86EED8AB-16C8-410F-8C63-9A0CBD9B31B2}.Debug|Win32.ActiveCfg = Debug|Any CPU
		{86EED8AB-16C8-410F-8C63-9A0CBD9B31B2}.Debug|x64.ActiveCfg = Debug|Any CPU
		{86EED8AB-16C8-410F-8C63-9A0CBD9B31B2}.Debug+Web|Win32.ActiveCfg = Debug|Any CPU
		{86EED8AB-16C8-410F-8C63-9A0CBD9B31B2}.Debug+Web|x64.ActiveCfg = Debug|Any CPU
		{86EED8AB-16C8-410F-8C63-9A0CBD9B31B2}.Release|Win32.ActiveCfg = Release|Any CPU
		{86EED8AB-16C8-410F-8C63-9A0CBD9B31B2}.Release|x64.ActiveCfg = Release|Any CPU
		{F5911A70-0497-4202-9FCC-E3C3454E82A7}.Debug|Win32.ActiveCfg = Debug|Any CPU
		{F5911A70-0497-4202-9FCC-E3C3454E82A7}.Debug|x64.ActiveCfg = Debug|Any CPU
		{F5911A70-0497-4202-9FCC-E3C3454E82A7}.Debug+Web|Win32.ActiveCfg = Debug|Any CPU
		{F5911A70-0497-4202-9FCC-E3C3454E82A7}.Debug+Web|x64.ActiveCfg = Debug|Any CPU
		{F5911A70-0497-4202-9FCC-E3C3454E82A7}.Release|Win32.ActiveCfg = Release|Any CPU
		{F5911A70-0497-4202-9FCC-E3C3454E82A7}.Release|x64.ActiveCfg = Release|Any CPU
		{E95FA1C8-6491-4B4B-BBE1-EDA6B16B2C6A}.Debug|Win32.ActiveCfg = Debug|Any CPU
		{E95FA1C8-6491-4B4B-BBE1-EDA6B16B2C6A}.Debug|Win32.Build.0 = Debug|Any CPU
		{E95FA1C8-6491-4B4B-BBE1-EDA6B16B2C6A}.Debug|x64.ActiveCfg = Debug|Any CPU
		{E95FA1C8-6491-4B4B-BBE1-EDA6B16B2C6A}.Debug|x64.Build.0 = Debug|Any CPU
		{E95FA1C8-6491-4B4B-BBE1-EDA6B16B2C6A}.Debug+Web|Win32.ActiveCfg = Debug+Web|Any CPU
		{E95FA1C8-6491-4B4B-BBE1-EDA6B16B2C6A}.Debug+Web|x64.ActiveCfg = Debug+Web|Any CPU
		{E95FA1C8-6491-4B4B-BBE1-EDA6B16B2C6A}.Release|Win32.ActiveCfg = Release|Any CPU
		{E95FA1C8-6491-4B4B-BBE1-EDA6B16B2C6A}.Release|x64.ActiveCfg = Release|Any CPU
		{23BE5303-B821-4A19-9A9C-C498B3D1F0AD}.Debug|Win32.ActiveCfg = Debug|Any CPU
		{23BE5303-B821-4A19-9A9C-C498B3D1F0AD}.Debug|Win32.Build.0 = Debug|Any CPU
		{23BE5303-B821-4A19-9A9C-C498B3D1F0AD}.Debug|x64.ActiveCfg = Debug|Any CPU
		{23BE5303-B821-4A19-9A9C-C498B3D1F0AD}.Debug|x64.Build.0 = Debug|Any CPU
		{23BE5303-B821-4A19-9A9C-C498B3D1F0AD}.Debug+Web|Win32.ActiveCfg = Debug|Any CPU
		{23BE5303-B821-4A19-9A9C-C498B3D1F0AD}.Debug+Web|x64.ActiveCfg = Debug|Any CPU
		{23BE5303-B821-4A19-9A9C-C498B3D1F0AD}.Release|Win32.ActiveCfg = Release|Any CPU
		{23BE5303-B821-4A19-9A9C-C498B3D1F0AD}.Release|x64.ActiveCfg = Release|Any CPU
		{40A75274-D7A7-4DC6-AA77-BB45893EDDDF}.Debug|Win32.ActiveCfg = Debug|Any CPU
		{40A75274-D7A7-4DC6-AA77-BB45893EDDDF}.Debug|Win32.Build.0 = Debug|Any CPU
		{40A75274-D7A7-4DC6-AA77-BB45893EDDDF}.Debug|x64.ActiveCfg = Debug|Any CPU
		{40A75274-D7A7-4DC6-AA77-BB45893EDDDF}.Debug|x64.Build.0 = Debug|Any CPU
		{40A75274-D7A7-4DC6-AA77-BB45893EDDDF}.Debug+Web|Win32.ActiveCfg = Debug|Any CPU
		{40A75274-D7A7-4DC6-AA77-BB45893EDDDF}.Debug+Web|x64.ActiveCfg = Debug|Any CPU
		{40A75274-D7A7-4DC6-AA77-BB45893EDDDF}.Release|Win32.ActiveCfg = Release|Any CPU
		{40A75274-D7A7-4DC6-AA77-BB45893EDDDF}.Release|x64.ActiveCfg = Release|Any CPU
	EndGlobalSection
	GlobalSection(SolutionProperties) = preSolution
		HideSolutionNode = FALSE
	EndGlobalSection
	GlobalSection(NestedProjects) = preSolution
		{E95FA1C8-6491-4B4B-BBE1-EDA6B16B2C6A} = {D497D280-E234-45E5-BAB2-A0FA1D1A47BE}
		{23BE5303-B821-4A19-9A9C-C498B3D1F0AD} = {D497D280-E234-45E5-BAB2-A0FA1D1A47BE}
	EndGlobalSection
EndGlobal
