
Microsoft Visual Studio Solution File, Format Version 12.00
# Visual Studio Version 16
VisualStudioVersion = 16.0.28803.352
MinimumVisualStudioVersion = 10.0.40219.1
Project("{9A19103F-16F7-4668-BE54-9A1E7A4F7556}") = "Fusee.Examples.ABCompare.Web", "Web\Fusee.Examples.ABCompare.Web.csproj", "{DB21584F-4EA6-486A-9BDB-77D372CF1D64}"
EndProject
Project("{2150E333-8FDC-42A3-9474-1A3956D46DE8}") = "Solution Items", "Solution Items", "{6C9326AF-C99D-476B-8F29-86A84E21037C}"
	ProjectSection(SolutionItems) = preProject
		Directory.Build.props = Directory.Build.props
		Directory.Build.targets = Directory.Build.targets
	EndProjectSection
EndProject
Project("{9A19103F-16F7-4668-BE54-9A1E7A4F7556}") = "Fusee.Examples.ABCompare.Core", "Core\Fusee.Examples.ABCompare.Core.csproj", "{038BFCA0-D4EA-4661-B421-8B2C69C0A074}"
EndProject
Project("{9A19103F-16F7-4668-BE54-9A1E7A4F7556}") = "Fusee.Examples.ABCompare.Desktop", "Desktop\Fusee.Examples.ABCompare.Desktop.csproj", "{CB62E17E-35A1-449B-8BE3-BBF055E54D13}"
EndProject
Global
	GlobalSection(SolutionConfigurationPlatforms) = preSolution
		Debug|Any CPU = Debug|Any CPU
		Release|Any CPU = Release|Any CPU
	EndGlobalSection
	GlobalSection(ProjectConfigurationPlatforms) = postSolution
		{DB21584F-4EA6-486A-9BDB-77D372CF1D64}.Debug|Any CPU.ActiveCfg = Debug|Any CPU
		{DB21584F-4EA6-486A-9BDB-77D372CF1D64}.Debug|Any CPU.Build.0 = Debug|Any CPU
		{DB21584F-4EA6-486A-9BDB-77D372CF1D64}.Release|Any CPU.ActiveCfg = Debug|Any CPU
		{DB21584F-4EA6-486A-9BDB-77D372CF1D64}.Release|Any CPU.Build.0 = Debug|Any CPU
		{038BFCA0-D4EA-4661-B421-8B2C69C0A074}.Debug|Any CPU.ActiveCfg = Debug|Any CPU
		{038BFCA0-D4EA-4661-B421-8B2C69C0A074}.Debug|Any CPU.Build.0 = Debug|Any CPU
		{038BFCA0-D4EA-4661-B421-8B2C69C0A074}.Release|Any CPU.ActiveCfg = Debug|Any CPU
		{038BFCA0-D4EA-4661-B421-8B2C69C0A074}.Release|Any CPU.Build.0 = Debug|Any CPU
		{CB62E17E-35A1-449B-8BE3-BBF055E54D13}.Debug|Any CPU.ActiveCfg = Debug|Any CPU
		{CB62E17E-35A1-449B-8BE3-BBF055E54D13}.Debug|Any CPU.Build.0 = Debug|Any CPU
		{CB62E17E-35A1-449B-8BE3-BBF055E54D13}.Release|Any CPU.ActiveCfg = Debug|Any CPU
		{CB62E17E-35A1-449B-8BE3-BBF055E54D13}.Release|Any CPU.Build.0 = Debug|Any CPU
	EndGlobalSection
	GlobalSection(SolutionProperties) = preSolution
		HideSolutionNode = FALSE
	EndGlobalSection
	GlobalSection(ExtensibilityGlobals) = postSolution
		SolutionGuid = {B0AECF28-F48E-4A89-B1E7-E2A940F086D1}
	EndGlobalSection
EndGlobal
