
Microsoft Visual Studio Solution File, Format Version 12.00
# Visual Studio Version 16
VisualStudioVersion = 16.0.29609.76
MinimumVisualStudioVersion = 10.0.40219.1
Project("{9A19103F-16F7-4668-BE54-9A1E7A4F7556}") = "Starship", "Starship.csproj", "{B82C0358-BCE9-4F0F-9D22-5EF6C5087A67}"
EndProject
Global
	GlobalSection(SolutionConfigurationPlatforms) = preSolution
		Debug|Any CPU = Debug|Any CPU
		Release|Any CPU = Release|Any CPU
	EndGlobalSection
	GlobalSection(ProjectConfigurationPlatforms) = postSolution
		{B82C0358-BCE9-4F0F-9D22-5EF6C5087A67}.Debug|Any CPU.ActiveCfg = Debug|Any CPU
		{B82C0358-BCE9-4F0F-9D22-5EF6C5087A67}.Debug|Any CPU.Build.0 = Debug|Any CPU
		{B82C0358-BCE9-4F0F-9D22-5EF6C5087A67}.Release|Any CPU.ActiveCfg = Release|Any CPU
		{B82C0358-BCE9-4F0F-9D22-5EF6C5087A67}.Release|Any CPU.Build.0 = Release|Any CPU
	EndGlobalSection
	GlobalSection(SolutionProperties) = preSolution
		HideSolutionNode = FALSE
	EndGlobalSection
	GlobalSection(ExtensibilityGlobals) = postSolution
		SolutionGuid = {CD7C071C-BD1B-4015-97A5-D625684FEBF4}
	EndGlobalSection
EndGlobal
