
Microsoft Visual Studio Solution File, Format Version 12.00
# Visual Studio Version 16
VisualStudioVersion = 16.0.28803.352
MinimumVisualStudioVersion = 10.0.40219.1
Project("{9A19103F-16F7-4668-BE54-9A1E7A4F7556}") = "Fusee.Examples.Bone.Desktop", "Desktop\Fusee.Examples.Bone.Desktop.csproj", "{72CA32ED-EB17-48FC-956A-CA8DB4743F84}"
EndProject
Project("{FAE04EC0-301F-11D3-BF4B-00C04F79EFBC}") = "Fusee.Examples.Bone.Android", "Android\Fusee.Examples.Bone.Android.csproj", "{92F6C1B2-636A-4031-BDAB-29F12A45730E}"
EndProject
Project("{9A19103F-16F7-4668-BE54-9A1E7A4F7556}") = "Fusee.Examples.Bone.Core", "Core\Fusee.Examples.Bone.Core.csproj", "{B2967779-27B5-4E42-B680-F093F44329B3}"
EndProject
Project("{9A19103F-16F7-4668-BE54-9A1E7A4F7556}") = "Fusee.Examples.Bone.Web", "Web\Fusee.Examples.Bone.Web.csproj", "{B607076F-4CCC-41A4-A644-FD734EE56AC6}"
EndProject
Project("{2150E333-8FDC-42A3-9474-1A3956D46DE8}") = "Solution Items", "Solution Items", "{229E7A30-A86A-4621-9346-E01EB90C176A}"
	ProjectSection(SolutionItems) = preProject
		Directory.Build.props = Directory.Build.props
		Directory.Build.targets = Directory.Build.targets
	EndProjectSection
EndProject
Global
	GlobalSection(SolutionConfigurationPlatforms) = preSolution
		Debug|Any CPU = Debug|Any CPU
		Release|Any CPU = Release|Any CPU
	EndGlobalSection
	GlobalSection(ProjectConfigurationPlatforms) = postSolution
		{72CA32ED-EB17-48FC-956A-CA8DB4743F84}.Debug|Any CPU.ActiveCfg = Debug|Any CPU
		{72CA32ED-EB17-48FC-956A-CA8DB4743F84}.Debug|Any CPU.Build.0 = Debug|Any CPU
		{72CA32ED-EB17-48FC-956A-CA8DB4743F84}.Release|Any CPU.ActiveCfg = Release|Any CPU
		{72CA32ED-EB17-48FC-956A-CA8DB4743F84}.Release|Any CPU.Build.0 = Release|Any CPU
		{92F6C1B2-636A-4031-BDAB-29F12A45730E}.Debug|Any CPU.ActiveCfg = Debug|Any CPU
		{92F6C1B2-636A-4031-BDAB-29F12A45730E}.Debug|Any CPU.Build.0 = Debug|Any CPU
		{92F6C1B2-636A-4031-BDAB-29F12A45730E}.Debug|Any CPU.Deploy.0 = Debug|Any CPU
		{92F6C1B2-636A-4031-BDAB-29F12A45730E}.Release|Any CPU.ActiveCfg = Release|Any CPU
		{92F6C1B2-636A-4031-BDAB-29F12A45730E}.Release|Any CPU.Build.0 = Release|Any CPU
		{92F6C1B2-636A-4031-BDAB-29F12A45730E}.Release|Any CPU.Deploy.0 = Release|Any CPU
		{B2967779-27B5-4E42-B680-F093F44329B3}.Debug|Any CPU.ActiveCfg = Debug|Any CPU
		{B2967779-27B5-4E42-B680-F093F44329B3}.Debug|Any CPU.Build.0 = Debug|Any CPU
		{B2967779-27B5-4E42-B680-F093F44329B3}.Release|Any CPU.ActiveCfg = Release|Any CPU
		{B2967779-27B5-4E42-B680-F093F44329B3}.Release|Any CPU.Build.0 = Release|Any CPU
		{B607076F-4CCC-41A4-A644-FD734EE56AC6}.Debug|Any CPU.ActiveCfg = Debug|Any CPU
		{B607076F-4CCC-41A4-A644-FD734EE56AC6}.Debug|Any CPU.Build.0 = Debug|Any CPU
		{B607076F-4CCC-41A4-A644-FD734EE56AC6}.Release|Any CPU.ActiveCfg = Release|Any CPU
		{B607076F-4CCC-41A4-A644-FD734EE56AC6}.Release|Any CPU.Build.0 = Release|Any CPU
	EndGlobalSection
	GlobalSection(SolutionProperties) = preSolution
		HideSolutionNode = FALSE
	EndGlobalSection
	GlobalSection(ExtensibilityGlobals) = postSolution
		SolutionGuid = {B0AECF28-F48E-4A89-B1E7-E2A940F086D1}
	EndGlobalSection
EndGlobal
