Microsoft Visual Studio Solution File, Format Version 12.00
# Visual Studio 2012
Project("{2150E333-8FDC-42A3-9474-1A3956D46DE8}") = "Imp", "Imp", "{D8EA1B59-13BE-48B8-B197-5C26FAE7099F}"
EndProject
Project("{FAE04EC0-301F-11D3-BF4B-00C04F79EFBC}") = "OpenTK", "..\..\..\..\src\Engine\Imp\OpenTK\OpenTK.csproj", "{F7AD2BB5-D2B0-4697-BDDB-4CC26152A6B6}"
	ProjectSection(ProjectDependencies) = postProject
		{E95FA1C8-6491-4B4B-BBE1-EDA6B16B2C6A} = {E95FA1C8-6491-4B4B-BBE1-EDA6B16B2C6A}
		{DFD770F6-4222-4255-AAE0-DCACDC7B21EB} = {DFD770F6-4222-4255-AAE0-DCACDC7B21EB}
	EndProjectSection
EndProject
Project("{FAE04EC0-301F-11D3-BF4B-00C04F79EFBC}") = "WebGL", "..\..\..\..\src\Engine\Imp\WebGL\WebGL.csproj", "{4A183140-3153-4F7E-A692-F4E3EF2CFA0A}"
	ProjectSection(ProjectDependencies) = postProject
		{8A1D7DD9-C44D-4593-A2AA-8A558550336E} = {8A1D7DD9-C44D-4593-A2AA-8A558550336E}
	EndProjectSection
EndProject
Project("{FAE04EC0-301F-11D3-BF4B-00C04F79EFBC}") = "Common", "..\..\..\..\src\Engine\Common\Common.csproj", "{DFD770F6-4222-4255-AAE0-DCACDC7B21EB}"
	ProjectSection(ProjectDependencies) = postProject
		{E95FA1C8-6491-4B4B-BBE1-EDA6B16B2C6A} = {E95FA1C8-6491-4B4B-BBE1-EDA6B16B2C6A}
	EndProjectSection
EndProject
Project("{FAE04EC0-301F-11D3-BF4B-00C04F79EFBC}") = "Core", "..\..\..\..\src\Engine\Core\Core.csproj", "{1228EB3F-8BCC-453F-8A2E-D9246495A118}"
	ProjectSection(ProjectDependencies) = postProject
		{F7AD2BB5-D2B0-4697-BDDB-4CC26152A6B6} = {F7AD2BB5-D2B0-4697-BDDB-4CC26152A6B6}
		{DFD770F6-4222-4255-AAE0-DCACDC7B21EB} = {DFD770F6-4222-4255-AAE0-DCACDC7B21EB}
	EndProjectSection
EndProject
Project("{2150E333-8FDC-42A3-9474-1A3956D46DE8}") = "Examples", "Examples", "{2DC1CA2C-F4F6-4779-B000-597CB6A54A04}"
EndProject
Project("{FAE04EC0-301F-11D3-BF4B-00C04F79EFBC}") = "Simple", "..\..\..\..\src\Engine\Examples\Simple\Simple.csproj", "{82073B72-5B43-4333-9BF4-081BE4C85435}"
	ProjectSection(ProjectDependencies) = postProject
		{4A183140-3153-4F7E-A692-F4E3EF2CFA0A} = {4A183140-3153-4F7E-A692-F4E3EF2CFA0A}
		{7E796695-4174-471A-BBE8-3CAF39904588} = {7E796695-4174-471A-BBE8-3CAF39904588}
		{F7AD2BB5-D2B0-4697-BDDB-4CC26152A6B6} = {F7AD2BB5-D2B0-4697-BDDB-4CC26152A6B6}
		{0A06B3EA-5934-4373-854A-B4D6E7E1FE16} = {0A06B3EA-5934-4373-854A-B4D6E7E1FE16}
	EndProjectSection
EndProject
Project("{FAE04EC0-301F-11D3-BF4B-00C04F79EFBC}") = "CubeAndTiles", "..\..\..\..\src\Engine\Examples\CubeAndTiles\CubeAndTiles.csproj", "{3EAD4932-C494-40B5-A636-690E8BD5D5F5}"
	ProjectSection(ProjectDependencies) = postProject
		{4A183140-3153-4F7E-A692-F4E3EF2CFA0A} = {4A183140-3153-4F7E-A692-F4E3EF2CFA0A}
		{7E796695-4174-471A-BBE8-3CAF39904588} = {7E796695-4174-471A-BBE8-3CAF39904588}
		{F7AD2BB5-D2B0-4697-BDDB-4CC26152A6B6} = {F7AD2BB5-D2B0-4697-BDDB-4CC26152A6B6}
		{0A06B3EA-5934-4373-854A-B4D6E7E1FE16} = {0A06B3EA-5934-4373-854A-B4D6E7E1FE16}
	EndProjectSection
EndProject
Project("{2150E333-8FDC-42A3-9474-1A3956D46DE8}") = "Math", "Math", "{8377F240-717A-4BD7-8896-80B4B35C1F8F}"
EndProject
Project("{FAE04EC0-301F-11D3-BF4B-00C04F79EFBC}") = "Math.Core", "..\..\..\..\src\Math\Core\Math.Core.csproj", "{E95FA1C8-6491-4B4B-BBE1-EDA6B16B2C6A}"
EndProject
Project("{2150E333-8FDC-42A3-9474-1A3956D46DE8}") = "Externals", "Externals", "{2061EBCC-F80E-4035-AEAA-EB3BCFDD06AE}"
EndProject
Project("{FAE04EC0-301F-11D3-BF4B-00C04F79EFBC}") = "JSIL-Binary", "..\..\..\..\ExternalBinaries\JSIL\JSIL-Binary.csproj", "{8A1D7DD9-C44D-4593-A2AA-8A558550336E}"
EndProject
Project("{2150E333-8FDC-42A3-9474-1A3956D46DE8}") = "Solution Items", "Solution Items", "{341A2E15-796E-4E0F-BE51-6FC2E6EEB4C5}"
	ProjectSection(SolutionItems) = preProject
		Fusee_Linux.targets = Fusee_Linux.targets
		Fusee_Windows.targets = Fusee_Windows.targets
	EndProjectSection
EndProject
Project("{FAE04EC0-301F-11D3-BF4B-00C04F79EFBC}") = "Tests", "..\..\..\..\src\Engine\Tests\Tests.csproj", "{89A15B9C-5CEA-4C53-A36C-9AE3CD81C8AC}"
EndProject
Project("{2150E333-8FDC-42A3-9474-1A3956D46DE8}") = "Components", "Components", "{FC35C4A4-7608-4A73-9C7E-C6837FD24AB2}"
EndProject
Project("{FAE04EC0-301F-11D3-BF4B-00C04F79EFBC}") = "SceneManagement", "..\..\..\..\src\Engine\Components\SceneManagement\SceneManagement.csproj", "{81B3A7F0-F8E4-45D0-BE69-B869C9B1803E}"
EndProject
Project("{FAE04EC0-301F-11D3-BF4B-00C04F79EFBC}") = "SoundTest", "..\..\..\..\src\Engine\Examples\SoundTest\SoundTest.csproj", "{55C8E245-79A5-4E23-838F-BA959B892197}"
	ProjectSection(ProjectDependencies) = postProject
		{4A183140-3153-4F7E-A692-F4E3EF2CFA0A} = {4A183140-3153-4F7E-A692-F4E3EF2CFA0A}
		{7E796695-4174-471A-BBE8-3CAF39904588} = {7E796695-4174-471A-BBE8-3CAF39904588}
		{F7AD2BB5-D2B0-4697-BDDB-4CC26152A6B6} = {F7AD2BB5-D2B0-4697-BDDB-4CC26152A6B6}
		{0A06B3EA-5934-4373-854A-B4D6E7E1FE16} = {0A06B3EA-5934-4373-854A-B4D6E7E1FE16}
	EndProjectSection
EndProject
Project("{2150E333-8FDC-42A3-9474-1A3956D46DE8}") = "Graphics", "Graphics", "{DB87A2C1-8830-472A-9395-B1E087CBF9C0}"
EndProject
Project("{2150E333-8FDC-42A3-9474-1A3956D46DE8}") = "Audio", "Audio", "{37373A78-B805-4642-A148-0AE089189029}"
EndProject
Project("{FAE04EC0-301F-11D3-BF4B-00C04F79EFBC}") = "WebAudio", "..\..\..\..\src\Engine\Imp\WebAudio\WebAudio.csproj", "{7E796695-4174-471A-BBE8-3CAF39904588}"
EndProject
Project("{FAE04EC0-301F-11D3-BF4B-00C04F79EFBC}") = "SFMLAudio", "..\..\..\..\src\Engine\Imp\SFMLAudio\SFMLAudio.csproj", "{0A06B3EA-5934-4373-854A-B4D6E7E1FE16}"
EndProject
Project("{FAE04EC0-301F-11D3-BF4B-00C04F79EFBC}") = "SolarSystem", "..\..\..\..\src\Engine\Examples\SolarSystem\SolarSystem.csproj", "{F7118566-EBBE-4001-9074-8FCD69A8F51F}"
	ProjectSection(ProjectDependencies) = postProject
		{4A183140-3153-4F7E-A692-F4E3EF2CFA0A} = {4A183140-3153-4F7E-A692-F4E3EF2CFA0A}
		{7E796695-4174-471A-BBE8-3CAF39904588} = {7E796695-4174-471A-BBE8-3CAF39904588}
		{F7AD2BB5-D2B0-4697-BDDB-4CC26152A6B6} = {F7AD2BB5-D2B0-4697-BDDB-4CC26152A6B6}
		{0A06B3EA-5934-4373-854A-B4D6E7E1FE16} = {0A06B3EA-5934-4373-854A-B4D6E7E1FE16}
	EndProjectSection
EndProject
Project("{FAE04EC0-301F-11D3-BF4B-00C04F79EFBC}") = "MageExample", "..\..\..\..\src\Engine\Examples\MageExample\MageExample.csproj", "{5168BEB2-A9EC-4CDF-B150-2BE9375D7069}"
EndProject
Project("{FAE04EC0-301F-11D3-BF4B-00C04F79EFBC}") = "WorldRendering", "..\..\..\..\src\Engine\Examples\WorldRendering\WorldRendering.csproj", "{4C6F9F9C-A4E8-483F-866C-2552DDBDD4F5}"
	ProjectSection(ProjectDependencies) = postProject
		{4A183140-3153-4F7E-A692-F4E3EF2CFA0A} = {4A183140-3153-4F7E-A692-F4E3EF2CFA0A}
		{7E796695-4174-471A-BBE8-3CAF39904588} = {7E796695-4174-471A-BBE8-3CAF39904588}
		{F7AD2BB5-D2B0-4697-BDDB-4CC26152A6B6} = {F7AD2BB5-D2B0-4697-BDDB-4CC26152A6B6}
		{0A06B3EA-5934-4373-854A-B4D6E7E1FE16} = {0A06B3EA-5934-4373-854A-B4D6E7E1FE16}
	EndProjectSection
EndProject
Project("{FAE04EC0-301F-11D3-BF4B-00C04F79EFBC}") = "AppBrowserWinForms", "..\..\..\..\src\Engine\Examples\AppBrowserWinForms\AppBrowserWinForms.csproj", "{8E4914D0-07E1-48F7-91E2-04B19C36CCA3}"
EndProject
Global
	GlobalSection(SolutionConfigurationPlatforms) = preSolution
		Debug|Any CPU = Debug|Any CPU
		Debug|Mixed Platforms = Debug|Mixed Platforms
		Debug|x86 = Debug|x86
		Debug+Web|Any CPU = Debug+Web|Any CPU
		Debug+Web|Mixed Platforms = Debug+Web|Mixed Platforms
		Debug+Web|x86 = Debug+Web|x86
		Release|Any CPU = Release|Any CPU
		Release|Mixed Platforms = Release|Mixed Platforms
		Release|x86 = Release|x86
	EndGlobalSection
	GlobalSection(ProjectConfigurationPlatforms) = postSolution
		{F7AD2BB5-D2B0-4697-BDDB-4CC26152A6B6}.Debug|Any CPU.ActiveCfg = Debug|x86
		{F7AD2BB5-D2B0-4697-BDDB-4CC26152A6B6}.Debug|Mixed Platforms.ActiveCfg = Debug|x86
		{F7AD2BB5-D2B0-4697-BDDB-4CC26152A6B6}.Debug|Mixed Platforms.Build.0 = Debug|x86
		{F7AD2BB5-D2B0-4697-BDDB-4CC26152A6B6}.Debug|x86.ActiveCfg = Debug|x86
		{F7AD2BB5-D2B0-4697-BDDB-4CC26152A6B6}.Debug|x86.Build.0 = Debug|x86
		{F7AD2BB5-D2B0-4697-BDDB-4CC26152A6B6}.Debug+Web|Any CPU.ActiveCfg = Debug+Web|x86
		{F7AD2BB5-D2B0-4697-BDDB-4CC26152A6B6}.Debug+Web|Mixed Platforms.ActiveCfg = Debug+Web|x86
		{F7AD2BB5-D2B0-4697-BDDB-4CC26152A6B6}.Debug+Web|Mixed Platforms.Build.0 = Debug+Web|x86
		{F7AD2BB5-D2B0-4697-BDDB-4CC26152A6B6}.Debug+Web|x86.ActiveCfg = Debug+Web|x86
		{F7AD2BB5-D2B0-4697-BDDB-4CC26152A6B6}.Debug+Web|x86.Build.0 = Debug+Web|x86
		{F7AD2BB5-D2B0-4697-BDDB-4CC26152A6B6}.Release|Any CPU.ActiveCfg = Release|x86
		{F7AD2BB5-D2B0-4697-BDDB-4CC26152A6B6}.Release|Mixed Platforms.ActiveCfg = Release|x86
		{F7AD2BB5-D2B0-4697-BDDB-4CC26152A6B6}.Release|Mixed Platforms.Build.0 = Release|x86
		{F7AD2BB5-D2B0-4697-BDDB-4CC26152A6B6}.Release|x86.ActiveCfg = Release|x86
		{F7AD2BB5-D2B0-4697-BDDB-4CC26152A6B6}.Release|x86.Build.0 = Release|x86
		{4A183140-3153-4F7E-A692-F4E3EF2CFA0A}.Debug|Any CPU.ActiveCfg = Debug|x86
		{4A183140-3153-4F7E-A692-F4E3EF2CFA0A}.Debug|Mixed Platforms.ActiveCfg = Debug|x86
		{4A183140-3153-4F7E-A692-F4E3EF2CFA0A}.Debug|Mixed Platforms.Build.0 = Debug|x86
		{4A183140-3153-4F7E-A692-F4E3EF2CFA0A}.Debug|x86.ActiveCfg = Debug|x86
		{4A183140-3153-4F7E-A692-F4E3EF2CFA0A}.Debug|x86.Build.0 = Debug|x86
		{4A183140-3153-4F7E-A692-F4E3EF2CFA0A}.Debug+Web|Any CPU.ActiveCfg = Debug+Web|x86
		{4A183140-3153-4F7E-A692-F4E3EF2CFA0A}.Debug+Web|Mixed Platforms.ActiveCfg = Debug+Web|x86
		{4A183140-3153-4F7E-A692-F4E3EF2CFA0A}.Debug+Web|Mixed Platforms.Build.0 = Debug+Web|x86
		{4A183140-3153-4F7E-A692-F4E3EF2CFA0A}.Debug+Web|x86.ActiveCfg = Debug+Web|x86
		{4A183140-3153-4F7E-A692-F4E3EF2CFA0A}.Debug+Web|x86.Build.0 = Debug+Web|x86
		{4A183140-3153-4F7E-A692-F4E3EF2CFA0A}.Release|Any CPU.ActiveCfg = Release|x86
		{4A183140-3153-4F7E-A692-F4E3EF2CFA0A}.Release|Mixed Platforms.ActiveCfg = Release|x86
		{4A183140-3153-4F7E-A692-F4E3EF2CFA0A}.Release|Mixed Platforms.Build.0 = Release|x86
		{4A183140-3153-4F7E-A692-F4E3EF2CFA0A}.Release|x86.ActiveCfg = Release|x86
		{4A183140-3153-4F7E-A692-F4E3EF2CFA0A}.Release|x86.Build.0 = Release|x86
		{DFD770F6-4222-4255-AAE0-DCACDC7B21EB}.Debug|Any CPU.ActiveCfg = Debug|x86
		{DFD770F6-4222-4255-AAE0-DCACDC7B21EB}.Debug|Mixed Platforms.ActiveCfg = Debug|x86
		{DFD770F6-4222-4255-AAE0-DCACDC7B21EB}.Debug|Mixed Platforms.Build.0 = Debug|x86
		{DFD770F6-4222-4255-AAE0-DCACDC7B21EB}.Debug|x86.ActiveCfg = Debug|x86
		{DFD770F6-4222-4255-AAE0-DCACDC7B21EB}.Debug|x86.Build.0 = Debug|x86
		{DFD770F6-4222-4255-AAE0-DCACDC7B21EB}.Debug+Web|Any CPU.ActiveCfg = Debug+Web|x86
		{DFD770F6-4222-4255-AAE0-DCACDC7B21EB}.Debug+Web|Mixed Platforms.ActiveCfg = Debug+Web|x86
		{DFD770F6-4222-4255-AAE0-DCACDC7B21EB}.Debug+Web|Mixed Platforms.Build.0 = Debug+Web|x86
		{DFD770F6-4222-4255-AAE0-DCACDC7B21EB}.Debug+Web|x86.ActiveCfg = Debug+Web|x86
		{DFD770F6-4222-4255-AAE0-DCACDC7B21EB}.Debug+Web|x86.Build.0 = Debug+Web|x86
		{DFD770F6-4222-4255-AAE0-DCACDC7B21EB}.Release|Any CPU.ActiveCfg = Release|x86
		{DFD770F6-4222-4255-AAE0-DCACDC7B21EB}.Release|Mixed Platforms.ActiveCfg = Release|x86
		{DFD770F6-4222-4255-AAE0-DCACDC7B21EB}.Release|Mixed Platforms.Build.0 = Release|x86
		{DFD770F6-4222-4255-AAE0-DCACDC7B21EB}.Release|x86.ActiveCfg = Release|x86
		{DFD770F6-4222-4255-AAE0-DCACDC7B21EB}.Release|x86.Build.0 = Release|x86
		{1228EB3F-8BCC-453F-8A2E-D9246495A118}.Debug|Any CPU.ActiveCfg = Debug|x86
		{1228EB3F-8BCC-453F-8A2E-D9246495A118}.Debug|Mixed Platforms.ActiveCfg = Debug|x86
		{1228EB3F-8BCC-453F-8A2E-D9246495A118}.Debug|Mixed Platforms.Build.0 = Debug|x86
		{1228EB3F-8BCC-453F-8A2E-D9246495A118}.Debug|x86.ActiveCfg = Debug|x86
		{1228EB3F-8BCC-453F-8A2E-D9246495A118}.Debug|x86.Build.0 = Debug|x86
		{1228EB3F-8BCC-453F-8A2E-D9246495A118}.Debug+Web|Any CPU.ActiveCfg = Debug+Web|x86
		{1228EB3F-8BCC-453F-8A2E-D9246495A118}.Debug+Web|Mixed Platforms.ActiveCfg = Debug+Web|x86
		{1228EB3F-8BCC-453F-8A2E-D9246495A118}.Debug+Web|Mixed Platforms.Build.0 = Debug+Web|x86
		{1228EB3F-8BCC-453F-8A2E-D9246495A118}.Debug+Web|x86.ActiveCfg = Debug+Web|x86
		{1228EB3F-8BCC-453F-8A2E-D9246495A118}.Debug+Web|x86.Build.0 = Debug+Web|x86
		{1228EB3F-8BCC-453F-8A2E-D9246495A118}.Release|Any CPU.ActiveCfg = Release|x86
		{1228EB3F-8BCC-453F-8A2E-D9246495A118}.Release|Mixed Platforms.ActiveCfg = Release|x86
		{1228EB3F-8BCC-453F-8A2E-D9246495A118}.Release|Mixed Platforms.Build.0 = Release|x86
		{1228EB3F-8BCC-453F-8A2E-D9246495A118}.Release|x86.ActiveCfg = Release|x86
		{1228EB3F-8BCC-453F-8A2E-D9246495A118}.Release|x86.Build.0 = Release|x86
		{82073B72-5B43-4333-9BF4-081BE4C85435}.Debug|Any CPU.ActiveCfg = Debug|x86
		{82073B72-5B43-4333-9BF4-081BE4C85435}.Debug|Mixed Platforms.ActiveCfg = Debug|x86
		{82073B72-5B43-4333-9BF4-081BE4C85435}.Debug|Mixed Platforms.Build.0 = Debug|x86
		{82073B72-5B43-4333-9BF4-081BE4C85435}.Debug|x86.ActiveCfg = Debug|x86
		{82073B72-5B43-4333-9BF4-081BE4C85435}.Debug|x86.Build.0 = Debug|x86
		{82073B72-5B43-4333-9BF4-081BE4C85435}.Debug+Web|Any CPU.ActiveCfg = Debug+Web|x86
		{82073B72-5B43-4333-9BF4-081BE4C85435}.Debug+Web|Mixed Platforms.ActiveCfg = Debug+Web|x86
		{82073B72-5B43-4333-9BF4-081BE4C85435}.Debug+Web|Mixed Platforms.Build.0 = Debug+Web|x86
		{82073B72-5B43-4333-9BF4-081BE4C85435}.Debug+Web|x86.ActiveCfg = Debug+Web|x86
		{82073B72-5B43-4333-9BF4-081BE4C85435}.Debug+Web|x86.Build.0 = Debug+Web|x86
		{82073B72-5B43-4333-9BF4-081BE4C85435}.Release|Any CPU.ActiveCfg = Release|x86
		{82073B72-5B43-4333-9BF4-081BE4C85435}.Release|Mixed Platforms.ActiveCfg = Release|x86
		{82073B72-5B43-4333-9BF4-081BE4C85435}.Release|Mixed Platforms.Build.0 = Release|x86
		{82073B72-5B43-4333-9BF4-081BE4C85435}.Release|x86.ActiveCfg = Release|x86
		{82073B72-5B43-4333-9BF4-081BE4C85435}.Release|x86.Build.0 = Release|x86
		{3EAD4932-C494-40B5-A636-690E8BD5D5F5}.Debug|Any CPU.ActiveCfg = Debug|x86
		{3EAD4932-C494-40B5-A636-690E8BD5D5F5}.Debug|Mixed Platforms.ActiveCfg = Debug|x86
		{3EAD4932-C494-40B5-A636-690E8BD5D5F5}.Debug|Mixed Platforms.Build.0 = Debug|x86
		{3EAD4932-C494-40B5-A636-690E8BD5D5F5}.Debug|x86.ActiveCfg = Debug|x86
		{3EAD4932-C494-40B5-A636-690E8BD5D5F5}.Debug|x86.Build.0 = Debug|x86
		{3EAD4932-C494-40B5-A636-690E8BD5D5F5}.Debug+Web|Any CPU.ActiveCfg = Debug+Web|x86
		{3EAD4932-C494-40B5-A636-690E8BD5D5F5}.Debug+Web|Mixed Platforms.ActiveCfg = Debug+Web|x86
		{3EAD4932-C494-40B5-A636-690E8BD5D5F5}.Debug+Web|Mixed Platforms.Build.0 = Debug+Web|x86
		{3EAD4932-C494-40B5-A636-690E8BD5D5F5}.Debug+Web|x86.ActiveCfg = Debug+Web|x86
		{3EAD4932-C494-40B5-A636-690E8BD5D5F5}.Debug+Web|x86.Build.0 = Debug+Web|x86
		{3EAD4932-C494-40B5-A636-690E8BD5D5F5}.Release|Any CPU.ActiveCfg = Release|x86
		{3EAD4932-C494-40B5-A636-690E8BD5D5F5}.Release|Mixed Platforms.ActiveCfg = Release|x86
		{3EAD4932-C494-40B5-A636-690E8BD5D5F5}.Release|Mixed Platforms.Build.0 = Release|x86
		{3EAD4932-C494-40B5-A636-690E8BD5D5F5}.Release|x86.ActiveCfg = Release|x86
		{3EAD4932-C494-40B5-A636-690E8BD5D5F5}.Release|x86.Build.0 = Release|x86
		{E95FA1C8-6491-4B4B-BBE1-EDA6B16B2C6A}.Debug|Any CPU.ActiveCfg = Debug|x86
		{E95FA1C8-6491-4B4B-BBE1-EDA6B16B2C6A}.Debug|Mixed Platforms.ActiveCfg = Debug|x86
		{E95FA1C8-6491-4B4B-BBE1-EDA6B16B2C6A}.Debug|Mixed Platforms.Build.0 = Debug|x86
		{E95FA1C8-6491-4B4B-BBE1-EDA6B16B2C6A}.Debug|x86.ActiveCfg = Debug|x86
		{E95FA1C8-6491-4B4B-BBE1-EDA6B16B2C6A}.Debug|x86.Build.0 = Debug|x86
		{E95FA1C8-6491-4B4B-BBE1-EDA6B16B2C6A}.Debug+Web|Any CPU.ActiveCfg = Debug+Web|x86
		{E95FA1C8-6491-4B4B-BBE1-EDA6B16B2C6A}.Debug+Web|Mixed Platforms.ActiveCfg = Debug+Web|x86
		{E95FA1C8-6491-4B4B-BBE1-EDA6B16B2C6A}.Debug+Web|Mixed Platforms.Build.0 = Debug+Web|x86
		{E95FA1C8-6491-4B4B-BBE1-EDA6B16B2C6A}.Debug+Web|x86.ActiveCfg = Debug+Web|x86
		{E95FA1C8-6491-4B4B-BBE1-EDA6B16B2C6A}.Debug+Web|x86.Build.0 = Debug+Web|x86
		{E95FA1C8-6491-4B4B-BBE1-EDA6B16B2C6A}.Release|Any CPU.ActiveCfg = Release|x86
		{E95FA1C8-6491-4B4B-BBE1-EDA6B16B2C6A}.Release|Mixed Platforms.ActiveCfg = Release|x86
		{E95FA1C8-6491-4B4B-BBE1-EDA6B16B2C6A}.Release|Mixed Platforms.Build.0 = Release|x86
		{E95FA1C8-6491-4B4B-BBE1-EDA6B16B2C6A}.Release|x86.ActiveCfg = Release|x86
		{E95FA1C8-6491-4B4B-BBE1-EDA6B16B2C6A}.Release|x86.Build.0 = Release|x86
		{8A1D7DD9-C44D-4593-A2AA-8A558550336E}.Debug|Any CPU.ActiveCfg = Debug|x86
		{8A1D7DD9-C44D-4593-A2AA-8A558550336E}.Debug|Mixed Platforms.ActiveCfg = Debug|x86
		{8A1D7DD9-C44D-4593-A2AA-8A558550336E}.Debug|Mixed Platforms.Build.0 = Debug|x86
		{8A1D7DD9-C44D-4593-A2AA-8A558550336E}.Debug|x86.ActiveCfg = Debug|x86
		{8A1D7DD9-C44D-4593-A2AA-8A558550336E}.Debug|x86.Build.0 = Debug|x86
		{8A1D7DD9-C44D-4593-A2AA-8A558550336E}.Debug+Web|Any CPU.ActiveCfg = Debug+Web|x86
		{8A1D7DD9-C44D-4593-A2AA-8A558550336E}.Debug+Web|Mixed Platforms.ActiveCfg = Debug+Web|x86
		{8A1D7DD9-C44D-4593-A2AA-8A558550336E}.Debug+Web|Mixed Platforms.Build.0 = Debug+Web|x86
		{8A1D7DD9-C44D-4593-A2AA-8A558550336E}.Debug+Web|x86.ActiveCfg = Debug+Web|x86
		{8A1D7DD9-C44D-4593-A2AA-8A558550336E}.Debug+Web|x86.Build.0 = Debug+Web|x86
		{8A1D7DD9-C44D-4593-A2AA-8A558550336E}.Release|Any CPU.ActiveCfg = Release|x86
		{8A1D7DD9-C44D-4593-A2AA-8A558550336E}.Release|Mixed Platforms.ActiveCfg = Release|x86
		{8A1D7DD9-C44D-4593-A2AA-8A558550336E}.Release|Mixed Platforms.Build.0 = Release|x86
		{8A1D7DD9-C44D-4593-A2AA-8A558550336E}.Release|x86.ActiveCfg = Release|x86
		{8A1D7DD9-C44D-4593-A2AA-8A558550336E}.Release|x86.Build.0 = Release|x86
		{89A15B9C-5CEA-4C53-A36C-9AE3CD81C8AC}.Debug|Any CPU.ActiveCfg = Debug|x86
		{89A15B9C-5CEA-4C53-A36C-9AE3CD81C8AC}.Debug|Mixed Platforms.ActiveCfg = Debug|x86
		{89A15B9C-5CEA-4C53-A36C-9AE3CD81C8AC}.Debug|Mixed Platforms.Build.0 = Debug|x86
		{89A15B9C-5CEA-4C53-A36C-9AE3CD81C8AC}.Debug|x86.ActiveCfg = Debug|x86
		{89A15B9C-5CEA-4C53-A36C-9AE3CD81C8AC}.Debug|x86.Build.0 = Debug|x86
		{89A15B9C-5CEA-4C53-A36C-9AE3CD81C8AC}.Debug+Web|Any CPU.ActiveCfg = Debug|x86
		{89A15B9C-5CEA-4C53-A36C-9AE3CD81C8AC}.Debug+Web|Mixed Platforms.ActiveCfg = Debug|x86
		{89A15B9C-5CEA-4C53-A36C-9AE3CD81C8AC}.Debug+Web|Mixed Platforms.Build.0 = Debug|x86
		{89A15B9C-5CEA-4C53-A36C-9AE3CD81C8AC}.Debug+Web|x86.ActiveCfg = Debug|x86
		{89A15B9C-5CEA-4C53-A36C-9AE3CD81C8AC}.Debug+Web|x86.Build.0 = Debug|x86
		{89A15B9C-5CEA-4C53-A36C-9AE3CD81C8AC}.Release|Any CPU.ActiveCfg = Release|x86
		{89A15B9C-5CEA-4C53-A36C-9AE3CD81C8AC}.Release|Mixed Platforms.ActiveCfg = Release|x86
		{89A15B9C-5CEA-4C53-A36C-9AE3CD81C8AC}.Release|Mixed Platforms.Build.0 = Release|x86
		{89A15B9C-5CEA-4C53-A36C-9AE3CD81C8AC}.Release|x86.ActiveCfg = Release|x86
		{89A15B9C-5CEA-4C53-A36C-9AE3CD81C8AC}.Release|x86.Build.0 = Release|x86
		{81B3A7F0-F8E4-45D0-BE69-B869C9B1803E}.Debug|Any CPU.ActiveCfg = Debug|x86
		{81B3A7F0-F8E4-45D0-BE69-B869C9B1803E}.Debug|Mixed Platforms.ActiveCfg = Debug|x86
		{81B3A7F0-F8E4-45D0-BE69-B869C9B1803E}.Debug|Mixed Platforms.Build.0 = Debug|x86
		{81B3A7F0-F8E4-45D0-BE69-B869C9B1803E}.Debug|x86.ActiveCfg = Debug|x86
		{81B3A7F0-F8E4-45D0-BE69-B869C9B1803E}.Debug|x86.Build.0 = Debug|x86
		{81B3A7F0-F8E4-45D0-BE69-B869C9B1803E}.Debug+Web|Any CPU.ActiveCfg = Debug+Web|x86
		{81B3A7F0-F8E4-45D0-BE69-B869C9B1803E}.Debug+Web|Mixed Platforms.ActiveCfg = Debug+Web|x86
		{81B3A7F0-F8E4-45D0-BE69-B869C9B1803E}.Debug+Web|Mixed Platforms.Build.0 = Debug+Web|x86
		{81B3A7F0-F8E4-45D0-BE69-B869C9B1803E}.Debug+Web|x86.ActiveCfg = Debug+Web|x86
		{81B3A7F0-F8E4-45D0-BE69-B869C9B1803E}.Debug+Web|x86.Build.0 = Debug+Web|x86
		{81B3A7F0-F8E4-45D0-BE69-B869C9B1803E}.Release|Any CPU.ActiveCfg = Release|x86
		{81B3A7F0-F8E4-45D0-BE69-B869C9B1803E}.Release|Mixed Platforms.ActiveCfg = Release|x86
		{81B3A7F0-F8E4-45D0-BE69-B869C9B1803E}.Release|Mixed Platforms.Build.0 = Release|x86
		{81B3A7F0-F8E4-45D0-BE69-B869C9B1803E}.Release|x86.ActiveCfg = Release|x86
		{81B3A7F0-F8E4-45D0-BE69-B869C9B1803E}.Release|x86.Build.0 = Release|x86
		{55C8E245-79A5-4E23-838F-BA959B892197}.Debug|Any CPU.ActiveCfg = Debug|x86
		{55C8E245-79A5-4E23-838F-BA959B892197}.Debug|Mixed Platforms.ActiveCfg = Debug|x86
		{55C8E245-79A5-4E23-838F-BA959B892197}.Debug|Mixed Platforms.Build.0 = Debug|x86
		{55C8E245-79A5-4E23-838F-BA959B892197}.Debug|x86.ActiveCfg = Debug|x86
		{55C8E245-79A5-4E23-838F-BA959B892197}.Debug|x86.Build.0 = Debug|x86
		{55C8E245-79A5-4E23-838F-BA959B892197}.Debug+Web|Any CPU.ActiveCfg = Debug+Web|x86
		{55C8E245-79A5-4E23-838F-BA959B892197}.Debug+Web|Mixed Platforms.ActiveCfg = Debug+Web|x86
		{55C8E245-79A5-4E23-838F-BA959B892197}.Debug+Web|Mixed Platforms.Build.0 = Debug+Web|x86
		{55C8E245-79A5-4E23-838F-BA959B892197}.Debug+Web|x86.ActiveCfg = Debug+Web|x86
		{55C8E245-79A5-4E23-838F-BA959B892197}.Debug+Web|x86.Build.0 = Debug+Web|x86
		{55C8E245-79A5-4E23-838F-BA959B892197}.Release|Any CPU.ActiveCfg = Release|x86
		{55C8E245-79A5-4E23-838F-BA959B892197}.Release|Mixed Platforms.ActiveCfg = Release|x86
		{55C8E245-79A5-4E23-838F-BA959B892197}.Release|Mixed Platforms.Build.0 = Release|x86
		{55C8E245-79A5-4E23-838F-BA959B892197}.Release|x86.ActiveCfg = Release|x86
		{55C8E245-79A5-4E23-838F-BA959B892197}.Release|x86.Build.0 = Release|x86
		{7E796695-4174-471A-BBE8-3CAF39904588}.Debug|Any CPU.ActiveCfg = Debug|x86
		{7E796695-4174-471A-BBE8-3CAF39904588}.Debug|Mixed Platforms.ActiveCfg = Debug|x86
		{7E796695-4174-471A-BBE8-3CAF39904588}.Debug|Mixed Platforms.Build.0 = Debug|x86
		{7E796695-4174-471A-BBE8-3CAF39904588}.Debug|x86.ActiveCfg = Debug|x86
		{7E796695-4174-471A-BBE8-3CAF39904588}.Debug|x86.Build.0 = Debug|x86
		{7E796695-4174-471A-BBE8-3CAF39904588}.Debug+Web|Any CPU.ActiveCfg = Debug+Web|x86
		{7E796695-4174-471A-BBE8-3CAF39904588}.Debug+Web|Mixed Platforms.ActiveCfg = Debug+Web|x86
		{7E796695-4174-471A-BBE8-3CAF39904588}.Debug+Web|Mixed Platforms.Build.0 = Debug+Web|x86
		{7E796695-4174-471A-BBE8-3CAF39904588}.Debug+Web|x86.ActiveCfg = Debug+Web|x86
		{7E796695-4174-471A-BBE8-3CAF39904588}.Debug+Web|x86.Build.0 = Debug+Web|x86
		{7E796695-4174-471A-BBE8-3CAF39904588}.Release|Any CPU.ActiveCfg = Release|x86
		{7E796695-4174-471A-BBE8-3CAF39904588}.Release|Mixed Platforms.ActiveCfg = Release|x86
		{7E796695-4174-471A-BBE8-3CAF39904588}.Release|Mixed Platforms.Build.0 = Release|x86
		{7E796695-4174-471A-BBE8-3CAF39904588}.Release|x86.ActiveCfg = Release|x86
		{7E796695-4174-471A-BBE8-3CAF39904588}.Release|x86.Build.0 = Release|x86
		{0A06B3EA-5934-4373-854A-B4D6E7E1FE16}.Debug|Any CPU.ActiveCfg = Debug|x86
		{0A06B3EA-5934-4373-854A-B4D6E7E1FE16}.Debug|Mixed Platforms.ActiveCfg = Debug|x86
		{0A06B3EA-5934-4373-854A-B4D6E7E1FE16}.Debug|Mixed Platforms.Build.0 = Debug|x86
		{0A06B3EA-5934-4373-854A-B4D6E7E1FE16}.Debug|x86.ActiveCfg = Debug|x86
		{0A06B3EA-5934-4373-854A-B4D6E7E1FE16}.Debug|x86.Build.0 = Debug|x86
		{0A06B3EA-5934-4373-854A-B4D6E7E1FE16}.Debug+Web|Any CPU.ActiveCfg = Debug+Web|x86
		{0A06B3EA-5934-4373-854A-B4D6E7E1FE16}.Debug+Web|Mixed Platforms.ActiveCfg = Debug+Web|x86
		{0A06B3EA-5934-4373-854A-B4D6E7E1FE16}.Debug+Web|Mixed Platforms.Build.0 = Debug+Web|x86
		{0A06B3EA-5934-4373-854A-B4D6E7E1FE16}.Debug+Web|x86.ActiveCfg = Debug+Web|x86
		{0A06B3EA-5934-4373-854A-B4D6E7E1FE16}.Debug+Web|x86.Build.0 = Debug+Web|x86
		{0A06B3EA-5934-4373-854A-B4D6E7E1FE16}.Release|Any CPU.ActiveCfg = Release|x86
		{0A06B3EA-5934-4373-854A-B4D6E7E1FE16}.Release|Mixed Platforms.ActiveCfg = Release|x86
		{0A06B3EA-5934-4373-854A-B4D6E7E1FE16}.Release|Mixed Platforms.Build.0 = Release|x86
		{0A06B3EA-5934-4373-854A-B4D6E7E1FE16}.Release|x86.ActiveCfg = Release|x86
		{0A06B3EA-5934-4373-854A-B4D6E7E1FE16}.Release|x86.Build.0 = Release|x86
		{F7118566-EBBE-4001-9074-8FCD69A8F51F}.Debug|Any CPU.ActiveCfg = Debug|x86
		{F7118566-EBBE-4001-9074-8FCD69A8F51F}.Debug|Mixed Platforms.ActiveCfg = Debug|x86
		{F7118566-EBBE-4001-9074-8FCD69A8F51F}.Debug|Mixed Platforms.Build.0 = Debug|x86
		{F7118566-EBBE-4001-9074-8FCD69A8F51F}.Debug|x86.ActiveCfg = Debug|x86
		{F7118566-EBBE-4001-9074-8FCD69A8F51F}.Debug|x86.Build.0 = Debug|x86
		{F7118566-EBBE-4001-9074-8FCD69A8F51F}.Debug+Web|Any CPU.ActiveCfg = Debug+Web|x86
		{F7118566-EBBE-4001-9074-8FCD69A8F51F}.Debug+Web|Mixed Platforms.ActiveCfg = Debug+Web|x86
		{F7118566-EBBE-4001-9074-8FCD69A8F51F}.Debug+Web|Mixed Platforms.Build.0 = Debug+Web|x86
		{F7118566-EBBE-4001-9074-8FCD69A8F51F}.Debug+Web|x86.ActiveCfg = Debug+Web|x86
		{F7118566-EBBE-4001-9074-8FCD69A8F51F}.Debug+Web|x86.Build.0 = Debug+Web|x86
		{F7118566-EBBE-4001-9074-8FCD69A8F51F}.Release|Any CPU.ActiveCfg = Release|x86
		{F7118566-EBBE-4001-9074-8FCD69A8F51F}.Release|Mixed Platforms.ActiveCfg = Release|x86
		{F7118566-EBBE-4001-9074-8FCD69A8F51F}.Release|Mixed Platforms.Build.0 = Release|x86
		{F7118566-EBBE-4001-9074-8FCD69A8F51F}.Release|x86.ActiveCfg = Release|x86
		{F7118566-EBBE-4001-9074-8FCD69A8F51F}.Release|x86.Build.0 = Release|x86
		{5168BEB2-A9EC-4CDF-B150-2BE9375D7069}.Debug|Any CPU.ActiveCfg = Debug|x86
		{5168BEB2-A9EC-4CDF-B150-2BE9375D7069}.Debug|Mixed Platforms.ActiveCfg = Debug|x86
		{5168BEB2-A9EC-4CDF-B150-2BE9375D7069}.Debug|x86.ActiveCfg = Debug|x86
		{5168BEB2-A9EC-4CDF-B150-2BE9375D7069}.Debug|x86.Build.0 = Debug|x86
		{5168BEB2-A9EC-4CDF-B150-2BE9375D7069}.Debug+Web|Any CPU.ActiveCfg = Debug+Web|x86
		{5168BEB2-A9EC-4CDF-B150-2BE9375D7069}.Debug+Web|Mixed Platforms.ActiveCfg = Debug+Web|x86
		{5168BEB2-A9EC-4CDF-B150-2BE9375D7069}.Debug+Web|x86.ActiveCfg = Debug+Web|x86
		{5168BEB2-A9EC-4CDF-B150-2BE9375D7069}.Debug+Web|x86.Build.0 = Debug+Web|x86
		{5168BEB2-A9EC-4CDF-B150-2BE9375D7069}.Release|Any CPU.ActiveCfg = Release|x86
		{5168BEB2-A9EC-4CDF-B150-2BE9375D7069}.Release|Mixed Platforms.ActiveCfg = Release|x86
		{5168BEB2-A9EC-4CDF-B150-2BE9375D7069}.Release|x86.ActiveCfg = Release|x86
		{5168BEB2-A9EC-4CDF-B150-2BE9375D7069}.Release|x86.Build.0 = Release|x86
		{4C6F9F9C-A4E8-483F-866C-2552DDBDD4F5}.Debug|Any CPU.ActiveCfg = Debug|x86
		{4C6F9F9C-A4E8-483F-866C-2552DDBDD4F5}.Debug|Mixed Platforms.ActiveCfg = Debug|x86
		{4C6F9F9C-A4E8-483F-866C-2552DDBDD4F5}.Debug|Mixed Platforms.Build.0 = Debug|x86
		{4C6F9F9C-A4E8-483F-866C-2552DDBDD4F5}.Debug|x86.ActiveCfg = Debug|x86
		{4C6F9F9C-A4E8-483F-866C-2552DDBDD4F5}.Debug|x86.Build.0 = Debug|x86
		{4C6F9F9C-A4E8-483F-866C-2552DDBDD4F5}.Debug+Web|Any CPU.ActiveCfg = Debug+Web|x86
		{4C6F9F9C-A4E8-483F-866C-2552DDBDD4F5}.Debug+Web|Mixed Platforms.ActiveCfg = Debug+Web|x86
		{4C6F9F9C-A4E8-483F-866C-2552DDBDD4F5}.Debug+Web|Mixed Platforms.Build.0 = Debug+Web|x86
		{4C6F9F9C-A4E8-483F-866C-2552DDBDD4F5}.Debug+Web|x86.ActiveCfg = Debug+Web|x86
		{4C6F9F9C-A4E8-483F-866C-2552DDBDD4F5}.Debug+Web|x86.Build.0 = Debug+Web|x86
		{4C6F9F9C-A4E8-483F-866C-2552DDBDD4F5}.Release|Any CPU.ActiveCfg = Release|x86
		{4C6F9F9C-A4E8-483F-866C-2552DDBDD4F5}.Release|Mixed Platforms.ActiveCfg = Release|x86
		{4C6F9F9C-A4E8-483F-866C-2552DDBDD4F5}.Release|Mixed Platforms.Build.0 = Release|x86
		{4C6F9F9C-A4E8-483F-866C-2552DDBDD4F5}.Release|x86.ActiveCfg = Release|x86
		{4C6F9F9C-A4E8-483F-866C-2552DDBDD4F5}.Release|x86.Build.0 = Release|x86
		{8E4914D0-07E1-48F7-91E2-04B19C36CCA3}.Debug|Any CPU.ActiveCfg = Debug|x86
		{8E4914D0-07E1-48F7-91E2-04B19C36CCA3}.Debug|Mixed Platforms.ActiveCfg = Debug|x86
		{8E4914D0-07E1-48F7-91E2-04B19C36CCA3}.Debug|Mixed Platforms.Build.0 = Debug|x86
		{8E4914D0-07E1-48F7-91E2-04B19C36CCA3}.Debug|x86.ActiveCfg = Debug|x86
		{8E4914D0-07E1-48F7-91E2-04B19C36CCA3}.Debug|x86.Build.0 = Debug|x86
		{8E4914D0-07E1-48F7-91E2-04B19C36CCA3}.Debug+Web|Any CPU.ActiveCfg = Debug|x86
		{8E4914D0-07E1-48F7-91E2-04B19C36CCA3}.Debug+Web|Mixed Platforms.ActiveCfg = Debug|x86
		{8E4914D0-07E1-48F7-91E2-04B19C36CCA3}.Debug+Web|Mixed Platforms.Build.0 = Debug|x86
		{8E4914D0-07E1-48F7-91E2-04B19C36CCA3}.Debug+Web|x86.ActiveCfg = Debug|x86
		{8E4914D0-07E1-48F7-91E2-04B19C36CCA3}.Debug+Web|x86.Build.0 = Debug|x86
		{8E4914D0-07E1-48F7-91E2-04B19C36CCA3}.Release|Any CPU.ActiveCfg = Release|x86
		{8E4914D0-07E1-48F7-91E2-04B19C36CCA3}.Release|Mixed Platforms.ActiveCfg = Release|x86
		{8E4914D0-07E1-48F7-91E2-04B19C36CCA3}.Release|Mixed Platforms.Build.0 = Release|x86
		{8E4914D0-07E1-48F7-91E2-04B19C36CCA3}.Release|x86.ActiveCfg = Release|x86
		{8E4914D0-07E1-48F7-91E2-04B19C36CCA3}.Release|x86.Build.0 = Release|x86
	EndGlobalSection
	GlobalSection(SolutionProperties) = preSolution
		HideSolutionNode = FALSE
	EndGlobalSection
	GlobalSection(NestedProjects) = preSolution
		{DB87A2C1-8830-472A-9395-B1E087CBF9C0} = {D8EA1B59-13BE-48B8-B197-5C26FAE7099F}
		{37373A78-B805-4642-A148-0AE089189029} = {D8EA1B59-13BE-48B8-B197-5C26FAE7099F}
		{4A183140-3153-4F7E-A692-F4E3EF2CFA0A} = {DB87A2C1-8830-472A-9395-B1E087CBF9C0}
		{F7AD2BB5-D2B0-4697-BDDB-4CC26152A6B6} = {DB87A2C1-8830-472A-9395-B1E087CBF9C0}
		{82073B72-5B43-4333-9BF4-081BE4C85435} = {2DC1CA2C-F4F6-4779-B000-597CB6A54A04}
		{3EAD4932-C494-40B5-A636-690E8BD5D5F5} = {2DC1CA2C-F4F6-4779-B000-597CB6A54A04}
		{55C8E245-79A5-4E23-838F-BA959B892197} = {2DC1CA2C-F4F6-4779-B000-597CB6A54A04}
		{F7118566-EBBE-4001-9074-8FCD69A8F51F} = {2DC1CA2C-F4F6-4779-B000-597CB6A54A04}
		{5168BEB2-A9EC-4CDF-B150-2BE9375D7069} = {2DC1CA2C-F4F6-4779-B000-597CB6A54A04}
		{4C6F9F9C-A4E8-483F-866C-2552DDBDD4F5} = {2DC1CA2C-F4F6-4779-B000-597CB6A54A04}
		{8E4914D0-07E1-48F7-91E2-04B19C36CCA3} = {2DC1CA2C-F4F6-4779-B000-597CB6A54A04}
		{E95FA1C8-6491-4B4B-BBE1-EDA6B16B2C6A} = {8377F240-717A-4BD7-8896-80B4B35C1F8F}
		{8A1D7DD9-C44D-4593-A2AA-8A558550336E} = {2061EBCC-F80E-4035-AEAA-EB3BCFDD06AE}
		{81B3A7F0-F8E4-45D0-BE69-B869C9B1803E} = {FC35C4A4-7608-4A73-9C7E-C6837FD24AB2}
		{7E796695-4174-471A-BBE8-3CAF39904588} = {37373A78-B805-4642-A148-0AE089189029}
		{0A06B3EA-5934-4373-854A-B4D6E7E1FE16} = {37373A78-B805-4642-A148-0AE089189029}
	EndGlobalSection
EndGlobal
