
Microsoft Visual Studio Solution File, Format Version 12.00
# Visual Studio 14
VisualStudioVersion = 14.0.24720.0
MinimumVisualStudioVersion = 10.0.40219.1
Project("{2150E333-8FDC-42A3-9474-1A3956D46DE8}") = "Base", "Base", "{BF6B8C64-C111-450A-A8CA-297B75CDFEF8}"
EndProject
Project("{2150E333-8FDC-42A3-9474-1A3956D46DE8}") = "Math", "Math", "{10F295C8-6BE9-4028-A046-A1657FC8DFDC}"
EndProject
Project("{2150E333-8FDC-42A3-9474-1A3956D46DE8}") = "Engine", "Engine", "{15338FBD-C26A-45E2-ACF8-202DA51448CB}"
EndProject
Project("{2150E333-8FDC-42A3-9474-1A3956D46DE8}") = "Imp", "Imp", "{A134FDBF-E063-415F-94F3-BF51C36AAB57}"
EndProject
Project("{2150E333-8FDC-42A3-9474-1A3956D46DE8}") = "Imp", "Imp", "{8242184B-D6AF-4129-8225-77D53F81BFDD}"
EndProject
Project("{FAE04EC0-301F-11D3-BF4B-00C04F79EFBC}") = "Fusee.Base.Common", "Base\Common\Fusee.Base.Common.csproj", "{5906ABE0-1D62-4F9A-9ABA-B7D301615BB0}"
EndProject
Project("{FAE04EC0-301F-11D3-BF4B-00C04F79EFBC}") = "Fusee.Engine.Common", "Engine\Common\Fusee.Engine.Common.csproj", "{DFD770F6-4222-4255-AAE0-DCACDC7B21EB}"
EndProject
Project("{FAE04EC0-301F-11D3-BF4B-00C04F79EFBC}") = "Fusee.Engine.Core", "Engine\Core\Fusee.Engine.Core.csproj", "{1228EB3F-8BCC-453F-8A2E-D9246495A118}"
EndProject
Project("{FAE04EC0-301F-11D3-BF4B-00C04F79EFBC}") = "Fusee.Math.Core", "Math\Core\Fusee.Math.Core.csproj", "{E95FA1C8-6491-4B4B-BBE1-EDA6B16B2C6A}"
EndProject
Project("{2150E333-8FDC-42A3-9474-1A3956D46DE8}") = "Graphics", "Graphics", "{6295AB06-EBE4-4887-A811-20737F6F8645}"
EndProject
Project("{FAE04EC0-301F-11D3-BF4B-00C04F79EFBC}") = "Fusee.Xirkit", "Xirkit\Fusee.Xirkit.csproj", "{F091790C-ED62-44D2-8622-966030A98E0B}"
EndProject
Project("{FAE04EC0-301F-11D3-BF4B-00C04F79EFBC}") = "Fusee.Engine.Imp.Graphics.Web", "Engine\Imp\Graphics\Web\Fusee.Engine.Imp.Graphics.Web.csproj", "{82A2D997-B7AC-41D9-A166-65FCFED2114D}"
EndProject
Project("{FAE04EC0-301F-11D3-BF4B-00C04F79EFBC}") = "Fusee.Serialization", "Serialization\Fusee.Serialization.csproj", "{B7FAC89A-4E75-4EAC-BBC3-BBDB89C94B8A}"
EndProject
Project("{2150E333-8FDC-42A3-9474-1A3956D46DE8}") = "Sound", "Sound", "{DEF4479A-380F-46D8-83A9-7D0AC1FB0154}"
EndProject
Project("{FAE04EC0-301F-11D3-BF4B-00C04F79EFBC}") = "Fusee.Engine.Imp.Sound.Desktop", "Engine\Imp\Sound\Desktop\Fusee.Engine.Imp.Sound.Desktop.csproj", "{0A06B3EA-5934-4373-854A-B4D6E7E1FE16}"
EndProject
Project("{FAE04EC0-301F-11D3-BF4B-00C04F79EFBC}") = "Fusee.Engine.Imp.Sound.Web", "Engine\Imp\Sound\Web\Fusee.Engine.Imp.Sound.Web.csproj", "{5142DBD9-C256-4CC6-A457-CDD263CA0AD1}"
EndProject
Project("{2150E333-8FDC-42A3-9474-1A3956D46DE8}") = "Network", "Network", "{2E71E14D-7BB8-4112-A223-E7038B4E50E7}"
EndProject
Project("{FAE04EC0-301F-11D3-BF4B-00C04F79EFBC}") = "Fusee.Engine.Imp.Network.Web", "Engine\Imp\Network\Web\Fusee.Engine.Imp.Network.Web.csproj", "{166CA771-E82F-4D70-BE1E-C78E705FC95C}"
EndProject
Project("{FAE04EC0-301F-11D3-BF4B-00C04F79EFBC}") = "Fusee.Engine.Imp.Network.Desktop", "Engine\Imp\Network\Desktop\Fusee.Engine.Imp.Network.Desktop.csproj", "{8CE7CE74-06B0-46B8-A48A-21F821287449}"
EndProject
Project("{2150E333-8FDC-42A3-9474-1A3956D46DE8}") = "Physics", "Physics", "{9E5B469F-4E1A-429A-9BD1-2101ADFC519F}"
EndProject
Project("{FAE04EC0-301F-11D3-BF4B-00C04F79EFBC}") = "Fusee.Engine.Imp.Physics.Desktop", "Engine\Imp\Physics\Desktop\Fusee.Engine.Imp.Physics.Desktop.csproj", "{A44DA267-B8B9-4724-9218-2DDBF995FC2A}"
EndProject
Project("{2150E333-8FDC-42A3-9474-1A3956D46DE8}") = "Input", "Input", "{0031E648-EE0B-4E67-98A5-C5DE7345E01A}"
EndProject
Project("{FAE04EC0-301F-11D3-BF4B-00C04F79EFBC}") = "Fusee.Engine.Imp.Input.Desktop", "Engine\Imp\Input\Desktop\Fusee.Engine.Imp.Input.Desktop.csproj", "{F548D04A-7F67-4F5C-971C-794AB05B5FC3}"
EndProject
Project("{FAE04EC0-301F-11D3-BF4B-00C04F79EFBC}") = "Fusee.Engine.Imp.Input.Web", "Engine\Imp\Input\Web\Fusee.Engine.Imp.Input.Web.csproj", "{6B7E71E7-4387-4C4A-8616-BE4887CD0313}"
EndProject
Project("{2150E333-8FDC-42A3-9474-1A3956D46DE8}") = "Video", "Video", "{D5841880-E51F-4597-AB1F-9200B34D5989}"
EndProject
Project("{FAE04EC0-301F-11D3-BF4B-00C04F79EFBC}") = "Fusee.Engine.Imp.Video.Desktop", "Engine\Imp\Video\Desktop\Fusee.Engine.Imp.Video.Desktop.csproj", "{86AD9C76-6743-434C-A48D-BE8DA9C62779}"
EndProject
Project("{FAE04EC0-301F-11D3-BF4B-00C04F79EFBC}") = "Fusee.Engine.Imp.Video.Web", "Engine\Imp\Video\Web\Fusee.Engine.Imp.Video.Web.csproj", "{DD56D50E-0B59-4EB7-AA1B-9F5C8325A7BC}"
EndProject
Project("{FAE04EC0-301F-11D3-BF4B-00C04F79EFBC}") = "Fusee.Xene", "Xene\Fusee.Xene.csproj", "{10DA02FC-109F-4D71-864A-9F5B1E9A0D70}"
EndProject
Project("{FAE04EC0-301F-11D3-BF4B-00C04F79EFBC}") = "Fusee.Base.Core", "Base\Core\Fusee.Base.Core.csproj", "{7E0C9336-7A38-4C87-97E2-A8D2A90AA29D}"
EndProject
Project("{2150E333-8FDC-42A3-9474-1A3956D46DE8}") = "Examples", "Examples", "{86C1CD6F-F5D8-4183-9032-3E323C33672C}"
EndProject
Project("{FAE04EC0-301F-11D3-BF4B-00C04F79EFBC}") = "Fusee.Engine.Examples.Simple.Core", "Engine\Examples\Simple\Core\Fusee.Engine.Examples.Simple.Core.csproj", "{C4157BCB-D3A0-45C6-A84B-735FBD8C7AA8}"
	ProjectSection(ProjectDependencies) = postProject
		{97C823BE-0447-46CC-80E7-CB88B19FBCAA} = {97C823BE-0447-46CC-80E7-CB88B19FBCAA}
	EndProjectSection
EndProject
Project("{2150E333-8FDC-42A3-9474-1A3956D46DE8}") = "Simple", "Simple", "{76BEC6C3-C4F0-4208-BBC5-4F318D8940A6}"
EndProject
Project("{FAE04EC0-301F-11D3-BF4B-00C04F79EFBC}") = "Fusee.Engine.Examples.Simple.Desktop", "Engine\Examples\Simple\Desktop\Fusee.Engine.Examples.Simple.Desktop.csproj", "{A8C041C0-3A74-4976-9060-70E2A865D521}"
EndProject
Project("{FAE04EC0-301F-11D3-BF4B-00C04F79EFBC}") = "Fusee.Engine.Examples.Simple.Web", "Engine\Examples\Simple\Web\Fusee.Engine.Examples.Simple.Web.csproj", "{DB21584F-4EA6-486A-9BDB-77D372CF1D64}"
	ProjectSection(ProjectDependencies) = postProject
		{19558F0D-C910-43E3-9E09-59452F6EC528} = {19558F0D-C910-43E3-9E09-59452F6EC528}
		{97C823BE-0447-46CC-80E7-CB88B19FBCAA} = {97C823BE-0447-46CC-80E7-CB88B19FBCAA}
	EndProjectSection
EndProject
Project("{2150E333-8FDC-42A3-9474-1A3956D46DE8}") = "Tools", "Tools", "{0C344D5F-BE70-4828-B95A-1D313B894BC3}"
EndProject
Project("{FAE04EC0-301F-11D3-BF4B-00C04F79EFBC}") = "fuGen", "Tools\fuGen\fuGen.csproj", "{97C823BE-0447-46CC-80E7-CB88B19FBCAA}"
EndProject
Project("{2150E333-8FDC-42A3-9474-1A3956D46DE8}") = "SoundTest", "SoundTest", "{D2A59DDA-585B-4802-B1FF-762F96F3A5C5}"
EndProject
Project("{FAE04EC0-301F-11D3-BF4B-00C04F79EFBC}") = "Fusee.Engine.Examples.SoundTest.Core", "Engine\Examples\SoundTest\Core\Fusee.Engine.Examples.SoundTest.Core.csproj", "{2FC73459-09ED-4077-9203-958B1E325CE8}"
EndProject
Project("{FAE04EC0-301F-11D3-BF4B-00C04F79EFBC}") = "Fusee.Engine.Examples.SoundTest.Desktop", "Engine\Examples\SoundTest\Desktop\Fusee.Engine.Examples.SoundTest.Desktop.csproj", "{56281347-1095-448D-8369-47A30AD9C60E}"
EndProject
Project("{FAE04EC0-301F-11D3-BF4B-00C04F79EFBC}") = "Fusee.Engine.Examples.SoundTest.Web", "Engine\Examples\SoundTest\Web\Fusee.Engine.Examples.SoundTest.Web.csproj", "{A972E502-DCFC-4AFE-8F90-B89C52AF86B5}"
	ProjectSection(ProjectDependencies) = postProject
		{19558F0D-C910-43E3-9E09-59452F6EC528} = {19558F0D-C910-43E3-9E09-59452F6EC528}
		{97C823BE-0447-46CC-80E7-CB88B19FBCAA} = {97C823BE-0447-46CC-80E7-CB88B19FBCAA}
	EndProjectSection
EndProject
Project("{FAE04EC0-301F-11D3-BF4B-00C04F79EFBC}") = "fuHttp", "Tools\fuHttp\fuHttp.csproj", "{19558F0D-C910-43E3-9E09-59452F6EC528}"
EndProject
Project("{FAE04EC0-301F-11D3-BF4B-00C04F79EFBC}") = "Fusee.Engine.Examples.Simple.Android", "Engine\Examples\Simple\Android\Fusee.Engine.Examples.Simple.Android.csproj", "{73A74ADF-6308-42A0-8BA6-2B5D53238546}"
EndProject
Project("{D954291E-2A0B-460D-934E-DC6B0785DB48}") = "Fusee.Engine.Imp.Graphics.Shared", "Engine\Imp\Graphics\Shared\Fusee.Engine.Imp.Graphics.Shared.shproj", "{253263C9-9C67-44A5-94D3-51C586BBDAEC}"
EndProject
Project("{FAE04EC0-301F-11D3-BF4B-00C04F79EFBC}") = "Fusee.Engine.Imp.Graphics.Desktop", "Engine\Imp\Graphics\Desktop\Fusee.Engine.Imp.Graphics.Desktop.csproj", "{F7AD2BB5-D2B0-4697-BDDB-4CC26152A6B6}"
EndProject
Project("{FAE04EC0-301F-11D3-BF4B-00C04F79EFBC}") = "Fusee.Engine.Imp.Graphics.Android", "Engine\Imp\Graphics\Android\Fusee.Engine.Imp.Graphics.Android.csproj", "{B3CE4F39-FCC4-4388-8130-9D0B9D65D034}"
EndProject
Project("{FAE04EC0-301F-11D3-BF4B-00C04F79EFBC}") = "Fusee.Base.Imp.Android", "Base\Imp\Android\Fusee.Base.Imp.Android.csproj", "{19A46A28-9369-4AF2-A8A5-0303D3A0A8C0}"
EndProject
Project("{D954291E-2A0B-460D-934E-DC6B0785DB48}") = "Fusee.Base.Imp.Shared", "Base\Imp\Shared\Fusee.Base.Imp.Shared.shproj", "{3564577B-6BA7-41DC-9B19-FD6FBD690CB0}"
EndProject
Project("{FAE04EC0-301F-11D3-BF4B-00C04F79EFBC}") = "Fusee.Base.Imp.Desktop", "Base\Imp\Desktop\Fusee.Base.Imp.Desktop.csproj", "{4B5EC54F-E0FB-4AA8-85E7-EB84843D5C7C}"
EndProject
Project("{FAE04EC0-301F-11D3-BF4B-00C04F79EFBC}") = "Fusee.Base.Imp.Web", "Base\Imp\Web\Fusee.Base.Imp.Web.csproj", "{7E9E4C1F-E2C8-4011-ACBC-E9D305DC4855}"
EndProject
Global
	GlobalSection(SharedMSBuildProjectFiles) = preSolution
		Base\Imp\Shared\Fusee.Base.Imp.Shared.projitems*{3564577b-6ba7-41dc-9b19-fd6fbd690cb0}*SharedItemsImports = 13
		Engine\Imp\Graphics\Shared\Fusee.Engine.Imp.Graphics.Shared.projitems*{b3ce4f39-fcc4-4388-8130-9d0b9d65d034}*SharedItemsImports = 4
		Engine\Imp\Graphics\Shared\Fusee.Engine.Imp.Graphics.Shared.projitems*{253263c9-9c67-44a5-94d3-51c586bbdaec}*SharedItemsImports = 13
		Base\Imp\Shared\Fusee.Base.Imp.Shared.projitems*{4b5ec54f-e0fb-4aa8-85e7-eb84843d5c7c}*SharedItemsImports = 4
		Engine\Imp\Graphics\Shared\Fusee.Engine.Imp.Graphics.Shared.projitems*{f7ad2bb5-d2b0-4697-bddb-4cc26152a6b6}*SharedItemsImports = 4
		Base\Imp\Shared\Fusee.Base.Imp.Shared.projitems*{7e9e4c1f-e2c8-4011-acbc-e9d305dc4855}*SharedItemsImports = 4
	EndGlobalSection
	GlobalSection(SolutionConfigurationPlatforms) = preSolution
		Debug|Any CPU = Debug|Any CPU
		Debug|ARM = Debug|ARM
		Debug|ARM64 = Debug|ARM64
		Debug|x64 = Debug|x64
		Debug|x86 = Debug|x86
		Debug+Web|Any CPU = Debug+Web|Any CPU
		Debug+Web|ARM = Debug+Web|ARM
		Debug+Web|ARM64 = Debug+Web|ARM64
		Debug+Web|x64 = Debug+Web|x64
		Debug+Web|x86 = Debug+Web|x86
		Release|Any CPU = Release|Any CPU
		Release|ARM = Release|ARM
		Release|ARM64 = Release|ARM64
		Release|x64 = Release|x64
		Release|x86 = Release|x86
	EndGlobalSection
	GlobalSection(ProjectConfigurationPlatforms) = postSolution
		{5906ABE0-1D62-4F9A-9ABA-B7D301615BB0}.Debug|Any CPU.ActiveCfg = Debug|Any CPU
		{5906ABE0-1D62-4F9A-9ABA-B7D301615BB0}.Debug|Any CPU.Build.0 = Debug|Any CPU
		{5906ABE0-1D62-4F9A-9ABA-B7D301615BB0}.Debug|ARM.ActiveCfg = Debug|Any CPU
		{5906ABE0-1D62-4F9A-9ABA-B7D301615BB0}.Debug|ARM.Build.0 = Debug|Any CPU
		{5906ABE0-1D62-4F9A-9ABA-B7D301615BB0}.Debug|ARM64.ActiveCfg = Debug|Any CPU
		{5906ABE0-1D62-4F9A-9ABA-B7D301615BB0}.Debug|ARM64.Build.0 = Debug|Any CPU
		{5906ABE0-1D62-4F9A-9ABA-B7D301615BB0}.Debug|x64.ActiveCfg = Debug|Any CPU
		{5906ABE0-1D62-4F9A-9ABA-B7D301615BB0}.Debug|x64.Build.0 = Debug|Any CPU
		{5906ABE0-1D62-4F9A-9ABA-B7D301615BB0}.Debug|x86.ActiveCfg = Debug|Any CPU
		{5906ABE0-1D62-4F9A-9ABA-B7D301615BB0}.Debug|x86.Build.0 = Debug|Any CPU
		{5906ABE0-1D62-4F9A-9ABA-B7D301615BB0}.Debug+Web|Any CPU.ActiveCfg = Debug|Any CPU
		{5906ABE0-1D62-4F9A-9ABA-B7D301615BB0}.Debug+Web|Any CPU.Build.0 = Debug|Any CPU
		{5906ABE0-1D62-4F9A-9ABA-B7D301615BB0}.Debug+Web|ARM.ActiveCfg = Debug|Any CPU
		{5906ABE0-1D62-4F9A-9ABA-B7D301615BB0}.Debug+Web|ARM.Build.0 = Debug|Any CPU
		{5906ABE0-1D62-4F9A-9ABA-B7D301615BB0}.Debug+Web|ARM64.ActiveCfg = Debug|Any CPU
		{5906ABE0-1D62-4F9A-9ABA-B7D301615BB0}.Debug+Web|ARM64.Build.0 = Debug|Any CPU
		{5906ABE0-1D62-4F9A-9ABA-B7D301615BB0}.Debug+Web|x64.ActiveCfg = Debug|Any CPU
		{5906ABE0-1D62-4F9A-9ABA-B7D301615BB0}.Debug+Web|x64.Build.0 = Debug|Any CPU
		{5906ABE0-1D62-4F9A-9ABA-B7D301615BB0}.Debug+Web|x86.ActiveCfg = Debug|Any CPU
		{5906ABE0-1D62-4F9A-9ABA-B7D301615BB0}.Debug+Web|x86.Build.0 = Debug|Any CPU
		{5906ABE0-1D62-4F9A-9ABA-B7D301615BB0}.Release|Any CPU.ActiveCfg = Release|Any CPU
		{5906ABE0-1D62-4F9A-9ABA-B7D301615BB0}.Release|Any CPU.Build.0 = Release|Any CPU
		{5906ABE0-1D62-4F9A-9ABA-B7D301615BB0}.Release|ARM.ActiveCfg = Release|Any CPU
		{5906ABE0-1D62-4F9A-9ABA-B7D301615BB0}.Release|ARM.Build.0 = Release|Any CPU
		{5906ABE0-1D62-4F9A-9ABA-B7D301615BB0}.Release|ARM64.ActiveCfg = Release|Any CPU
		{5906ABE0-1D62-4F9A-9ABA-B7D301615BB0}.Release|ARM64.Build.0 = Release|Any CPU
		{5906ABE0-1D62-4F9A-9ABA-B7D301615BB0}.Release|x64.ActiveCfg = Release|Any CPU
		{5906ABE0-1D62-4F9A-9ABA-B7D301615BB0}.Release|x64.Build.0 = Release|Any CPU
		{5906ABE0-1D62-4F9A-9ABA-B7D301615BB0}.Release|x86.ActiveCfg = Release|Any CPU
		{5906ABE0-1D62-4F9A-9ABA-B7D301615BB0}.Release|x86.Build.0 = Release|Any CPU
		{DFD770F6-4222-4255-AAE0-DCACDC7B21EB}.Debug|Any CPU.ActiveCfg = Debug|Any CPU
		{DFD770F6-4222-4255-AAE0-DCACDC7B21EB}.Debug|Any CPU.Build.0 = Debug|Any CPU
		{DFD770F6-4222-4255-AAE0-DCACDC7B21EB}.Debug|ARM.ActiveCfg = Debug|Any CPU
		{DFD770F6-4222-4255-AAE0-DCACDC7B21EB}.Debug|ARM.Build.0 = Debug|Any CPU
		{DFD770F6-4222-4255-AAE0-DCACDC7B21EB}.Debug|ARM64.ActiveCfg = Debug|Any CPU
		{DFD770F6-4222-4255-AAE0-DCACDC7B21EB}.Debug|ARM64.Build.0 = Debug|Any CPU
		{DFD770F6-4222-4255-AAE0-DCACDC7B21EB}.Debug|x64.ActiveCfg = Debug|Any CPU
		{DFD770F6-4222-4255-AAE0-DCACDC7B21EB}.Debug|x64.Build.0 = Debug|Any CPU
		{DFD770F6-4222-4255-AAE0-DCACDC7B21EB}.Debug|x86.ActiveCfg = Debug|Any CPU
		{DFD770F6-4222-4255-AAE0-DCACDC7B21EB}.Debug|x86.Build.0 = Debug|Any CPU
		{DFD770F6-4222-4255-AAE0-DCACDC7B21EB}.Debug+Web|Any CPU.ActiveCfg = Debug+Web|Any CPU
		{DFD770F6-4222-4255-AAE0-DCACDC7B21EB}.Debug+Web|Any CPU.Build.0 = Debug+Web|Any CPU
		{DFD770F6-4222-4255-AAE0-DCACDC7B21EB}.Debug+Web|ARM.ActiveCfg = Debug+Web|Any CPU
		{DFD770F6-4222-4255-AAE0-DCACDC7B21EB}.Debug+Web|ARM.Build.0 = Debug+Web|Any CPU
		{DFD770F6-4222-4255-AAE0-DCACDC7B21EB}.Debug+Web|ARM64.ActiveCfg = Debug+Web|Any CPU
		{DFD770F6-4222-4255-AAE0-DCACDC7B21EB}.Debug+Web|ARM64.Build.0 = Debug+Web|Any CPU
		{DFD770F6-4222-4255-AAE0-DCACDC7B21EB}.Debug+Web|x64.ActiveCfg = Debug+Web|Any CPU
		{DFD770F6-4222-4255-AAE0-DCACDC7B21EB}.Debug+Web|x64.Build.0 = Debug+Web|Any CPU
		{DFD770F6-4222-4255-AAE0-DCACDC7B21EB}.Debug+Web|x86.ActiveCfg = Debug+Web|Any CPU
		{DFD770F6-4222-4255-AAE0-DCACDC7B21EB}.Debug+Web|x86.Build.0 = Debug+Web|Any CPU
		{DFD770F6-4222-4255-AAE0-DCACDC7B21EB}.Release|Any CPU.ActiveCfg = Release|Any CPU
		{DFD770F6-4222-4255-AAE0-DCACDC7B21EB}.Release|Any CPU.Build.0 = Release|Any CPU
		{DFD770F6-4222-4255-AAE0-DCACDC7B21EB}.Release|ARM.ActiveCfg = Release|Any CPU
		{DFD770F6-4222-4255-AAE0-DCACDC7B21EB}.Release|ARM.Build.0 = Release|Any CPU
		{DFD770F6-4222-4255-AAE0-DCACDC7B21EB}.Release|ARM64.ActiveCfg = Release|Any CPU
		{DFD770F6-4222-4255-AAE0-DCACDC7B21EB}.Release|ARM64.Build.0 = Release|Any CPU
		{DFD770F6-4222-4255-AAE0-DCACDC7B21EB}.Release|x64.ActiveCfg = Release|Any CPU
		{DFD770F6-4222-4255-AAE0-DCACDC7B21EB}.Release|x64.Build.0 = Release|Any CPU
		{DFD770F6-4222-4255-AAE0-DCACDC7B21EB}.Release|x86.ActiveCfg = Release|Any CPU
		{DFD770F6-4222-4255-AAE0-DCACDC7B21EB}.Release|x86.Build.0 = Release|Any CPU
		{1228EB3F-8BCC-453F-8A2E-D9246495A118}.Debug|Any CPU.ActiveCfg = Debug|Any CPU
		{1228EB3F-8BCC-453F-8A2E-D9246495A118}.Debug|Any CPU.Build.0 = Debug|Any CPU
		{1228EB3F-8BCC-453F-8A2E-D9246495A118}.Debug|ARM.ActiveCfg = Debug|Any CPU
		{1228EB3F-8BCC-453F-8A2E-D9246495A118}.Debug|ARM.Build.0 = Debug|Any CPU
		{1228EB3F-8BCC-453F-8A2E-D9246495A118}.Debug|ARM64.ActiveCfg = Debug|Any CPU
		{1228EB3F-8BCC-453F-8A2E-D9246495A118}.Debug|ARM64.Build.0 = Debug|Any CPU
		{1228EB3F-8BCC-453F-8A2E-D9246495A118}.Debug|x64.ActiveCfg = Debug|Any CPU
		{1228EB3F-8BCC-453F-8A2E-D9246495A118}.Debug|x64.Build.0 = Debug|Any CPU
		{1228EB3F-8BCC-453F-8A2E-D9246495A118}.Debug|x86.ActiveCfg = Debug|Any CPU
		{1228EB3F-8BCC-453F-8A2E-D9246495A118}.Debug|x86.Build.0 = Debug|Any CPU
		{1228EB3F-8BCC-453F-8A2E-D9246495A118}.Debug+Web|Any CPU.ActiveCfg = Debug|Any CPU
		{1228EB3F-8BCC-453F-8A2E-D9246495A118}.Debug+Web|Any CPU.Build.0 = Debug|Any CPU
		{1228EB3F-8BCC-453F-8A2E-D9246495A118}.Debug+Web|ARM.ActiveCfg = Debug|Any CPU
		{1228EB3F-8BCC-453F-8A2E-D9246495A118}.Debug+Web|ARM.Build.0 = Debug|Any CPU
		{1228EB3F-8BCC-453F-8A2E-D9246495A118}.Debug+Web|ARM64.ActiveCfg = Debug|Any CPU
		{1228EB3F-8BCC-453F-8A2E-D9246495A118}.Debug+Web|ARM64.Build.0 = Debug|Any CPU
		{1228EB3F-8BCC-453F-8A2E-D9246495A118}.Debug+Web|x64.ActiveCfg = Debug|Any CPU
		{1228EB3F-8BCC-453F-8A2E-D9246495A118}.Debug+Web|x64.Build.0 = Debug|Any CPU
		{1228EB3F-8BCC-453F-8A2E-D9246495A118}.Debug+Web|x86.ActiveCfg = Debug|Any CPU
		{1228EB3F-8BCC-453F-8A2E-D9246495A118}.Debug+Web|x86.Build.0 = Debug|Any CPU
		{1228EB3F-8BCC-453F-8A2E-D9246495A118}.Release|Any CPU.ActiveCfg = Release|Any CPU
		{1228EB3F-8BCC-453F-8A2E-D9246495A118}.Release|Any CPU.Build.0 = Release|Any CPU
		{1228EB3F-8BCC-453F-8A2E-D9246495A118}.Release|ARM.ActiveCfg = Release|Any CPU
		{1228EB3F-8BCC-453F-8A2E-D9246495A118}.Release|ARM.Build.0 = Release|Any CPU
		{1228EB3F-8BCC-453F-8A2E-D9246495A118}.Release|ARM64.ActiveCfg = Release|Any CPU
		{1228EB3F-8BCC-453F-8A2E-D9246495A118}.Release|ARM64.Build.0 = Release|Any CPU
		{1228EB3F-8BCC-453F-8A2E-D9246495A118}.Release|x64.ActiveCfg = Release|Any CPU
		{1228EB3F-8BCC-453F-8A2E-D9246495A118}.Release|x64.Build.0 = Release|Any CPU
		{1228EB3F-8BCC-453F-8A2E-D9246495A118}.Release|x86.ActiveCfg = Release|Any CPU
		{1228EB3F-8BCC-453F-8A2E-D9246495A118}.Release|x86.Build.0 = Release|Any CPU
		{E95FA1C8-6491-4B4B-BBE1-EDA6B16B2C6A}.Debug|Any CPU.ActiveCfg = Debug|Any CPU
		{E95FA1C8-6491-4B4B-BBE1-EDA6B16B2C6A}.Debug|Any CPU.Build.0 = Debug|Any CPU
		{E95FA1C8-6491-4B4B-BBE1-EDA6B16B2C6A}.Debug|ARM.ActiveCfg = Debug|Any CPU
		{E95FA1C8-6491-4B4B-BBE1-EDA6B16B2C6A}.Debug|ARM.Build.0 = Debug|Any CPU
		{E95FA1C8-6491-4B4B-BBE1-EDA6B16B2C6A}.Debug|ARM64.ActiveCfg = Debug|Any CPU
		{E95FA1C8-6491-4B4B-BBE1-EDA6B16B2C6A}.Debug|ARM64.Build.0 = Debug|Any CPU
		{E95FA1C8-6491-4B4B-BBE1-EDA6B16B2C6A}.Debug|x64.ActiveCfg = Debug|Any CPU
		{E95FA1C8-6491-4B4B-BBE1-EDA6B16B2C6A}.Debug|x64.Build.0 = Debug|Any CPU
		{E95FA1C8-6491-4B4B-BBE1-EDA6B16B2C6A}.Debug|x86.ActiveCfg = Debug|Any CPU
		{E95FA1C8-6491-4B4B-BBE1-EDA6B16B2C6A}.Debug|x86.Build.0 = Debug|Any CPU
		{E95FA1C8-6491-4B4B-BBE1-EDA6B16B2C6A}.Debug+Web|Any CPU.ActiveCfg = Debug|Any CPU
		{E95FA1C8-6491-4B4B-BBE1-EDA6B16B2C6A}.Debug+Web|Any CPU.Build.0 = Debug|Any CPU
		{E95FA1C8-6491-4B4B-BBE1-EDA6B16B2C6A}.Debug+Web|ARM.ActiveCfg = Debug|Any CPU
		{E95FA1C8-6491-4B4B-BBE1-EDA6B16B2C6A}.Debug+Web|ARM.Build.0 = Debug|Any CPU
		{E95FA1C8-6491-4B4B-BBE1-EDA6B16B2C6A}.Debug+Web|ARM64.ActiveCfg = Debug|Any CPU
		{E95FA1C8-6491-4B4B-BBE1-EDA6B16B2C6A}.Debug+Web|ARM64.Build.0 = Debug|Any CPU
		{E95FA1C8-6491-4B4B-BBE1-EDA6B16B2C6A}.Debug+Web|x64.ActiveCfg = Debug|Any CPU
		{E95FA1C8-6491-4B4B-BBE1-EDA6B16B2C6A}.Debug+Web|x64.Build.0 = Debug|Any CPU
		{E95FA1C8-6491-4B4B-BBE1-EDA6B16B2C6A}.Debug+Web|x86.ActiveCfg = Debug|Any CPU
		{E95FA1C8-6491-4B4B-BBE1-EDA6B16B2C6A}.Debug+Web|x86.Build.0 = Debug|Any CPU
		{E95FA1C8-6491-4B4B-BBE1-EDA6B16B2C6A}.Release|Any CPU.ActiveCfg = Release|Any CPU
		{E95FA1C8-6491-4B4B-BBE1-EDA6B16B2C6A}.Release|Any CPU.Build.0 = Release|Any CPU
		{E95FA1C8-6491-4B4B-BBE1-EDA6B16B2C6A}.Release|ARM.ActiveCfg = Release|Any CPU
		{E95FA1C8-6491-4B4B-BBE1-EDA6B16B2C6A}.Release|ARM.Build.0 = Release|Any CPU
		{E95FA1C8-6491-4B4B-BBE1-EDA6B16B2C6A}.Release|ARM64.ActiveCfg = Release|Any CPU
		{E95FA1C8-6491-4B4B-BBE1-EDA6B16B2C6A}.Release|ARM64.Build.0 = Release|Any CPU
		{E95FA1C8-6491-4B4B-BBE1-EDA6B16B2C6A}.Release|x64.ActiveCfg = Release|Any CPU
		{E95FA1C8-6491-4B4B-BBE1-EDA6B16B2C6A}.Release|x64.Build.0 = Release|Any CPU
		{E95FA1C8-6491-4B4B-BBE1-EDA6B16B2C6A}.Release|x86.ActiveCfg = Release|Any CPU
		{E95FA1C8-6491-4B4B-BBE1-EDA6B16B2C6A}.Release|x86.Build.0 = Release|Any CPU
		{F091790C-ED62-44D2-8622-966030A98E0B}.Debug|Any CPU.ActiveCfg = Debug|Any CPU
		{F091790C-ED62-44D2-8622-966030A98E0B}.Debug|Any CPU.Build.0 = Debug|Any CPU
		{F091790C-ED62-44D2-8622-966030A98E0B}.Debug|ARM.ActiveCfg = Debug|Any CPU
		{F091790C-ED62-44D2-8622-966030A98E0B}.Debug|ARM.Build.0 = Debug|Any CPU
		{F091790C-ED62-44D2-8622-966030A98E0B}.Debug|ARM64.ActiveCfg = Debug|Any CPU
		{F091790C-ED62-44D2-8622-966030A98E0B}.Debug|ARM64.Build.0 = Debug|Any CPU
		{F091790C-ED62-44D2-8622-966030A98E0B}.Debug|x64.ActiveCfg = Debug|Any CPU
		{F091790C-ED62-44D2-8622-966030A98E0B}.Debug|x64.Build.0 = Debug|Any CPU
		{F091790C-ED62-44D2-8622-966030A98E0B}.Debug|x86.ActiveCfg = Debug|Any CPU
		{F091790C-ED62-44D2-8622-966030A98E0B}.Debug|x86.Build.0 = Debug|Any CPU
		{F091790C-ED62-44D2-8622-966030A98E0B}.Debug+Web|Any CPU.ActiveCfg = Debug|Any CPU
		{F091790C-ED62-44D2-8622-966030A98E0B}.Debug+Web|Any CPU.Build.0 = Debug|Any CPU
		{F091790C-ED62-44D2-8622-966030A98E0B}.Debug+Web|ARM.ActiveCfg = Debug|Any CPU
		{F091790C-ED62-44D2-8622-966030A98E0B}.Debug+Web|ARM.Build.0 = Debug|Any CPU
		{F091790C-ED62-44D2-8622-966030A98E0B}.Debug+Web|ARM64.ActiveCfg = Debug|Any CPU
		{F091790C-ED62-44D2-8622-966030A98E0B}.Debug+Web|ARM64.Build.0 = Debug|Any CPU
		{F091790C-ED62-44D2-8622-966030A98E0B}.Debug+Web|x64.ActiveCfg = Debug|Any CPU
		{F091790C-ED62-44D2-8622-966030A98E0B}.Debug+Web|x64.Build.0 = Debug|Any CPU
		{F091790C-ED62-44D2-8622-966030A98E0B}.Debug+Web|x86.ActiveCfg = Debug|Any CPU
		{F091790C-ED62-44D2-8622-966030A98E0B}.Debug+Web|x86.Build.0 = Debug|Any CPU
		{F091790C-ED62-44D2-8622-966030A98E0B}.Release|Any CPU.ActiveCfg = Release|Any CPU
		{F091790C-ED62-44D2-8622-966030A98E0B}.Release|Any CPU.Build.0 = Release|Any CPU
		{F091790C-ED62-44D2-8622-966030A98E0B}.Release|ARM.ActiveCfg = Release|Any CPU
		{F091790C-ED62-44D2-8622-966030A98E0B}.Release|ARM.Build.0 = Release|Any CPU
		{F091790C-ED62-44D2-8622-966030A98E0B}.Release|ARM64.ActiveCfg = Release|Any CPU
		{F091790C-ED62-44D2-8622-966030A98E0B}.Release|ARM64.Build.0 = Release|Any CPU
		{F091790C-ED62-44D2-8622-966030A98E0B}.Release|x64.ActiveCfg = Release|Any CPU
		{F091790C-ED62-44D2-8622-966030A98E0B}.Release|x64.Build.0 = Release|Any CPU
		{F091790C-ED62-44D2-8622-966030A98E0B}.Release|x86.ActiveCfg = Release|Any CPU
		{F091790C-ED62-44D2-8622-966030A98E0B}.Release|x86.Build.0 = Release|Any CPU
		{82A2D997-B7AC-41D9-A166-65FCFED2114D}.Debug|Any CPU.ActiveCfg = Debug|Any CPU
		{82A2D997-B7AC-41D9-A166-65FCFED2114D}.Debug|Any CPU.Build.0 = Debug|Any CPU
		{82A2D997-B7AC-41D9-A166-65FCFED2114D}.Debug|ARM.ActiveCfg = Debug|Any CPU
		{82A2D997-B7AC-41D9-A166-65FCFED2114D}.Debug|ARM.Build.0 = Debug|Any CPU
		{82A2D997-B7AC-41D9-A166-65FCFED2114D}.Debug|ARM64.ActiveCfg = Debug|Any CPU
		{82A2D997-B7AC-41D9-A166-65FCFED2114D}.Debug|ARM64.Build.0 = Debug|Any CPU
		{82A2D997-B7AC-41D9-A166-65FCFED2114D}.Debug|x64.ActiveCfg = Debug|Any CPU
		{82A2D997-B7AC-41D9-A166-65FCFED2114D}.Debug|x64.Build.0 = Debug|Any CPU
		{82A2D997-B7AC-41D9-A166-65FCFED2114D}.Debug|x86.ActiveCfg = Debug|Any CPU
		{82A2D997-B7AC-41D9-A166-65FCFED2114D}.Debug|x86.Build.0 = Debug|Any CPU
		{82A2D997-B7AC-41D9-A166-65FCFED2114D}.Debug+Web|Any CPU.ActiveCfg = Debug|Any CPU
		{82A2D997-B7AC-41D9-A166-65FCFED2114D}.Debug+Web|Any CPU.Build.0 = Debug|Any CPU
		{82A2D997-B7AC-41D9-A166-65FCFED2114D}.Debug+Web|ARM.ActiveCfg = Debug|Any CPU
		{82A2D997-B7AC-41D9-A166-65FCFED2114D}.Debug+Web|ARM.Build.0 = Debug|Any CPU
		{82A2D997-B7AC-41D9-A166-65FCFED2114D}.Debug+Web|ARM64.ActiveCfg = Debug|Any CPU
		{82A2D997-B7AC-41D9-A166-65FCFED2114D}.Debug+Web|ARM64.Build.0 = Debug|Any CPU
		{82A2D997-B7AC-41D9-A166-65FCFED2114D}.Debug+Web|x64.ActiveCfg = Debug|Any CPU
		{82A2D997-B7AC-41D9-A166-65FCFED2114D}.Debug+Web|x64.Build.0 = Debug|Any CPU
		{82A2D997-B7AC-41D9-A166-65FCFED2114D}.Debug+Web|x86.ActiveCfg = Debug|Any CPU
		{82A2D997-B7AC-41D9-A166-65FCFED2114D}.Debug+Web|x86.Build.0 = Debug|Any CPU
		{82A2D997-B7AC-41D9-A166-65FCFED2114D}.Release|Any CPU.ActiveCfg = Release|Any CPU
		{82A2D997-B7AC-41D9-A166-65FCFED2114D}.Release|Any CPU.Build.0 = Release|Any CPU
		{82A2D997-B7AC-41D9-A166-65FCFED2114D}.Release|ARM.ActiveCfg = Release|Any CPU
		{82A2D997-B7AC-41D9-A166-65FCFED2114D}.Release|ARM.Build.0 = Release|Any CPU
		{82A2D997-B7AC-41D9-A166-65FCFED2114D}.Release|ARM64.ActiveCfg = Release|Any CPU
		{82A2D997-B7AC-41D9-A166-65FCFED2114D}.Release|ARM64.Build.0 = Release|Any CPU
		{82A2D997-B7AC-41D9-A166-65FCFED2114D}.Release|x64.ActiveCfg = Release|Any CPU
		{82A2D997-B7AC-41D9-A166-65FCFED2114D}.Release|x64.Build.0 = Release|Any CPU
		{82A2D997-B7AC-41D9-A166-65FCFED2114D}.Release|x86.ActiveCfg = Release|Any CPU
		{82A2D997-B7AC-41D9-A166-65FCFED2114D}.Release|x86.Build.0 = Release|Any CPU
		{B7FAC89A-4E75-4EAC-BBC3-BBDB89C94B8A}.Debug|Any CPU.ActiveCfg = Debug|Any CPU
		{B7FAC89A-4E75-4EAC-BBC3-BBDB89C94B8A}.Debug|Any CPU.Build.0 = Debug|Any CPU
		{B7FAC89A-4E75-4EAC-BBC3-BBDB89C94B8A}.Debug|ARM.ActiveCfg = Debug|Any CPU
		{B7FAC89A-4E75-4EAC-BBC3-BBDB89C94B8A}.Debug|ARM.Build.0 = Debug|Any CPU
		{B7FAC89A-4E75-4EAC-BBC3-BBDB89C94B8A}.Debug|ARM64.ActiveCfg = Debug|Any CPU
		{B7FAC89A-4E75-4EAC-BBC3-BBDB89C94B8A}.Debug|ARM64.Build.0 = Debug|Any CPU
		{B7FAC89A-4E75-4EAC-BBC3-BBDB89C94B8A}.Debug|x64.ActiveCfg = Debug|Any CPU
		{B7FAC89A-4E75-4EAC-BBC3-BBDB89C94B8A}.Debug|x64.Build.0 = Debug|Any CPU
		{B7FAC89A-4E75-4EAC-BBC3-BBDB89C94B8A}.Debug|x86.ActiveCfg = Debug|Any CPU
		{B7FAC89A-4E75-4EAC-BBC3-BBDB89C94B8A}.Debug|x86.Build.0 = Debug|Any CPU
		{B7FAC89A-4E75-4EAC-BBC3-BBDB89C94B8A}.Debug+Web|Any CPU.ActiveCfg = Debug|Any CPU
		{B7FAC89A-4E75-4EAC-BBC3-BBDB89C94B8A}.Debug+Web|Any CPU.Build.0 = Debug|Any CPU
		{B7FAC89A-4E75-4EAC-BBC3-BBDB89C94B8A}.Debug+Web|ARM.ActiveCfg = Debug|Any CPU
		{B7FAC89A-4E75-4EAC-BBC3-BBDB89C94B8A}.Debug+Web|ARM.Build.0 = Debug|Any CPU
		{B7FAC89A-4E75-4EAC-BBC3-BBDB89C94B8A}.Debug+Web|ARM64.ActiveCfg = Debug|Any CPU
		{B7FAC89A-4E75-4EAC-BBC3-BBDB89C94B8A}.Debug+Web|ARM64.Build.0 = Debug|Any CPU
		{B7FAC89A-4E75-4EAC-BBC3-BBDB89C94B8A}.Debug+Web|x64.ActiveCfg = Debug|Any CPU
		{B7FAC89A-4E75-4EAC-BBC3-BBDB89C94B8A}.Debug+Web|x64.Build.0 = Debug|Any CPU
		{B7FAC89A-4E75-4EAC-BBC3-BBDB89C94B8A}.Debug+Web|x86.ActiveCfg = Debug|Any CPU
		{B7FAC89A-4E75-4EAC-BBC3-BBDB89C94B8A}.Debug+Web|x86.Build.0 = Debug|Any CPU
		{B7FAC89A-4E75-4EAC-BBC3-BBDB89C94B8A}.Release|Any CPU.ActiveCfg = Release|Any CPU
		{B7FAC89A-4E75-4EAC-BBC3-BBDB89C94B8A}.Release|Any CPU.Build.0 = Release|Any CPU
		{B7FAC89A-4E75-4EAC-BBC3-BBDB89C94B8A}.Release|ARM.ActiveCfg = Release|Any CPU
		{B7FAC89A-4E75-4EAC-BBC3-BBDB89C94B8A}.Release|ARM.Build.0 = Release|Any CPU
		{B7FAC89A-4E75-4EAC-BBC3-BBDB89C94B8A}.Release|ARM64.ActiveCfg = Release|Any CPU
		{B7FAC89A-4E75-4EAC-BBC3-BBDB89C94B8A}.Release|ARM64.Build.0 = Release|Any CPU
		{B7FAC89A-4E75-4EAC-BBC3-BBDB89C94B8A}.Release|x64.ActiveCfg = Release|Any CPU
		{B7FAC89A-4E75-4EAC-BBC3-BBDB89C94B8A}.Release|x64.Build.0 = Release|Any CPU
		{B7FAC89A-4E75-4EAC-BBC3-BBDB89C94B8A}.Release|x86.ActiveCfg = Release|Any CPU
		{B7FAC89A-4E75-4EAC-BBC3-BBDB89C94B8A}.Release|x86.Build.0 = Release|Any CPU
		{0A06B3EA-5934-4373-854A-B4D6E7E1FE16}.Debug|Any CPU.ActiveCfg = Debug|x86
		{0A06B3EA-5934-4373-854A-B4D6E7E1FE16}.Debug|ARM.ActiveCfg = Debug|x86
		{0A06B3EA-5934-4373-854A-B4D6E7E1FE16}.Debug|ARM64.ActiveCfg = Debug|x86
		{0A06B3EA-5934-4373-854A-B4D6E7E1FE16}.Debug|x64.ActiveCfg = Debug|x86
		{0A06B3EA-5934-4373-854A-B4D6E7E1FE16}.Debug|x86.ActiveCfg = Debug|x86
		{0A06B3EA-5934-4373-854A-B4D6E7E1FE16}.Debug|x86.Build.0 = Debug|x86
		{0A06B3EA-5934-4373-854A-B4D6E7E1FE16}.Debug+Web|Any CPU.ActiveCfg = Release|x86
		{0A06B3EA-5934-4373-854A-B4D6E7E1FE16}.Debug+Web|Any CPU.Build.0 = Release|x86
		{0A06B3EA-5934-4373-854A-B4D6E7E1FE16}.Debug+Web|ARM.ActiveCfg = Release|x86
		{0A06B3EA-5934-4373-854A-B4D6E7E1FE16}.Debug+Web|ARM.Build.0 = Release|x86
		{0A06B3EA-5934-4373-854A-B4D6E7E1FE16}.Debug+Web|ARM64.ActiveCfg = Release|x86
		{0A06B3EA-5934-4373-854A-B4D6E7E1FE16}.Debug+Web|ARM64.Build.0 = Release|x86
		{0A06B3EA-5934-4373-854A-B4D6E7E1FE16}.Debug+Web|x64.ActiveCfg = Release|x86
		{0A06B3EA-5934-4373-854A-B4D6E7E1FE16}.Debug+Web|x64.Build.0 = Release|x86
		{0A06B3EA-5934-4373-854A-B4D6E7E1FE16}.Debug+Web|x86.ActiveCfg = Debug|x86
		{0A06B3EA-5934-4373-854A-B4D6E7E1FE16}.Debug+Web|x86.Build.0 = Debug|x86
		{0A06B3EA-5934-4373-854A-B4D6E7E1FE16}.Release|Any CPU.ActiveCfg = Release|x86
		{0A06B3EA-5934-4373-854A-B4D6E7E1FE16}.Release|ARM.ActiveCfg = Release|x86
		{0A06B3EA-5934-4373-854A-B4D6E7E1FE16}.Release|ARM64.ActiveCfg = Release|x86
		{0A06B3EA-5934-4373-854A-B4D6E7E1FE16}.Release|x64.ActiveCfg = Release|x86
		{0A06B3EA-5934-4373-854A-B4D6E7E1FE16}.Release|x86.ActiveCfg = Release|x86
		{0A06B3EA-5934-4373-854A-B4D6E7E1FE16}.Release|x86.Build.0 = Release|x86
		{5142DBD9-C256-4CC6-A457-CDD263CA0AD1}.Debug|Any CPU.ActiveCfg = Debug|Any CPU
		{5142DBD9-C256-4CC6-A457-CDD263CA0AD1}.Debug|Any CPU.Build.0 = Debug|Any CPU
		{5142DBD9-C256-4CC6-A457-CDD263CA0AD1}.Debug|ARM.ActiveCfg = Debug|Any CPU
		{5142DBD9-C256-4CC6-A457-CDD263CA0AD1}.Debug|ARM.Build.0 = Debug|Any CPU
		{5142DBD9-C256-4CC6-A457-CDD263CA0AD1}.Debug|ARM64.ActiveCfg = Debug|Any CPU
		{5142DBD9-C256-4CC6-A457-CDD263CA0AD1}.Debug|ARM64.Build.0 = Debug|Any CPU
		{5142DBD9-C256-4CC6-A457-CDD263CA0AD1}.Debug|x64.ActiveCfg = Debug|Any CPU
		{5142DBD9-C256-4CC6-A457-CDD263CA0AD1}.Debug|x64.Build.0 = Debug|Any CPU
		{5142DBD9-C256-4CC6-A457-CDD263CA0AD1}.Debug|x86.ActiveCfg = Debug|Any CPU
		{5142DBD9-C256-4CC6-A457-CDD263CA0AD1}.Debug|x86.Build.0 = Debug|Any CPU
		{5142DBD9-C256-4CC6-A457-CDD263CA0AD1}.Debug+Web|Any CPU.ActiveCfg = Debug|Any CPU
		{5142DBD9-C256-4CC6-A457-CDD263CA0AD1}.Debug+Web|Any CPU.Build.0 = Debug|Any CPU
		{5142DBD9-C256-4CC6-A457-CDD263CA0AD1}.Debug+Web|ARM.ActiveCfg = Debug|Any CPU
		{5142DBD9-C256-4CC6-A457-CDD263CA0AD1}.Debug+Web|ARM.Build.0 = Debug|Any CPU
		{5142DBD9-C256-4CC6-A457-CDD263CA0AD1}.Debug+Web|ARM64.ActiveCfg = Debug|Any CPU
		{5142DBD9-C256-4CC6-A457-CDD263CA0AD1}.Debug+Web|ARM64.Build.0 = Debug|Any CPU
		{5142DBD9-C256-4CC6-A457-CDD263CA0AD1}.Debug+Web|x64.ActiveCfg = Debug|Any CPU
		{5142DBD9-C256-4CC6-A457-CDD263CA0AD1}.Debug+Web|x64.Build.0 = Debug|Any CPU
		{5142DBD9-C256-4CC6-A457-CDD263CA0AD1}.Debug+Web|x86.ActiveCfg = Debug|Any CPU
		{5142DBD9-C256-4CC6-A457-CDD263CA0AD1}.Debug+Web|x86.Build.0 = Debug|Any CPU
		{5142DBD9-C256-4CC6-A457-CDD263CA0AD1}.Release|Any CPU.ActiveCfg = Release|Any CPU
		{5142DBD9-C256-4CC6-A457-CDD263CA0AD1}.Release|Any CPU.Build.0 = Release|Any CPU
		{5142DBD9-C256-4CC6-A457-CDD263CA0AD1}.Release|ARM.ActiveCfg = Release|Any CPU
		{5142DBD9-C256-4CC6-A457-CDD263CA0AD1}.Release|ARM.Build.0 = Release|Any CPU
		{5142DBD9-C256-4CC6-A457-CDD263CA0AD1}.Release|ARM64.ActiveCfg = Release|Any CPU
		{5142DBD9-C256-4CC6-A457-CDD263CA0AD1}.Release|ARM64.Build.0 = Release|Any CPU
		{5142DBD9-C256-4CC6-A457-CDD263CA0AD1}.Release|x64.ActiveCfg = Release|Any CPU
		{5142DBD9-C256-4CC6-A457-CDD263CA0AD1}.Release|x64.Build.0 = Release|Any CPU
		{5142DBD9-C256-4CC6-A457-CDD263CA0AD1}.Release|x86.ActiveCfg = Release|Any CPU
		{5142DBD9-C256-4CC6-A457-CDD263CA0AD1}.Release|x86.Build.0 = Release|Any CPU
		{166CA771-E82F-4D70-BE1E-C78E705FC95C}.Debug|Any CPU.ActiveCfg = Debug|Any CPU
		{166CA771-E82F-4D70-BE1E-C78E705FC95C}.Debug|Any CPU.Build.0 = Debug|Any CPU
		{166CA771-E82F-4D70-BE1E-C78E705FC95C}.Debug|ARM.ActiveCfg = Debug|Any CPU
		{166CA771-E82F-4D70-BE1E-C78E705FC95C}.Debug|ARM.Build.0 = Debug|Any CPU
		{166CA771-E82F-4D70-BE1E-C78E705FC95C}.Debug|ARM64.ActiveCfg = Debug|Any CPU
		{166CA771-E82F-4D70-BE1E-C78E705FC95C}.Debug|ARM64.Build.0 = Debug|Any CPU
		{166CA771-E82F-4D70-BE1E-C78E705FC95C}.Debug|x64.ActiveCfg = Debug|Any CPU
		{166CA771-E82F-4D70-BE1E-C78E705FC95C}.Debug|x64.Build.0 = Debug|Any CPU
		{166CA771-E82F-4D70-BE1E-C78E705FC95C}.Debug|x86.ActiveCfg = Debug|Any CPU
		{166CA771-E82F-4D70-BE1E-C78E705FC95C}.Debug|x86.Build.0 = Debug|Any CPU
		{166CA771-E82F-4D70-BE1E-C78E705FC95C}.Debug+Web|Any CPU.ActiveCfg = Debug|Any CPU
		{166CA771-E82F-4D70-BE1E-C78E705FC95C}.Debug+Web|Any CPU.Build.0 = Debug|Any CPU
		{166CA771-E82F-4D70-BE1E-C78E705FC95C}.Debug+Web|ARM.ActiveCfg = Debug|Any CPU
		{166CA771-E82F-4D70-BE1E-C78E705FC95C}.Debug+Web|ARM.Build.0 = Debug|Any CPU
		{166CA771-E82F-4D70-BE1E-C78E705FC95C}.Debug+Web|ARM64.ActiveCfg = Debug|Any CPU
		{166CA771-E82F-4D70-BE1E-C78E705FC95C}.Debug+Web|ARM64.Build.0 = Debug|Any CPU
		{166CA771-E82F-4D70-BE1E-C78E705FC95C}.Debug+Web|x64.ActiveCfg = Debug|Any CPU
		{166CA771-E82F-4D70-BE1E-C78E705FC95C}.Debug+Web|x64.Build.0 = Debug|Any CPU
		{166CA771-E82F-4D70-BE1E-C78E705FC95C}.Debug+Web|x86.ActiveCfg = Debug|Any CPU
		{166CA771-E82F-4D70-BE1E-C78E705FC95C}.Debug+Web|x86.Build.0 = Debug|Any CPU
		{166CA771-E82F-4D70-BE1E-C78E705FC95C}.Release|Any CPU.ActiveCfg = Release|Any CPU
		{166CA771-E82F-4D70-BE1E-C78E705FC95C}.Release|Any CPU.Build.0 = Release|Any CPU
		{166CA771-E82F-4D70-BE1E-C78E705FC95C}.Release|ARM.ActiveCfg = Release|Any CPU
		{166CA771-E82F-4D70-BE1E-C78E705FC95C}.Release|ARM.Build.0 = Release|Any CPU
		{166CA771-E82F-4D70-BE1E-C78E705FC95C}.Release|ARM64.ActiveCfg = Release|Any CPU
		{166CA771-E82F-4D70-BE1E-C78E705FC95C}.Release|ARM64.Build.0 = Release|Any CPU
		{166CA771-E82F-4D70-BE1E-C78E705FC95C}.Release|x64.ActiveCfg = Release|Any CPU
		{166CA771-E82F-4D70-BE1E-C78E705FC95C}.Release|x64.Build.0 = Release|Any CPU
		{166CA771-E82F-4D70-BE1E-C78E705FC95C}.Release|x86.ActiveCfg = Release|Any CPU
		{166CA771-E82F-4D70-BE1E-C78E705FC95C}.Release|x86.Build.0 = Release|Any CPU
		{8CE7CE74-06B0-46B8-A48A-21F821287449}.Debug|Any CPU.ActiveCfg = Debug|x86
		{8CE7CE74-06B0-46B8-A48A-21F821287449}.Debug|ARM.ActiveCfg = Debug|x86
		{8CE7CE74-06B0-46B8-A48A-21F821287449}.Debug|ARM64.ActiveCfg = Debug|x86
		{8CE7CE74-06B0-46B8-A48A-21F821287449}.Debug|x64.ActiveCfg = Debug|x86
		{8CE7CE74-06B0-46B8-A48A-21F821287449}.Debug|x86.ActiveCfg = Debug|x86
		{8CE7CE74-06B0-46B8-A48A-21F821287449}.Debug|x86.Build.0 = Debug|x86
		{8CE7CE74-06B0-46B8-A48A-21F821287449}.Debug+Web|Any CPU.ActiveCfg = Release|x86
		{8CE7CE74-06B0-46B8-A48A-21F821287449}.Debug+Web|Any CPU.Build.0 = Release|x86
		{8CE7CE74-06B0-46B8-A48A-21F821287449}.Debug+Web|ARM.ActiveCfg = Release|x86
		{8CE7CE74-06B0-46B8-A48A-21F821287449}.Debug+Web|ARM.Build.0 = Release|x86
		{8CE7CE74-06B0-46B8-A48A-21F821287449}.Debug+Web|ARM64.ActiveCfg = Release|x86
		{8CE7CE74-06B0-46B8-A48A-21F821287449}.Debug+Web|ARM64.Build.0 = Release|x86
		{8CE7CE74-06B0-46B8-A48A-21F821287449}.Debug+Web|x64.ActiveCfg = Release|x86
		{8CE7CE74-06B0-46B8-A48A-21F821287449}.Debug+Web|x64.Build.0 = Release|x86
		{8CE7CE74-06B0-46B8-A48A-21F821287449}.Debug+Web|x86.ActiveCfg = Debug|x86
		{8CE7CE74-06B0-46B8-A48A-21F821287449}.Debug+Web|x86.Build.0 = Debug|x86
		{8CE7CE74-06B0-46B8-A48A-21F821287449}.Release|Any CPU.ActiveCfg = Release|x86
		{8CE7CE74-06B0-46B8-A48A-21F821287449}.Release|ARM.ActiveCfg = Release|x86
		{8CE7CE74-06B0-46B8-A48A-21F821287449}.Release|ARM64.ActiveCfg = Release|x86
		{8CE7CE74-06B0-46B8-A48A-21F821287449}.Release|x64.ActiveCfg = Release|x86
		{8CE7CE74-06B0-46B8-A48A-21F821287449}.Release|x86.ActiveCfg = Release|x86
		{8CE7CE74-06B0-46B8-A48A-21F821287449}.Release|x86.Build.0 = Release|x86
		{A44DA267-B8B9-4724-9218-2DDBF995FC2A}.Debug|Any CPU.ActiveCfg = Debug|x86
		{A44DA267-B8B9-4724-9218-2DDBF995FC2A}.Debug|ARM.ActiveCfg = Debug|x86
		{A44DA267-B8B9-4724-9218-2DDBF995FC2A}.Debug|ARM64.ActiveCfg = Debug|x86
		{A44DA267-B8B9-4724-9218-2DDBF995FC2A}.Debug|x64.ActiveCfg = Debug|x86
		{A44DA267-B8B9-4724-9218-2DDBF995FC2A}.Debug|x86.ActiveCfg = Debug|x86
		{A44DA267-B8B9-4724-9218-2DDBF995FC2A}.Debug|x86.Build.0 = Debug|x86
		{A44DA267-B8B9-4724-9218-2DDBF995FC2A}.Debug+Web|Any CPU.ActiveCfg = Release|x86
		{A44DA267-B8B9-4724-9218-2DDBF995FC2A}.Debug+Web|Any CPU.Build.0 = Release|x86
		{A44DA267-B8B9-4724-9218-2DDBF995FC2A}.Debug+Web|ARM.ActiveCfg = Release|x86
		{A44DA267-B8B9-4724-9218-2DDBF995FC2A}.Debug+Web|ARM.Build.0 = Release|x86
		{A44DA267-B8B9-4724-9218-2DDBF995FC2A}.Debug+Web|ARM64.ActiveCfg = Release|x86
		{A44DA267-B8B9-4724-9218-2DDBF995FC2A}.Debug+Web|ARM64.Build.0 = Release|x86
		{A44DA267-B8B9-4724-9218-2DDBF995FC2A}.Debug+Web|x64.ActiveCfg = Release|x86
		{A44DA267-B8B9-4724-9218-2DDBF995FC2A}.Debug+Web|x64.Build.0 = Release|x86
		{A44DA267-B8B9-4724-9218-2DDBF995FC2A}.Debug+Web|x86.ActiveCfg = Debug|x86
		{A44DA267-B8B9-4724-9218-2DDBF995FC2A}.Debug+Web|x86.Build.0 = Debug|x86
		{A44DA267-B8B9-4724-9218-2DDBF995FC2A}.Release|Any CPU.ActiveCfg = Release|x86
		{A44DA267-B8B9-4724-9218-2DDBF995FC2A}.Release|ARM.ActiveCfg = Release|x86
		{A44DA267-B8B9-4724-9218-2DDBF995FC2A}.Release|ARM64.ActiveCfg = Release|x86
		{A44DA267-B8B9-4724-9218-2DDBF995FC2A}.Release|x64.ActiveCfg = Release|x86
		{A44DA267-B8B9-4724-9218-2DDBF995FC2A}.Release|x86.ActiveCfg = Release|x86
		{A44DA267-B8B9-4724-9218-2DDBF995FC2A}.Release|x86.Build.0 = Release|x86
		{F548D04A-7F67-4F5C-971C-794AB05B5FC3}.Debug|Any CPU.ActiveCfg = Debug|x86
		{F548D04A-7F67-4F5C-971C-794AB05B5FC3}.Debug|ARM.ActiveCfg = Debug|x86
		{F548D04A-7F67-4F5C-971C-794AB05B5FC3}.Debug|ARM64.ActiveCfg = Debug|x86
		{F548D04A-7F67-4F5C-971C-794AB05B5FC3}.Debug|x64.ActiveCfg = Debug|x86
		{F548D04A-7F67-4F5C-971C-794AB05B5FC3}.Debug|x86.ActiveCfg = Debug|x86
		{F548D04A-7F67-4F5C-971C-794AB05B5FC3}.Debug|x86.Build.0 = Debug|x86
		{F548D04A-7F67-4F5C-971C-794AB05B5FC3}.Debug+Web|Any CPU.ActiveCfg = Release|x86
		{F548D04A-7F67-4F5C-971C-794AB05B5FC3}.Debug+Web|Any CPU.Build.0 = Release|x86
		{F548D04A-7F67-4F5C-971C-794AB05B5FC3}.Debug+Web|ARM.ActiveCfg = Release|x86
		{F548D04A-7F67-4F5C-971C-794AB05B5FC3}.Debug+Web|ARM.Build.0 = Release|x86
		{F548D04A-7F67-4F5C-971C-794AB05B5FC3}.Debug+Web|ARM64.ActiveCfg = Release|x86
		{F548D04A-7F67-4F5C-971C-794AB05B5FC3}.Debug+Web|ARM64.Build.0 = Release|x86
		{F548D04A-7F67-4F5C-971C-794AB05B5FC3}.Debug+Web|x64.ActiveCfg = Release|x86
		{F548D04A-7F67-4F5C-971C-794AB05B5FC3}.Debug+Web|x64.Build.0 = Release|x86
		{F548D04A-7F67-4F5C-971C-794AB05B5FC3}.Debug+Web|x86.ActiveCfg = Debug|x86
		{F548D04A-7F67-4F5C-971C-794AB05B5FC3}.Debug+Web|x86.Build.0 = Debug|x86
		{F548D04A-7F67-4F5C-971C-794AB05B5FC3}.Release|Any CPU.ActiveCfg = Release|x86
		{F548D04A-7F67-4F5C-971C-794AB05B5FC3}.Release|ARM.ActiveCfg = Release|x86
		{F548D04A-7F67-4F5C-971C-794AB05B5FC3}.Release|ARM64.ActiveCfg = Release|x86
		{F548D04A-7F67-4F5C-971C-794AB05B5FC3}.Release|x64.ActiveCfg = Release|x86
		{F548D04A-7F67-4F5C-971C-794AB05B5FC3}.Release|x86.ActiveCfg = Release|x86
		{F548D04A-7F67-4F5C-971C-794AB05B5FC3}.Release|x86.Build.0 = Release|x86
		{6B7E71E7-4387-4C4A-8616-BE4887CD0313}.Debug|Any CPU.ActiveCfg = Debug|Any CPU
		{6B7E71E7-4387-4C4A-8616-BE4887CD0313}.Debug|Any CPU.Build.0 = Debug|Any CPU
		{6B7E71E7-4387-4C4A-8616-BE4887CD0313}.Debug|ARM.ActiveCfg = Debug|Any CPU
		{6B7E71E7-4387-4C4A-8616-BE4887CD0313}.Debug|ARM.Build.0 = Debug|Any CPU
		{6B7E71E7-4387-4C4A-8616-BE4887CD0313}.Debug|ARM64.ActiveCfg = Debug|Any CPU
		{6B7E71E7-4387-4C4A-8616-BE4887CD0313}.Debug|ARM64.Build.0 = Debug|Any CPU
		{6B7E71E7-4387-4C4A-8616-BE4887CD0313}.Debug|x64.ActiveCfg = Debug|Any CPU
		{6B7E71E7-4387-4C4A-8616-BE4887CD0313}.Debug|x64.Build.0 = Debug|Any CPU
		{6B7E71E7-4387-4C4A-8616-BE4887CD0313}.Debug|x86.ActiveCfg = Debug|Any CPU
		{6B7E71E7-4387-4C4A-8616-BE4887CD0313}.Debug|x86.Build.0 = Debug|Any CPU
		{6B7E71E7-4387-4C4A-8616-BE4887CD0313}.Debug+Web|Any CPU.ActiveCfg = Debug|Any CPU
		{6B7E71E7-4387-4C4A-8616-BE4887CD0313}.Debug+Web|Any CPU.Build.0 = Debug|Any CPU
		{6B7E71E7-4387-4C4A-8616-BE4887CD0313}.Debug+Web|ARM.ActiveCfg = Debug|Any CPU
		{6B7E71E7-4387-4C4A-8616-BE4887CD0313}.Debug+Web|ARM.Build.0 = Debug|Any CPU
		{6B7E71E7-4387-4C4A-8616-BE4887CD0313}.Debug+Web|ARM64.ActiveCfg = Debug|Any CPU
		{6B7E71E7-4387-4C4A-8616-BE4887CD0313}.Debug+Web|ARM64.Build.0 = Debug|Any CPU
		{6B7E71E7-4387-4C4A-8616-BE4887CD0313}.Debug+Web|x64.ActiveCfg = Debug|Any CPU
		{6B7E71E7-4387-4C4A-8616-BE4887CD0313}.Debug+Web|x64.Build.0 = Debug|Any CPU
		{6B7E71E7-4387-4C4A-8616-BE4887CD0313}.Debug+Web|x86.ActiveCfg = Debug|Any CPU
		{6B7E71E7-4387-4C4A-8616-BE4887CD0313}.Debug+Web|x86.Build.0 = Debug|Any CPU
		{6B7E71E7-4387-4C4A-8616-BE4887CD0313}.Release|Any CPU.ActiveCfg = Release|Any CPU
		{6B7E71E7-4387-4C4A-8616-BE4887CD0313}.Release|Any CPU.Build.0 = Release|Any CPU
		{6B7E71E7-4387-4C4A-8616-BE4887CD0313}.Release|ARM.ActiveCfg = Release|Any CPU
		{6B7E71E7-4387-4C4A-8616-BE4887CD0313}.Release|ARM.Build.0 = Release|Any CPU
		{6B7E71E7-4387-4C4A-8616-BE4887CD0313}.Release|ARM64.ActiveCfg = Release|Any CPU
		{6B7E71E7-4387-4C4A-8616-BE4887CD0313}.Release|ARM64.Build.0 = Release|Any CPU
		{6B7E71E7-4387-4C4A-8616-BE4887CD0313}.Release|x64.ActiveCfg = Release|Any CPU
		{6B7E71E7-4387-4C4A-8616-BE4887CD0313}.Release|x64.Build.0 = Release|Any CPU
		{6B7E71E7-4387-4C4A-8616-BE4887CD0313}.Release|x86.ActiveCfg = Release|Any CPU
		{6B7E71E7-4387-4C4A-8616-BE4887CD0313}.Release|x86.Build.0 = Release|Any CPU
		{86AD9C76-6743-434C-A48D-BE8DA9C62779}.Debug|Any CPU.ActiveCfg = Debug|x86
		{86AD9C76-6743-434C-A48D-BE8DA9C62779}.Debug|ARM.ActiveCfg = Debug|x86
		{86AD9C76-6743-434C-A48D-BE8DA9C62779}.Debug|ARM64.ActiveCfg = Debug|x86
		{86AD9C76-6743-434C-A48D-BE8DA9C62779}.Debug|x64.ActiveCfg = Debug|x86
		{86AD9C76-6743-434C-A48D-BE8DA9C62779}.Debug|x86.ActiveCfg = Debug|x86
		{86AD9C76-6743-434C-A48D-BE8DA9C62779}.Debug|x86.Build.0 = Debug|x86
		{86AD9C76-6743-434C-A48D-BE8DA9C62779}.Debug+Web|Any CPU.ActiveCfg = Release|x86
		{86AD9C76-6743-434C-A48D-BE8DA9C62779}.Debug+Web|Any CPU.Build.0 = Release|x86
		{86AD9C76-6743-434C-A48D-BE8DA9C62779}.Debug+Web|ARM.ActiveCfg = Release|x86
		{86AD9C76-6743-434C-A48D-BE8DA9C62779}.Debug+Web|ARM.Build.0 = Release|x86
		{86AD9C76-6743-434C-A48D-BE8DA9C62779}.Debug+Web|ARM64.ActiveCfg = Release|x86
		{86AD9C76-6743-434C-A48D-BE8DA9C62779}.Debug+Web|ARM64.Build.0 = Release|x86
		{86AD9C76-6743-434C-A48D-BE8DA9C62779}.Debug+Web|x64.ActiveCfg = Release|x86
		{86AD9C76-6743-434C-A48D-BE8DA9C62779}.Debug+Web|x64.Build.0 = Release|x86
		{86AD9C76-6743-434C-A48D-BE8DA9C62779}.Debug+Web|x86.ActiveCfg = Debug|x86
		{86AD9C76-6743-434C-A48D-BE8DA9C62779}.Debug+Web|x86.Build.0 = Debug|x86
		{86AD9C76-6743-434C-A48D-BE8DA9C62779}.Release|Any CPU.ActiveCfg = Release|x86
		{86AD9C76-6743-434C-A48D-BE8DA9C62779}.Release|ARM.ActiveCfg = Release|x86
		{86AD9C76-6743-434C-A48D-BE8DA9C62779}.Release|ARM64.ActiveCfg = Release|x86
		{86AD9C76-6743-434C-A48D-BE8DA9C62779}.Release|x64.ActiveCfg = Release|x86
		{86AD9C76-6743-434C-A48D-BE8DA9C62779}.Release|x86.ActiveCfg = Release|x86
		{86AD9C76-6743-434C-A48D-BE8DA9C62779}.Release|x86.Build.0 = Release|x86
		{DD56D50E-0B59-4EB7-AA1B-9F5C8325A7BC}.Debug|Any CPU.ActiveCfg = Debug|Any CPU
		{DD56D50E-0B59-4EB7-AA1B-9F5C8325A7BC}.Debug|Any CPU.Build.0 = Debug|Any CPU
		{DD56D50E-0B59-4EB7-AA1B-9F5C8325A7BC}.Debug|ARM.ActiveCfg = Debug|Any CPU
		{DD56D50E-0B59-4EB7-AA1B-9F5C8325A7BC}.Debug|ARM.Build.0 = Debug|Any CPU
		{DD56D50E-0B59-4EB7-AA1B-9F5C8325A7BC}.Debug|ARM64.ActiveCfg = Debug|Any CPU
		{DD56D50E-0B59-4EB7-AA1B-9F5C8325A7BC}.Debug|ARM64.Build.0 = Debug|Any CPU
		{DD56D50E-0B59-4EB7-AA1B-9F5C8325A7BC}.Debug|x64.ActiveCfg = Debug|Any CPU
		{DD56D50E-0B59-4EB7-AA1B-9F5C8325A7BC}.Debug|x64.Build.0 = Debug|Any CPU
		{DD56D50E-0B59-4EB7-AA1B-9F5C8325A7BC}.Debug|x86.ActiveCfg = Debug|Any CPU
		{DD56D50E-0B59-4EB7-AA1B-9F5C8325A7BC}.Debug|x86.Build.0 = Debug|Any CPU
		{DD56D50E-0B59-4EB7-AA1B-9F5C8325A7BC}.Debug+Web|Any CPU.ActiveCfg = Debug|Any CPU
		{DD56D50E-0B59-4EB7-AA1B-9F5C8325A7BC}.Debug+Web|Any CPU.Build.0 = Debug|Any CPU
		{DD56D50E-0B59-4EB7-AA1B-9F5C8325A7BC}.Debug+Web|ARM.ActiveCfg = Debug|Any CPU
		{DD56D50E-0B59-4EB7-AA1B-9F5C8325A7BC}.Debug+Web|ARM.Build.0 = Debug|Any CPU
		{DD56D50E-0B59-4EB7-AA1B-9F5C8325A7BC}.Debug+Web|ARM64.ActiveCfg = Debug|Any CPU
		{DD56D50E-0B59-4EB7-AA1B-9F5C8325A7BC}.Debug+Web|ARM64.Build.0 = Debug|Any CPU
		{DD56D50E-0B59-4EB7-AA1B-9F5C8325A7BC}.Debug+Web|x64.ActiveCfg = Debug|Any CPU
		{DD56D50E-0B59-4EB7-AA1B-9F5C8325A7BC}.Debug+Web|x64.Build.0 = Debug|Any CPU
		{DD56D50E-0B59-4EB7-AA1B-9F5C8325A7BC}.Debug+Web|x86.ActiveCfg = Debug|Any CPU
		{DD56D50E-0B59-4EB7-AA1B-9F5C8325A7BC}.Debug+Web|x86.Build.0 = Debug|Any CPU
		{DD56D50E-0B59-4EB7-AA1B-9F5C8325A7BC}.Release|Any CPU.ActiveCfg = Release|Any CPU
		{DD56D50E-0B59-4EB7-AA1B-9F5C8325A7BC}.Release|Any CPU.Build.0 = Release|Any CPU
		{DD56D50E-0B59-4EB7-AA1B-9F5C8325A7BC}.Release|ARM.ActiveCfg = Release|Any CPU
		{DD56D50E-0B59-4EB7-AA1B-9F5C8325A7BC}.Release|ARM.Build.0 = Release|Any CPU
		{DD56D50E-0B59-4EB7-AA1B-9F5C8325A7BC}.Release|ARM64.ActiveCfg = Release|Any CPU
		{DD56D50E-0B59-4EB7-AA1B-9F5C8325A7BC}.Release|ARM64.Build.0 = Release|Any CPU
		{DD56D50E-0B59-4EB7-AA1B-9F5C8325A7BC}.Release|x64.ActiveCfg = Release|Any CPU
		{DD56D50E-0B59-4EB7-AA1B-9F5C8325A7BC}.Release|x64.Build.0 = Release|Any CPU
		{DD56D50E-0B59-4EB7-AA1B-9F5C8325A7BC}.Release|x86.ActiveCfg = Release|Any CPU
		{DD56D50E-0B59-4EB7-AA1B-9F5C8325A7BC}.Release|x86.Build.0 = Release|Any CPU
		{10DA02FC-109F-4D71-864A-9F5B1E9A0D70}.Debug|Any CPU.ActiveCfg = Debug|Any CPU
		{10DA02FC-109F-4D71-864A-9F5B1E9A0D70}.Debug|Any CPU.Build.0 = Debug|Any CPU
		{10DA02FC-109F-4D71-864A-9F5B1E9A0D70}.Debug|ARM.ActiveCfg = Debug|Any CPU
		{10DA02FC-109F-4D71-864A-9F5B1E9A0D70}.Debug|ARM.Build.0 = Debug|Any CPU
		{10DA02FC-109F-4D71-864A-9F5B1E9A0D70}.Debug|ARM64.ActiveCfg = Debug|Any CPU
		{10DA02FC-109F-4D71-864A-9F5B1E9A0D70}.Debug|ARM64.Build.0 = Debug|Any CPU
		{10DA02FC-109F-4D71-864A-9F5B1E9A0D70}.Debug|x64.ActiveCfg = Debug|Any CPU
		{10DA02FC-109F-4D71-864A-9F5B1E9A0D70}.Debug|x64.Build.0 = Debug|Any CPU
		{10DA02FC-109F-4D71-864A-9F5B1E9A0D70}.Debug|x86.ActiveCfg = Debug|Any CPU
		{10DA02FC-109F-4D71-864A-9F5B1E9A0D70}.Debug|x86.Build.0 = Debug|Any CPU
		{10DA02FC-109F-4D71-864A-9F5B1E9A0D70}.Debug+Web|Any CPU.ActiveCfg = Debug|Any CPU
		{10DA02FC-109F-4D71-864A-9F5B1E9A0D70}.Debug+Web|Any CPU.Build.0 = Debug|Any CPU
		{10DA02FC-109F-4D71-864A-9F5B1E9A0D70}.Debug+Web|ARM.ActiveCfg = Debug|Any CPU
		{10DA02FC-109F-4D71-864A-9F5B1E9A0D70}.Debug+Web|ARM.Build.0 = Debug|Any CPU
		{10DA02FC-109F-4D71-864A-9F5B1E9A0D70}.Debug+Web|ARM64.ActiveCfg = Debug|Any CPU
		{10DA02FC-109F-4D71-864A-9F5B1E9A0D70}.Debug+Web|ARM64.Build.0 = Debug|Any CPU
		{10DA02FC-109F-4D71-864A-9F5B1E9A0D70}.Debug+Web|x64.ActiveCfg = Debug|Any CPU
		{10DA02FC-109F-4D71-864A-9F5B1E9A0D70}.Debug+Web|x64.Build.0 = Debug|Any CPU
		{10DA02FC-109F-4D71-864A-9F5B1E9A0D70}.Debug+Web|x86.ActiveCfg = Debug|Any CPU
		{10DA02FC-109F-4D71-864A-9F5B1E9A0D70}.Debug+Web|x86.Build.0 = Debug|Any CPU
		{10DA02FC-109F-4D71-864A-9F5B1E9A0D70}.Release|Any CPU.ActiveCfg = Release|Any CPU
		{10DA02FC-109F-4D71-864A-9F5B1E9A0D70}.Release|Any CPU.Build.0 = Release|Any CPU
		{10DA02FC-109F-4D71-864A-9F5B1E9A0D70}.Release|ARM.ActiveCfg = Release|Any CPU
		{10DA02FC-109F-4D71-864A-9F5B1E9A0D70}.Release|ARM.Build.0 = Release|Any CPU
		{10DA02FC-109F-4D71-864A-9F5B1E9A0D70}.Release|ARM64.ActiveCfg = Release|Any CPU
		{10DA02FC-109F-4D71-864A-9F5B1E9A0D70}.Release|ARM64.Build.0 = Release|Any CPU
		{10DA02FC-109F-4D71-864A-9F5B1E9A0D70}.Release|x64.ActiveCfg = Release|Any CPU
		{10DA02FC-109F-4D71-864A-9F5B1E9A0D70}.Release|x64.Build.0 = Release|Any CPU
		{10DA02FC-109F-4D71-864A-9F5B1E9A0D70}.Release|x86.ActiveCfg = Release|Any CPU
		{10DA02FC-109F-4D71-864A-9F5B1E9A0D70}.Release|x86.Build.0 = Release|Any CPU
		{7E0C9336-7A38-4C87-97E2-A8D2A90AA29D}.Debug|Any CPU.ActiveCfg = Debug|Any CPU
		{7E0C9336-7A38-4C87-97E2-A8D2A90AA29D}.Debug|Any CPU.Build.0 = Debug|Any CPU
		{7E0C9336-7A38-4C87-97E2-A8D2A90AA29D}.Debug|ARM.ActiveCfg = Debug|Any CPU
		{7E0C9336-7A38-4C87-97E2-A8D2A90AA29D}.Debug|ARM.Build.0 = Debug|Any CPU
		{7E0C9336-7A38-4C87-97E2-A8D2A90AA29D}.Debug|ARM64.ActiveCfg = Debug|Any CPU
		{7E0C9336-7A38-4C87-97E2-A8D2A90AA29D}.Debug|ARM64.Build.0 = Debug|Any CPU
		{7E0C9336-7A38-4C87-97E2-A8D2A90AA29D}.Debug|x64.ActiveCfg = Debug|Any CPU
		{7E0C9336-7A38-4C87-97E2-A8D2A90AA29D}.Debug|x64.Build.0 = Debug|Any CPU
		{7E0C9336-7A38-4C87-97E2-A8D2A90AA29D}.Debug|x86.ActiveCfg = Debug|Any CPU
		{7E0C9336-7A38-4C87-97E2-A8D2A90AA29D}.Debug|x86.Build.0 = Debug|Any CPU
		{7E0C9336-7A38-4C87-97E2-A8D2A90AA29D}.Debug+Web|Any CPU.ActiveCfg = Debug|Any CPU
		{7E0C9336-7A38-4C87-97E2-A8D2A90AA29D}.Debug+Web|Any CPU.Build.0 = Debug|Any CPU
		{7E0C9336-7A38-4C87-97E2-A8D2A90AA29D}.Debug+Web|ARM.ActiveCfg = Debug|Any CPU
		{7E0C9336-7A38-4C87-97E2-A8D2A90AA29D}.Debug+Web|ARM.Build.0 = Debug|Any CPU
		{7E0C9336-7A38-4C87-97E2-A8D2A90AA29D}.Debug+Web|ARM64.ActiveCfg = Debug|Any CPU
		{7E0C9336-7A38-4C87-97E2-A8D2A90AA29D}.Debug+Web|ARM64.Build.0 = Debug|Any CPU
		{7E0C9336-7A38-4C87-97E2-A8D2A90AA29D}.Debug+Web|x64.ActiveCfg = Debug|Any CPU
		{7E0C9336-7A38-4C87-97E2-A8D2A90AA29D}.Debug+Web|x64.Build.0 = Debug|Any CPU
		{7E0C9336-7A38-4C87-97E2-A8D2A90AA29D}.Debug+Web|x86.ActiveCfg = Debug|Any CPU
		{7E0C9336-7A38-4C87-97E2-A8D2A90AA29D}.Debug+Web|x86.Build.0 = Debug|Any CPU
		{7E0C9336-7A38-4C87-97E2-A8D2A90AA29D}.Release|Any CPU.ActiveCfg = Release|Any CPU
		{7E0C9336-7A38-4C87-97E2-A8D2A90AA29D}.Release|Any CPU.Build.0 = Release|Any CPU
		{7E0C9336-7A38-4C87-97E2-A8D2A90AA29D}.Release|ARM.ActiveCfg = Release|Any CPU
		{7E0C9336-7A38-4C87-97E2-A8D2A90AA29D}.Release|ARM.Build.0 = Release|Any CPU
		{7E0C9336-7A38-4C87-97E2-A8D2A90AA29D}.Release|ARM64.ActiveCfg = Release|Any CPU
		{7E0C9336-7A38-4C87-97E2-A8D2A90AA29D}.Release|ARM64.Build.0 = Release|Any CPU
		{7E0C9336-7A38-4C87-97E2-A8D2A90AA29D}.Release|x64.ActiveCfg = Release|Any CPU
		{7E0C9336-7A38-4C87-97E2-A8D2A90AA29D}.Release|x64.Build.0 = Release|Any CPU
		{7E0C9336-7A38-4C87-97E2-A8D2A90AA29D}.Release|x86.ActiveCfg = Release|Any CPU
		{7E0C9336-7A38-4C87-97E2-A8D2A90AA29D}.Release|x86.Build.0 = Release|Any CPU
		{C4157BCB-D3A0-45C6-A84B-735FBD8C7AA8}.Debug|Any CPU.ActiveCfg = Debug|Any CPU
		{C4157BCB-D3A0-45C6-A84B-735FBD8C7AA8}.Debug|Any CPU.Build.0 = Debug|Any CPU
		{C4157BCB-D3A0-45C6-A84B-735FBD8C7AA8}.Debug|ARM.ActiveCfg = Debug|Any CPU
		{C4157BCB-D3A0-45C6-A84B-735FBD8C7AA8}.Debug|ARM.Build.0 = Debug|Any CPU
		{C4157BCB-D3A0-45C6-A84B-735FBD8C7AA8}.Debug|ARM64.ActiveCfg = Debug|Any CPU
		{C4157BCB-D3A0-45C6-A84B-735FBD8C7AA8}.Debug|ARM64.Build.0 = Debug|Any CPU
		{C4157BCB-D3A0-45C6-A84B-735FBD8C7AA8}.Debug|x64.ActiveCfg = Debug|Any CPU
		{C4157BCB-D3A0-45C6-A84B-735FBD8C7AA8}.Debug|x64.Build.0 = Debug|Any CPU
		{C4157BCB-D3A0-45C6-A84B-735FBD8C7AA8}.Debug|x86.ActiveCfg = Debug|Any CPU
		{C4157BCB-D3A0-45C6-A84B-735FBD8C7AA8}.Debug|x86.Build.0 = Debug|Any CPU
		{C4157BCB-D3A0-45C6-A84B-735FBD8C7AA8}.Debug+Web|Any CPU.ActiveCfg = Debug|Any CPU
		{C4157BCB-D3A0-45C6-A84B-735FBD8C7AA8}.Debug+Web|Any CPU.Build.0 = Debug|Any CPU
		{C4157BCB-D3A0-45C6-A84B-735FBD8C7AA8}.Debug+Web|ARM.ActiveCfg = Debug|Any CPU
		{C4157BCB-D3A0-45C6-A84B-735FBD8C7AA8}.Debug+Web|ARM.Build.0 = Debug|Any CPU
		{C4157BCB-D3A0-45C6-A84B-735FBD8C7AA8}.Debug+Web|ARM64.ActiveCfg = Debug|Any CPU
		{C4157BCB-D3A0-45C6-A84B-735FBD8C7AA8}.Debug+Web|ARM64.Build.0 = Debug|Any CPU
		{C4157BCB-D3A0-45C6-A84B-735FBD8C7AA8}.Debug+Web|x64.ActiveCfg = Debug|Any CPU
		{C4157BCB-D3A0-45C6-A84B-735FBD8C7AA8}.Debug+Web|x64.Build.0 = Debug|Any CPU
		{C4157BCB-D3A0-45C6-A84B-735FBD8C7AA8}.Debug+Web|x86.ActiveCfg = Debug|Any CPU
		{C4157BCB-D3A0-45C6-A84B-735FBD8C7AA8}.Debug+Web|x86.Build.0 = Debug|Any CPU
		{C4157BCB-D3A0-45C6-A84B-735FBD8C7AA8}.Release|Any CPU.ActiveCfg = Release|Any CPU
		{C4157BCB-D3A0-45C6-A84B-735FBD8C7AA8}.Release|Any CPU.Build.0 = Release|Any CPU
		{C4157BCB-D3A0-45C6-A84B-735FBD8C7AA8}.Release|ARM.ActiveCfg = Release|Any CPU
		{C4157BCB-D3A0-45C6-A84B-735FBD8C7AA8}.Release|ARM.Build.0 = Release|Any CPU
		{C4157BCB-D3A0-45C6-A84B-735FBD8C7AA8}.Release|ARM64.ActiveCfg = Release|Any CPU
		{C4157BCB-D3A0-45C6-A84B-735FBD8C7AA8}.Release|ARM64.Build.0 = Release|Any CPU
		{C4157BCB-D3A0-45C6-A84B-735FBD8C7AA8}.Release|x64.ActiveCfg = Release|Any CPU
		{C4157BCB-D3A0-45C6-A84B-735FBD8C7AA8}.Release|x64.Build.0 = Release|Any CPU
		{C4157BCB-D3A0-45C6-A84B-735FBD8C7AA8}.Release|x86.ActiveCfg = Release|Any CPU
		{C4157BCB-D3A0-45C6-A84B-735FBD8C7AA8}.Release|x86.Build.0 = Release|Any CPU
		{A8C041C0-3A74-4976-9060-70E2A865D521}.Debug|Any CPU.ActiveCfg = Debug|x86
		{A8C041C0-3A74-4976-9060-70E2A865D521}.Debug|ARM.ActiveCfg = Debug|x86
		{A8C041C0-3A74-4976-9060-70E2A865D521}.Debug|ARM64.ActiveCfg = Debug|x86
		{A8C041C0-3A74-4976-9060-70E2A865D521}.Debug|x64.ActiveCfg = Debug|x86
		{A8C041C0-3A74-4976-9060-70E2A865D521}.Debug|x86.ActiveCfg = Debug|x86
		{A8C041C0-3A74-4976-9060-70E2A865D521}.Debug|x86.Build.0 = Debug|x86
		{A8C041C0-3A74-4976-9060-70E2A865D521}.Debug+Web|Any CPU.ActiveCfg = Release|x86
		{A8C041C0-3A74-4976-9060-70E2A865D521}.Debug+Web|Any CPU.Build.0 = Release|x86
		{A8C041C0-3A74-4976-9060-70E2A865D521}.Debug+Web|ARM.ActiveCfg = Release|x86
		{A8C041C0-3A74-4976-9060-70E2A865D521}.Debug+Web|ARM.Build.0 = Release|x86
		{A8C041C0-3A74-4976-9060-70E2A865D521}.Debug+Web|ARM64.ActiveCfg = Release|x86
		{A8C041C0-3A74-4976-9060-70E2A865D521}.Debug+Web|ARM64.Build.0 = Release|x86
		{A8C041C0-3A74-4976-9060-70E2A865D521}.Debug+Web|x64.ActiveCfg = Release|x86
		{A8C041C0-3A74-4976-9060-70E2A865D521}.Debug+Web|x64.Build.0 = Release|x86
		{A8C041C0-3A74-4976-9060-70E2A865D521}.Debug+Web|x86.ActiveCfg = Debug|x86
		{A8C041C0-3A74-4976-9060-70E2A865D521}.Debug+Web|x86.Build.0 = Debug|x86
		{A8C041C0-3A74-4976-9060-70E2A865D521}.Release|Any CPU.ActiveCfg = Release|x86
		{A8C041C0-3A74-4976-9060-70E2A865D521}.Release|ARM.ActiveCfg = Release|x86
		{A8C041C0-3A74-4976-9060-70E2A865D521}.Release|ARM64.ActiveCfg = Release|x86
		{A8C041C0-3A74-4976-9060-70E2A865D521}.Release|x64.ActiveCfg = Release|x86
		{A8C041C0-3A74-4976-9060-70E2A865D521}.Release|x86.ActiveCfg = Release|x86
		{A8C041C0-3A74-4976-9060-70E2A865D521}.Release|x86.Build.0 = Release|x86
		{DB21584F-4EA6-486A-9BDB-77D372CF1D64}.Debug|Any CPU.ActiveCfg = Debug|x86
		{DB21584F-4EA6-486A-9BDB-77D372CF1D64}.Debug|ARM.ActiveCfg = Debug|x86
		{DB21584F-4EA6-486A-9BDB-77D372CF1D64}.Debug|ARM64.ActiveCfg = Debug|x86
		{DB21584F-4EA6-486A-9BDB-77D372CF1D64}.Debug|x64.ActiveCfg = Debug|x86
		{DB21584F-4EA6-486A-9BDB-77D372CF1D64}.Debug|x86.ActiveCfg = Debug|x86
		{DB21584F-4EA6-486A-9BDB-77D372CF1D64}.Debug|x86.Build.0 = Debug|x86
		{DB21584F-4EA6-486A-9BDB-77D372CF1D64}.Debug+Web|Any CPU.ActiveCfg = Release|x86
		{DB21584F-4EA6-486A-9BDB-77D372CF1D64}.Debug+Web|Any CPU.Build.0 = Release|x86
		{DB21584F-4EA6-486A-9BDB-77D372CF1D64}.Debug+Web|ARM.ActiveCfg = Release|x86
		{DB21584F-4EA6-486A-9BDB-77D372CF1D64}.Debug+Web|ARM.Build.0 = Release|x86
		{DB21584F-4EA6-486A-9BDB-77D372CF1D64}.Debug+Web|ARM64.ActiveCfg = Release|x86
		{DB21584F-4EA6-486A-9BDB-77D372CF1D64}.Debug+Web|ARM64.Build.0 = Release|x86
		{DB21584F-4EA6-486A-9BDB-77D372CF1D64}.Debug+Web|x64.ActiveCfg = Release|x86
		{DB21584F-4EA6-486A-9BDB-77D372CF1D64}.Debug+Web|x64.Build.0 = Release|x86
		{DB21584F-4EA6-486A-9BDB-77D372CF1D64}.Debug+Web|x86.ActiveCfg = Debug|x86
		{DB21584F-4EA6-486A-9BDB-77D372CF1D64}.Debug+Web|x86.Build.0 = Debug|x86
		{DB21584F-4EA6-486A-9BDB-77D372CF1D64}.Release|Any CPU.ActiveCfg = Release|x86
		{DB21584F-4EA6-486A-9BDB-77D372CF1D64}.Release|ARM.ActiveCfg = Release|x86
		{DB21584F-4EA6-486A-9BDB-77D372CF1D64}.Release|ARM64.ActiveCfg = Release|x86
		{DB21584F-4EA6-486A-9BDB-77D372CF1D64}.Release|x64.ActiveCfg = Release|x86
		{DB21584F-4EA6-486A-9BDB-77D372CF1D64}.Release|x86.ActiveCfg = Release|x86
		{DB21584F-4EA6-486A-9BDB-77D372CF1D64}.Release|x86.Build.0 = Release|x86
		{97C823BE-0447-46CC-80E7-CB88B19FBCAA}.Debug|Any CPU.ActiveCfg = Debug|x86
		{97C823BE-0447-46CC-80E7-CB88B19FBCAA}.Debug|ARM.ActiveCfg = Debug|x86
		{97C823BE-0447-46CC-80E7-CB88B19FBCAA}.Debug|ARM64.ActiveCfg = Debug|x86
		{97C823BE-0447-46CC-80E7-CB88B19FBCAA}.Debug|x64.ActiveCfg = Debug|x86
		{97C823BE-0447-46CC-80E7-CB88B19FBCAA}.Debug|x86.ActiveCfg = Debug|x86
		{97C823BE-0447-46CC-80E7-CB88B19FBCAA}.Debug|x86.Build.0 = Debug|x86
		{97C823BE-0447-46CC-80E7-CB88B19FBCAA}.Debug+Web|Any CPU.ActiveCfg = Release|x86
		{97C823BE-0447-46CC-80E7-CB88B19FBCAA}.Debug+Web|Any CPU.Build.0 = Release|x86
		{97C823BE-0447-46CC-80E7-CB88B19FBCAA}.Debug+Web|ARM.ActiveCfg = Release|x86
		{97C823BE-0447-46CC-80E7-CB88B19FBCAA}.Debug+Web|ARM.Build.0 = Release|x86
		{97C823BE-0447-46CC-80E7-CB88B19FBCAA}.Debug+Web|ARM64.ActiveCfg = Release|x86
		{97C823BE-0447-46CC-80E7-CB88B19FBCAA}.Debug+Web|ARM64.Build.0 = Release|x86
		{97C823BE-0447-46CC-80E7-CB88B19FBCAA}.Debug+Web|x64.ActiveCfg = Release|x86
		{97C823BE-0447-46CC-80E7-CB88B19FBCAA}.Debug+Web|x64.Build.0 = Release|x86
		{97C823BE-0447-46CC-80E7-CB88B19FBCAA}.Debug+Web|x86.ActiveCfg = Debug|x86
		{97C823BE-0447-46CC-80E7-CB88B19FBCAA}.Debug+Web|x86.Build.0 = Debug|x86
		{97C823BE-0447-46CC-80E7-CB88B19FBCAA}.Release|Any CPU.ActiveCfg = Release|x86
		{97C823BE-0447-46CC-80E7-CB88B19FBCAA}.Release|ARM.ActiveCfg = Release|x86
		{97C823BE-0447-46CC-80E7-CB88B19FBCAA}.Release|ARM64.ActiveCfg = Release|x86
		{97C823BE-0447-46CC-80E7-CB88B19FBCAA}.Release|x64.ActiveCfg = Release|x86
		{97C823BE-0447-46CC-80E7-CB88B19FBCAA}.Release|x86.ActiveCfg = Release|x86
		{97C823BE-0447-46CC-80E7-CB88B19FBCAA}.Release|x86.Build.0 = Release|x86
		{2FC73459-09ED-4077-9203-958B1E325CE8}.Debug|Any CPU.ActiveCfg = Debug|Any CPU
		{2FC73459-09ED-4077-9203-958B1E325CE8}.Debug|Any CPU.Build.0 = Debug|Any CPU
		{2FC73459-09ED-4077-9203-958B1E325CE8}.Debug|ARM.ActiveCfg = Debug|Any CPU
		{2FC73459-09ED-4077-9203-958B1E325CE8}.Debug|ARM.Build.0 = Debug|Any CPU
		{2FC73459-09ED-4077-9203-958B1E325CE8}.Debug|ARM64.ActiveCfg = Debug|Any CPU
		{2FC73459-09ED-4077-9203-958B1E325CE8}.Debug|ARM64.Build.0 = Debug|Any CPU
		{2FC73459-09ED-4077-9203-958B1E325CE8}.Debug|x64.ActiveCfg = Debug|Any CPU
		{2FC73459-09ED-4077-9203-958B1E325CE8}.Debug|x64.Build.0 = Debug|Any CPU
		{2FC73459-09ED-4077-9203-958B1E325CE8}.Debug|x86.ActiveCfg = Debug|Any CPU
		{2FC73459-09ED-4077-9203-958B1E325CE8}.Debug|x86.Build.0 = Debug|Any CPU
		{2FC73459-09ED-4077-9203-958B1E325CE8}.Debug+Web|Any CPU.ActiveCfg = Debug|Any CPU
		{2FC73459-09ED-4077-9203-958B1E325CE8}.Debug+Web|Any CPU.Build.0 = Debug|Any CPU
		{2FC73459-09ED-4077-9203-958B1E325CE8}.Debug+Web|ARM.ActiveCfg = Debug|Any CPU
		{2FC73459-09ED-4077-9203-958B1E325CE8}.Debug+Web|ARM.Build.0 = Debug|Any CPU
		{2FC73459-09ED-4077-9203-958B1E325CE8}.Debug+Web|ARM64.ActiveCfg = Debug|Any CPU
		{2FC73459-09ED-4077-9203-958B1E325CE8}.Debug+Web|ARM64.Build.0 = Debug|Any CPU
		{2FC73459-09ED-4077-9203-958B1E325CE8}.Debug+Web|x64.ActiveCfg = Debug|Any CPU
		{2FC73459-09ED-4077-9203-958B1E325CE8}.Debug+Web|x64.Build.0 = Debug|Any CPU
		{2FC73459-09ED-4077-9203-958B1E325CE8}.Debug+Web|x86.ActiveCfg = Debug|Any CPU
		{2FC73459-09ED-4077-9203-958B1E325CE8}.Debug+Web|x86.Build.0 = Debug|Any CPU
		{2FC73459-09ED-4077-9203-958B1E325CE8}.Release|Any CPU.ActiveCfg = Release|Any CPU
		{2FC73459-09ED-4077-9203-958B1E325CE8}.Release|Any CPU.Build.0 = Release|Any CPU
		{2FC73459-09ED-4077-9203-958B1E325CE8}.Release|ARM.ActiveCfg = Release|Any CPU
		{2FC73459-09ED-4077-9203-958B1E325CE8}.Release|ARM.Build.0 = Release|Any CPU
		{2FC73459-09ED-4077-9203-958B1E325CE8}.Release|ARM64.ActiveCfg = Release|Any CPU
		{2FC73459-09ED-4077-9203-958B1E325CE8}.Release|ARM64.Build.0 = Release|Any CPU
		{2FC73459-09ED-4077-9203-958B1E325CE8}.Release|x64.ActiveCfg = Release|Any CPU
		{2FC73459-09ED-4077-9203-958B1E325CE8}.Release|x64.Build.0 = Release|Any CPU
		{2FC73459-09ED-4077-9203-958B1E325CE8}.Release|x86.ActiveCfg = Release|Any CPU
		{2FC73459-09ED-4077-9203-958B1E325CE8}.Release|x86.Build.0 = Release|Any CPU
		{56281347-1095-448D-8369-47A30AD9C60E}.Debug|Any CPU.ActiveCfg = Debug|x86
		{56281347-1095-448D-8369-47A30AD9C60E}.Debug|ARM.ActiveCfg = Debug|x86
		{56281347-1095-448D-8369-47A30AD9C60E}.Debug|ARM64.ActiveCfg = Debug|x86
		{56281347-1095-448D-8369-47A30AD9C60E}.Debug|x64.ActiveCfg = Debug|x86
		{56281347-1095-448D-8369-47A30AD9C60E}.Debug|x86.ActiveCfg = Debug|x86
		{56281347-1095-448D-8369-47A30AD9C60E}.Debug|x86.Build.0 = Debug|x86
		{56281347-1095-448D-8369-47A30AD9C60E}.Debug+Web|Any CPU.ActiveCfg = Release|x86
		{56281347-1095-448D-8369-47A30AD9C60E}.Debug+Web|Any CPU.Build.0 = Release|x86
		{56281347-1095-448D-8369-47A30AD9C60E}.Debug+Web|ARM.ActiveCfg = Release|x86
		{56281347-1095-448D-8369-47A30AD9C60E}.Debug+Web|ARM.Build.0 = Release|x86
		{56281347-1095-448D-8369-47A30AD9C60E}.Debug+Web|ARM64.ActiveCfg = Release|x86
		{56281347-1095-448D-8369-47A30AD9C60E}.Debug+Web|ARM64.Build.0 = Release|x86
		{56281347-1095-448D-8369-47A30AD9C60E}.Debug+Web|x64.ActiveCfg = Release|x86
		{56281347-1095-448D-8369-47A30AD9C60E}.Debug+Web|x64.Build.0 = Release|x86
		{56281347-1095-448D-8369-47A30AD9C60E}.Debug+Web|x86.ActiveCfg = Debug|x86
		{56281347-1095-448D-8369-47A30AD9C60E}.Debug+Web|x86.Build.0 = Debug|x86
		{56281347-1095-448D-8369-47A30AD9C60E}.Release|Any CPU.ActiveCfg = Release|x86
		{56281347-1095-448D-8369-47A30AD9C60E}.Release|ARM.ActiveCfg = Release|x86
		{56281347-1095-448D-8369-47A30AD9C60E}.Release|ARM64.ActiveCfg = Release|x86
		{56281347-1095-448D-8369-47A30AD9C60E}.Release|x64.ActiveCfg = Release|x86
		{56281347-1095-448D-8369-47A30AD9C60E}.Release|x86.ActiveCfg = Release|x86
		{56281347-1095-448D-8369-47A30AD9C60E}.Release|x86.Build.0 = Release|x86
		{A972E502-DCFC-4AFE-8F90-B89C52AF86B5}.Debug|Any CPU.ActiveCfg = Debug|x86
		{A972E502-DCFC-4AFE-8F90-B89C52AF86B5}.Debug|ARM.ActiveCfg = Debug|x86
		{A972E502-DCFC-4AFE-8F90-B89C52AF86B5}.Debug|ARM64.ActiveCfg = Debug|x86
		{A972E502-DCFC-4AFE-8F90-B89C52AF86B5}.Debug|x64.ActiveCfg = Debug|x86
		{A972E502-DCFC-4AFE-8F90-B89C52AF86B5}.Debug|x86.ActiveCfg = Debug|x86
		{A972E502-DCFC-4AFE-8F90-B89C52AF86B5}.Debug|x86.Build.0 = Debug|x86
		{A972E502-DCFC-4AFE-8F90-B89C52AF86B5}.Debug+Web|Any CPU.ActiveCfg = Release|x86
		{A972E502-DCFC-4AFE-8F90-B89C52AF86B5}.Debug+Web|Any CPU.Build.0 = Release|x86
		{A972E502-DCFC-4AFE-8F90-B89C52AF86B5}.Debug+Web|ARM.ActiveCfg = Release|x86
		{A972E502-DCFC-4AFE-8F90-B89C52AF86B5}.Debug+Web|ARM.Build.0 = Release|x86
		{A972E502-DCFC-4AFE-8F90-B89C52AF86B5}.Debug+Web|ARM64.ActiveCfg = Release|x86
		{A972E502-DCFC-4AFE-8F90-B89C52AF86B5}.Debug+Web|ARM64.Build.0 = Release|x86
		{A972E502-DCFC-4AFE-8F90-B89C52AF86B5}.Debug+Web|x64.ActiveCfg = Release|x86
		{A972E502-DCFC-4AFE-8F90-B89C52AF86B5}.Debug+Web|x64.Build.0 = Release|x86
		{A972E502-DCFC-4AFE-8F90-B89C52AF86B5}.Debug+Web|x86.ActiveCfg = Debug|x86
		{A972E502-DCFC-4AFE-8F90-B89C52AF86B5}.Debug+Web|x86.Build.0 = Debug|x86
		{A972E502-DCFC-4AFE-8F90-B89C52AF86B5}.Release|Any CPU.ActiveCfg = Release|x86
		{A972E502-DCFC-4AFE-8F90-B89C52AF86B5}.Release|ARM.ActiveCfg = Release|x86
		{A972E502-DCFC-4AFE-8F90-B89C52AF86B5}.Release|ARM64.ActiveCfg = Release|x86
		{A972E502-DCFC-4AFE-8F90-B89C52AF86B5}.Release|x64.ActiveCfg = Release|x86
		{A972E502-DCFC-4AFE-8F90-B89C52AF86B5}.Release|x86.ActiveCfg = Release|x86
		{A972E502-DCFC-4AFE-8F90-B89C52AF86B5}.Release|x86.Build.0 = Release|x86
		{19558F0D-C910-43E3-9E09-59452F6EC528}.Debug|Any CPU.ActiveCfg = Debug|Any CPU
		{19558F0D-C910-43E3-9E09-59452F6EC528}.Debug|Any CPU.Build.0 = Debug|Any CPU
		{19558F0D-C910-43E3-9E09-59452F6EC528}.Debug|ARM.ActiveCfg = Debug|Any CPU
		{19558F0D-C910-43E3-9E09-59452F6EC528}.Debug|ARM.Build.0 = Debug|Any CPU
		{19558F0D-C910-43E3-9E09-59452F6EC528}.Debug|ARM64.ActiveCfg = Debug|Any CPU
		{19558F0D-C910-43E3-9E09-59452F6EC528}.Debug|ARM64.Build.0 = Debug|Any CPU
		{19558F0D-C910-43E3-9E09-59452F6EC528}.Debug|x64.ActiveCfg = Debug|Any CPU
		{19558F0D-C910-43E3-9E09-59452F6EC528}.Debug|x64.Build.0 = Debug|Any CPU
		{19558F0D-C910-43E3-9E09-59452F6EC528}.Debug|x86.ActiveCfg = Debug|Any CPU
		{19558F0D-C910-43E3-9E09-59452F6EC528}.Debug|x86.Build.0 = Debug|Any CPU
		{19558F0D-C910-43E3-9E09-59452F6EC528}.Debug+Web|Any CPU.ActiveCfg = Debug|Any CPU
		{19558F0D-C910-43E3-9E09-59452F6EC528}.Debug+Web|Any CPU.Build.0 = Debug|Any CPU
		{19558F0D-C910-43E3-9E09-59452F6EC528}.Debug+Web|ARM.ActiveCfg = Debug|Any CPU
		{19558F0D-C910-43E3-9E09-59452F6EC528}.Debug+Web|ARM.Build.0 = Debug|Any CPU
		{19558F0D-C910-43E3-9E09-59452F6EC528}.Debug+Web|ARM64.ActiveCfg = Debug|Any CPU
		{19558F0D-C910-43E3-9E09-59452F6EC528}.Debug+Web|ARM64.Build.0 = Debug|Any CPU
		{19558F0D-C910-43E3-9E09-59452F6EC528}.Debug+Web|x64.ActiveCfg = Debug|Any CPU
		{19558F0D-C910-43E3-9E09-59452F6EC528}.Debug+Web|x64.Build.0 = Debug|Any CPU
		{19558F0D-C910-43E3-9E09-59452F6EC528}.Debug+Web|x86.ActiveCfg = Debug|Any CPU
		{19558F0D-C910-43E3-9E09-59452F6EC528}.Debug+Web|x86.Build.0 = Debug|Any CPU
		{19558F0D-C910-43E3-9E09-59452F6EC528}.Release|Any CPU.ActiveCfg = Release|Any CPU
		{19558F0D-C910-43E3-9E09-59452F6EC528}.Release|Any CPU.Build.0 = Release|Any CPU
		{19558F0D-C910-43E3-9E09-59452F6EC528}.Release|ARM.ActiveCfg = Release|Any CPU
		{19558F0D-C910-43E3-9E09-59452F6EC528}.Release|ARM.Build.0 = Release|Any CPU
		{19558F0D-C910-43E3-9E09-59452F6EC528}.Release|ARM64.ActiveCfg = Release|Any CPU
		{19558F0D-C910-43E3-9E09-59452F6EC528}.Release|ARM64.Build.0 = Release|Any CPU
		{19558F0D-C910-43E3-9E09-59452F6EC528}.Release|x64.ActiveCfg = Release|Any CPU
		{19558F0D-C910-43E3-9E09-59452F6EC528}.Release|x64.Build.0 = Release|Any CPU
		{19558F0D-C910-43E3-9E09-59452F6EC528}.Release|x86.ActiveCfg = Release|Any CPU
		{19558F0D-C910-43E3-9E09-59452F6EC528}.Release|x86.Build.0 = Release|Any CPU
		{73A74ADF-6308-42A0-8BA6-2B5D53238546}.Debug|Any CPU.ActiveCfg = Debug|Any CPU
		{73A74ADF-6308-42A0-8BA6-2B5D53238546}.Debug|Any CPU.Build.0 = Debug|Any CPU
		{73A74ADF-6308-42A0-8BA6-2B5D53238546}.Debug|Any CPU.Deploy.0 = Debug|Any CPU
		{73A74ADF-6308-42A0-8BA6-2B5D53238546}.Debug|ARM.ActiveCfg = Debug|Any CPU
		{73A74ADF-6308-42A0-8BA6-2B5D53238546}.Debug|ARM.Build.0 = Debug|Any CPU
		{73A74ADF-6308-42A0-8BA6-2B5D53238546}.Debug|ARM.Deploy.0 = Debug|Any CPU
		{73A74ADF-6308-42A0-8BA6-2B5D53238546}.Debug|ARM64.ActiveCfg = Debug|Any CPU
		{73A74ADF-6308-42A0-8BA6-2B5D53238546}.Debug|ARM64.Build.0 = Debug|Any CPU
		{73A74ADF-6308-42A0-8BA6-2B5D53238546}.Debug|ARM64.Deploy.0 = Debug|Any CPU
		{73A74ADF-6308-42A0-8BA6-2B5D53238546}.Debug|x64.ActiveCfg = Debug|Any CPU
		{73A74ADF-6308-42A0-8BA6-2B5D53238546}.Debug|x64.Build.0 = Debug|Any CPU
		{73A74ADF-6308-42A0-8BA6-2B5D53238546}.Debug|x64.Deploy.0 = Debug|Any CPU
		{73A74ADF-6308-42A0-8BA6-2B5D53238546}.Debug|x86.ActiveCfg = Debug|Any CPU
		{73A74ADF-6308-42A0-8BA6-2B5D53238546}.Debug|x86.Build.0 = Debug|Any CPU
		{73A74ADF-6308-42A0-8BA6-2B5D53238546}.Debug|x86.Deploy.0 = Debug|Any CPU
		{73A74ADF-6308-42A0-8BA6-2B5D53238546}.Debug+Web|Any CPU.ActiveCfg = Debug|Any CPU
		{73A74ADF-6308-42A0-8BA6-2B5D53238546}.Debug+Web|Any CPU.Build.0 = Debug|Any CPU
		{73A74ADF-6308-42A0-8BA6-2B5D53238546}.Debug+Web|Any CPU.Deploy.0 = Debug|Any CPU
		{73A74ADF-6308-42A0-8BA6-2B5D53238546}.Debug+Web|ARM.ActiveCfg = Debug|Any CPU
		{73A74ADF-6308-42A0-8BA6-2B5D53238546}.Debug+Web|ARM.Build.0 = Debug|Any CPU
		{73A74ADF-6308-42A0-8BA6-2B5D53238546}.Debug+Web|ARM.Deploy.0 = Debug|Any CPU
		{73A74ADF-6308-42A0-8BA6-2B5D53238546}.Debug+Web|ARM64.ActiveCfg = Debug|Any CPU
		{73A74ADF-6308-42A0-8BA6-2B5D53238546}.Debug+Web|ARM64.Build.0 = Debug|Any CPU
		{73A74ADF-6308-42A0-8BA6-2B5D53238546}.Debug+Web|ARM64.Deploy.0 = Debug|Any CPU
		{73A74ADF-6308-42A0-8BA6-2B5D53238546}.Debug+Web|x64.ActiveCfg = Debug|Any CPU
		{73A74ADF-6308-42A0-8BA6-2B5D53238546}.Debug+Web|x64.Build.0 = Debug|Any CPU
		{73A74ADF-6308-42A0-8BA6-2B5D53238546}.Debug+Web|x64.Deploy.0 = Debug|Any CPU
		{73A74ADF-6308-42A0-8BA6-2B5D53238546}.Debug+Web|x86.ActiveCfg = Debug|Any CPU
		{73A74ADF-6308-42A0-8BA6-2B5D53238546}.Debug+Web|x86.Build.0 = Debug|Any CPU
		{73A74ADF-6308-42A0-8BA6-2B5D53238546}.Debug+Web|x86.Deploy.0 = Debug|Any CPU
		{73A74ADF-6308-42A0-8BA6-2B5D53238546}.Release|Any CPU.ActiveCfg = Release|Any CPU
		{73A74ADF-6308-42A0-8BA6-2B5D53238546}.Release|Any CPU.Build.0 = Release|Any CPU
		{73A74ADF-6308-42A0-8BA6-2B5D53238546}.Release|Any CPU.Deploy.0 = Release|Any CPU
		{73A74ADF-6308-42A0-8BA6-2B5D53238546}.Release|ARM.ActiveCfg = Release|Any CPU
		{73A74ADF-6308-42A0-8BA6-2B5D53238546}.Release|ARM.Build.0 = Release|Any CPU
		{73A74ADF-6308-42A0-8BA6-2B5D53238546}.Release|ARM.Deploy.0 = Release|Any CPU
		{73A74ADF-6308-42A0-8BA6-2B5D53238546}.Release|ARM64.ActiveCfg = Release|Any CPU
		{73A74ADF-6308-42A0-8BA6-2B5D53238546}.Release|ARM64.Build.0 = Release|Any CPU
		{73A74ADF-6308-42A0-8BA6-2B5D53238546}.Release|ARM64.Deploy.0 = Release|Any CPU
		{73A74ADF-6308-42A0-8BA6-2B5D53238546}.Release|x64.ActiveCfg = Release|Any CPU
		{73A74ADF-6308-42A0-8BA6-2B5D53238546}.Release|x64.Build.0 = Release|Any CPU
		{73A74ADF-6308-42A0-8BA6-2B5D53238546}.Release|x64.Deploy.0 = Release|Any CPU
		{73A74ADF-6308-42A0-8BA6-2B5D53238546}.Release|x86.ActiveCfg = Release|Any CPU
		{73A74ADF-6308-42A0-8BA6-2B5D53238546}.Release|x86.Build.0 = Release|Any CPU
		{73A74ADF-6308-42A0-8BA6-2B5D53238546}.Release|x86.Deploy.0 = Release|Any CPU
		{F7AD2BB5-D2B0-4697-BDDB-4CC26152A6B6}.Debug|Any CPU.ActiveCfg = Debug|x86
		{F7AD2BB5-D2B0-4697-BDDB-4CC26152A6B6}.Debug|ARM.ActiveCfg = Debug|x86
		{F7AD2BB5-D2B0-4697-BDDB-4CC26152A6B6}.Debug|ARM64.ActiveCfg = Debug|x86
		{F7AD2BB5-D2B0-4697-BDDB-4CC26152A6B6}.Debug|x64.ActiveCfg = Debug|x86
		{F7AD2BB5-D2B0-4697-BDDB-4CC26152A6B6}.Debug|x86.ActiveCfg = Debug|x86
		{F7AD2BB5-D2B0-4697-BDDB-4CC26152A6B6}.Debug|x86.Build.0 = Debug|x86
		{F7AD2BB5-D2B0-4697-BDDB-4CC26152A6B6}.Debug+Web|Any CPU.ActiveCfg = Release|x86
		{F7AD2BB5-D2B0-4697-BDDB-4CC26152A6B6}.Debug+Web|Any CPU.Build.0 = Release|x86
		{F7AD2BB5-D2B0-4697-BDDB-4CC26152A6B6}.Debug+Web|ARM.ActiveCfg = Release|x86
		{F7AD2BB5-D2B0-4697-BDDB-4CC26152A6B6}.Debug+Web|ARM.Build.0 = Release|x86
		{F7AD2BB5-D2B0-4697-BDDB-4CC26152A6B6}.Debug+Web|ARM64.ActiveCfg = Release|x86
		{F7AD2BB5-D2B0-4697-BDDB-4CC26152A6B6}.Debug+Web|ARM64.Build.0 = Release|x86
		{F7AD2BB5-D2B0-4697-BDDB-4CC26152A6B6}.Debug+Web|x64.ActiveCfg = Release|x86
		{F7AD2BB5-D2B0-4697-BDDB-4CC26152A6B6}.Debug+Web|x64.Build.0 = Release|x86
		{F7AD2BB5-D2B0-4697-BDDB-4CC26152A6B6}.Debug+Web|x86.ActiveCfg = Debug|x86
		{F7AD2BB5-D2B0-4697-BDDB-4CC26152A6B6}.Debug+Web|x86.Build.0 = Debug|x86
		{F7AD2BB5-D2B0-4697-BDDB-4CC26152A6B6}.Release|Any CPU.ActiveCfg = Release|x86
		{F7AD2BB5-D2B0-4697-BDDB-4CC26152A6B6}.Release|ARM.ActiveCfg = Release|x86
		{F7AD2BB5-D2B0-4697-BDDB-4CC26152A6B6}.Release|ARM64.ActiveCfg = Release|x86
		{F7AD2BB5-D2B0-4697-BDDB-4CC26152A6B6}.Release|x64.ActiveCfg = Release|x86
		{F7AD2BB5-D2B0-4697-BDDB-4CC26152A6B6}.Release|x86.ActiveCfg = Release|x86
		{F7AD2BB5-D2B0-4697-BDDB-4CC26152A6B6}.Release|x86.Build.0 = Release|x86
		{B3CE4F39-FCC4-4388-8130-9D0B9D65D034}.Debug|Any CPU.ActiveCfg = Debug|Any CPU
		{B3CE4F39-FCC4-4388-8130-9D0B9D65D034}.Debug|Any CPU.Build.0 = Debug|Any CPU
		{B3CE4F39-FCC4-4388-8130-9D0B9D65D034}.Debug|ARM.ActiveCfg = Debug|Any CPU
		{B3CE4F39-FCC4-4388-8130-9D0B9D65D034}.Debug|ARM.Build.0 = Debug|Any CPU
		{B3CE4F39-FCC4-4388-8130-9D0B9D65D034}.Debug|ARM64.ActiveCfg = Debug|Any CPU
		{B3CE4F39-FCC4-4388-8130-9D0B9D65D034}.Debug|ARM64.Build.0 = Debug|Any CPU
		{B3CE4F39-FCC4-4388-8130-9D0B9D65D034}.Debug|x64.ActiveCfg = Debug|Any CPU
		{B3CE4F39-FCC4-4388-8130-9D0B9D65D034}.Debug|x64.Build.0 = Debug|Any CPU
		{B3CE4F39-FCC4-4388-8130-9D0B9D65D034}.Debug|x86.ActiveCfg = Debug|Any CPU
		{B3CE4F39-FCC4-4388-8130-9D0B9D65D034}.Debug|x86.Build.0 = Debug|Any CPU
		{B3CE4F39-FCC4-4388-8130-9D0B9D65D034}.Debug+Web|Any CPU.ActiveCfg = Debug|Any CPU
		{B3CE4F39-FCC4-4388-8130-9D0B9D65D034}.Debug+Web|Any CPU.Build.0 = Debug|Any CPU
		{B3CE4F39-FCC4-4388-8130-9D0B9D65D034}.Debug+Web|ARM.ActiveCfg = Debug|Any CPU
		{B3CE4F39-FCC4-4388-8130-9D0B9D65D034}.Debug+Web|ARM.Build.0 = Debug|Any CPU
		{B3CE4F39-FCC4-4388-8130-9D0B9D65D034}.Debug+Web|ARM64.ActiveCfg = Debug|Any CPU
		{B3CE4F39-FCC4-4388-8130-9D0B9D65D034}.Debug+Web|ARM64.Build.0 = Debug|Any CPU
		{B3CE4F39-FCC4-4388-8130-9D0B9D65D034}.Debug+Web|x64.ActiveCfg = Debug|Any CPU
		{B3CE4F39-FCC4-4388-8130-9D0B9D65D034}.Debug+Web|x64.Build.0 = Debug|Any CPU
		{B3CE4F39-FCC4-4388-8130-9D0B9D65D034}.Debug+Web|x86.ActiveCfg = Debug|Any CPU
		{B3CE4F39-FCC4-4388-8130-9D0B9D65D034}.Debug+Web|x86.Build.0 = Debug|Any CPU
		{B3CE4F39-FCC4-4388-8130-9D0B9D65D034}.Release|Any CPU.ActiveCfg = Release|Any CPU
		{B3CE4F39-FCC4-4388-8130-9D0B9D65D034}.Release|Any CPU.Build.0 = Release|Any CPU
		{B3CE4F39-FCC4-4388-8130-9D0B9D65D034}.Release|ARM.ActiveCfg = Release|Any CPU
		{B3CE4F39-FCC4-4388-8130-9D0B9D65D034}.Release|ARM.Build.0 = Release|Any CPU
		{B3CE4F39-FCC4-4388-8130-9D0B9D65D034}.Release|ARM64.ActiveCfg = Release|Any CPU
		{B3CE4F39-FCC4-4388-8130-9D0B9D65D034}.Release|ARM64.Build.0 = Release|Any CPU
		{B3CE4F39-FCC4-4388-8130-9D0B9D65D034}.Release|x64.ActiveCfg = Release|Any CPU
		{B3CE4F39-FCC4-4388-8130-9D0B9D65D034}.Release|x64.Build.0 = Release|Any CPU
		{B3CE4F39-FCC4-4388-8130-9D0B9D65D034}.Release|x86.ActiveCfg = Release|Any CPU
		{B3CE4F39-FCC4-4388-8130-9D0B9D65D034}.Release|x86.Build.0 = Release|Any CPU
		{19A46A28-9369-4AF2-A8A5-0303D3A0A8C0}.Debug|Any CPU.ActiveCfg = Debug|Any CPU
		{19A46A28-9369-4AF2-A8A5-0303D3A0A8C0}.Debug|Any CPU.Build.0 = Debug|Any CPU
		{19A46A28-9369-4AF2-A8A5-0303D3A0A8C0}.Debug|ARM.ActiveCfg = Debug|Any CPU
		{19A46A28-9369-4AF2-A8A5-0303D3A0A8C0}.Debug|ARM.Build.0 = Debug|Any CPU
		{19A46A28-9369-4AF2-A8A5-0303D3A0A8C0}.Debug|ARM64.ActiveCfg = Debug|Any CPU
		{19A46A28-9369-4AF2-A8A5-0303D3A0A8C0}.Debug|ARM64.Build.0 = Debug|Any CPU
		{19A46A28-9369-4AF2-A8A5-0303D3A0A8C0}.Debug|x64.ActiveCfg = Debug|Any CPU
		{19A46A28-9369-4AF2-A8A5-0303D3A0A8C0}.Debug|x64.Build.0 = Debug|Any CPU
		{19A46A28-9369-4AF2-A8A5-0303D3A0A8C0}.Debug|x86.ActiveCfg = Debug|Any CPU
		{19A46A28-9369-4AF2-A8A5-0303D3A0A8C0}.Debug|x86.Build.0 = Debug|Any CPU
		{19A46A28-9369-4AF2-A8A5-0303D3A0A8C0}.Debug+Web|Any CPU.ActiveCfg = Debug|Any CPU
		{19A46A28-9369-4AF2-A8A5-0303D3A0A8C0}.Debug+Web|Any CPU.Build.0 = Debug|Any CPU
		{19A46A28-9369-4AF2-A8A5-0303D3A0A8C0}.Debug+Web|ARM.ActiveCfg = Debug|Any CPU
		{19A46A28-9369-4AF2-A8A5-0303D3A0A8C0}.Debug+Web|ARM.Build.0 = Debug|Any CPU
		{19A46A28-9369-4AF2-A8A5-0303D3A0A8C0}.Debug+Web|ARM64.ActiveCfg = Debug|Any CPU
		{19A46A28-9369-4AF2-A8A5-0303D3A0A8C0}.Debug+Web|ARM64.Build.0 = Debug|Any CPU
		{19A46A28-9369-4AF2-A8A5-0303D3A0A8C0}.Debug+Web|x64.ActiveCfg = Debug|Any CPU
		{19A46A28-9369-4AF2-A8A5-0303D3A0A8C0}.Debug+Web|x64.Build.0 = Debug|Any CPU
		{19A46A28-9369-4AF2-A8A5-0303D3A0A8C0}.Debug+Web|x86.ActiveCfg = Debug|Any CPU
		{19A46A28-9369-4AF2-A8A5-0303D3A0A8C0}.Debug+Web|x86.Build.0 = Debug|Any CPU
		{19A46A28-9369-4AF2-A8A5-0303D3A0A8C0}.Release|Any CPU.ActiveCfg = Release|Any CPU
		{19A46A28-9369-4AF2-A8A5-0303D3A0A8C0}.Release|Any CPU.Build.0 = Release|Any CPU
		{19A46A28-9369-4AF2-A8A5-0303D3A0A8C0}.Release|ARM.ActiveCfg = Release|Any CPU
		{19A46A28-9369-4AF2-A8A5-0303D3A0A8C0}.Release|ARM.Build.0 = Release|Any CPU
		{19A46A28-9369-4AF2-A8A5-0303D3A0A8C0}.Release|ARM64.ActiveCfg = Release|Any CPU
		{19A46A28-9369-4AF2-A8A5-0303D3A0A8C0}.Release|ARM64.Build.0 = Release|Any CPU
		{19A46A28-9369-4AF2-A8A5-0303D3A0A8C0}.Release|x64.ActiveCfg = Release|Any CPU
		{19A46A28-9369-4AF2-A8A5-0303D3A0A8C0}.Release|x64.Build.0 = Release|Any CPU
		{19A46A28-9369-4AF2-A8A5-0303D3A0A8C0}.Release|x86.ActiveCfg = Release|Any CPU
		{19A46A28-9369-4AF2-A8A5-0303D3A0A8C0}.Release|x86.Build.0 = Release|Any CPU
		{4B5EC54F-E0FB-4AA8-85E7-EB84843D5C7C}.Debug|Any CPU.ActiveCfg = Debug|Any CPU
		{4B5EC54F-E0FB-4AA8-85E7-EB84843D5C7C}.Debug|Any CPU.Build.0 = Debug|Any CPU
		{4B5EC54F-E0FB-4AA8-85E7-EB84843D5C7C}.Debug|ARM.ActiveCfg = Debug|Any CPU
		{4B5EC54F-E0FB-4AA8-85E7-EB84843D5C7C}.Debug|ARM.Build.0 = Debug|Any CPU
		{4B5EC54F-E0FB-4AA8-85E7-EB84843D5C7C}.Debug|ARM64.ActiveCfg = Debug|Any CPU
		{4B5EC54F-E0FB-4AA8-85E7-EB84843D5C7C}.Debug|ARM64.Build.0 = Debug|Any CPU
		{4B5EC54F-E0FB-4AA8-85E7-EB84843D5C7C}.Debug|x64.ActiveCfg = Debug|Any CPU
		{4B5EC54F-E0FB-4AA8-85E7-EB84843D5C7C}.Debug|x64.Build.0 = Debug|Any CPU
		{4B5EC54F-E0FB-4AA8-85E7-EB84843D5C7C}.Debug|x86.ActiveCfg = Debug|Any CPU
		{4B5EC54F-E0FB-4AA8-85E7-EB84843D5C7C}.Debug|x86.Build.0 = Debug|Any CPU
		{4B5EC54F-E0FB-4AA8-85E7-EB84843D5C7C}.Debug+Web|Any CPU.ActiveCfg = Debug|Any CPU
		{4B5EC54F-E0FB-4AA8-85E7-EB84843D5C7C}.Debug+Web|Any CPU.Build.0 = Debug|Any CPU
		{4B5EC54F-E0FB-4AA8-85E7-EB84843D5C7C}.Debug+Web|ARM.ActiveCfg = Debug|Any CPU
		{4B5EC54F-E0FB-4AA8-85E7-EB84843D5C7C}.Debug+Web|ARM.Build.0 = Debug|Any CPU
		{4B5EC54F-E0FB-4AA8-85E7-EB84843D5C7C}.Debug+Web|ARM64.ActiveCfg = Debug|Any CPU
		{4B5EC54F-E0FB-4AA8-85E7-EB84843D5C7C}.Debug+Web|ARM64.Build.0 = Debug|Any CPU
		{4B5EC54F-E0FB-4AA8-85E7-EB84843D5C7C}.Debug+Web|x64.ActiveCfg = Debug|Any CPU
		{4B5EC54F-E0FB-4AA8-85E7-EB84843D5C7C}.Debug+Web|x64.Build.0 = Debug|Any CPU
		{4B5EC54F-E0FB-4AA8-85E7-EB84843D5C7C}.Debug+Web|x86.ActiveCfg = Debug|Any CPU
		{4B5EC54F-E0FB-4AA8-85E7-EB84843D5C7C}.Debug+Web|x86.Build.0 = Debug|Any CPU
		{4B5EC54F-E0FB-4AA8-85E7-EB84843D5C7C}.Release|Any CPU.ActiveCfg = Release|Any CPU
		{4B5EC54F-E0FB-4AA8-85E7-EB84843D5C7C}.Release|Any CPU.Build.0 = Release|Any CPU
		{4B5EC54F-E0FB-4AA8-85E7-EB84843D5C7C}.Release|ARM.ActiveCfg = Release|Any CPU
		{4B5EC54F-E0FB-4AA8-85E7-EB84843D5C7C}.Release|ARM.Build.0 = Release|Any CPU
		{4B5EC54F-E0FB-4AA8-85E7-EB84843D5C7C}.Release|ARM64.ActiveCfg = Release|Any CPU
		{4B5EC54F-E0FB-4AA8-85E7-EB84843D5C7C}.Release|ARM64.Build.0 = Release|Any CPU
		{4B5EC54F-E0FB-4AA8-85E7-EB84843D5C7C}.Release|x64.ActiveCfg = Release|Any CPU
		{4B5EC54F-E0FB-4AA8-85E7-EB84843D5C7C}.Release|x64.Build.0 = Release|Any CPU
		{4B5EC54F-E0FB-4AA8-85E7-EB84843D5C7C}.Release|x86.ActiveCfg = Release|Any CPU
		{4B5EC54F-E0FB-4AA8-85E7-EB84843D5C7C}.Release|x86.Build.0 = Release|Any CPU
		{7E9E4C1F-E2C8-4011-ACBC-E9D305DC4855}.Debug|Any CPU.ActiveCfg = Debug|Any CPU
		{7E9E4C1F-E2C8-4011-ACBC-E9D305DC4855}.Debug|Any CPU.Build.0 = Debug|Any CPU
		{7E9E4C1F-E2C8-4011-ACBC-E9D305DC4855}.Debug|ARM.ActiveCfg = Debug|Any CPU
		{7E9E4C1F-E2C8-4011-ACBC-E9D305DC4855}.Debug|ARM.Build.0 = Debug|Any CPU
		{7E9E4C1F-E2C8-4011-ACBC-E9D305DC4855}.Debug|ARM64.ActiveCfg = Debug|Any CPU
		{7E9E4C1F-E2C8-4011-ACBC-E9D305DC4855}.Debug|ARM64.Build.0 = Debug|Any CPU
		{7E9E4C1F-E2C8-4011-ACBC-E9D305DC4855}.Debug|x64.ActiveCfg = Debug|Any CPU
		{7E9E4C1F-E2C8-4011-ACBC-E9D305DC4855}.Debug|x64.Build.0 = Debug|Any CPU
		{7E9E4C1F-E2C8-4011-ACBC-E9D305DC4855}.Debug|x86.ActiveCfg = Debug|Any CPU
		{7E9E4C1F-E2C8-4011-ACBC-E9D305DC4855}.Debug|x86.Build.0 = Debug|Any CPU
		{7E9E4C1F-E2C8-4011-ACBC-E9D305DC4855}.Debug+Web|Any CPU.ActiveCfg = Debug|Any CPU
		{7E9E4C1F-E2C8-4011-ACBC-E9D305DC4855}.Debug+Web|Any CPU.Build.0 = Debug|Any CPU
		{7E9E4C1F-E2C8-4011-ACBC-E9D305DC4855}.Debug+Web|ARM.ActiveCfg = Debug|Any CPU
		{7E9E4C1F-E2C8-4011-ACBC-E9D305DC4855}.Debug+Web|ARM.Build.0 = Debug|Any CPU
		{7E9E4C1F-E2C8-4011-ACBC-E9D305DC4855}.Debug+Web|ARM64.ActiveCfg = Debug|Any CPU
		{7E9E4C1F-E2C8-4011-ACBC-E9D305DC4855}.Debug+Web|ARM64.Build.0 = Debug|Any CPU
		{7E9E4C1F-E2C8-4011-ACBC-E9D305DC4855}.Debug+Web|x64.ActiveCfg = Debug|Any CPU
		{7E9E4C1F-E2C8-4011-ACBC-E9D305DC4855}.Debug+Web|x64.Build.0 = Debug|Any CPU
		{7E9E4C1F-E2C8-4011-ACBC-E9D305DC4855}.Debug+Web|x86.ActiveCfg = Debug|Any CPU
		{7E9E4C1F-E2C8-4011-ACBC-E9D305DC4855}.Debug+Web|x86.Build.0 = Debug|Any CPU
		{7E9E4C1F-E2C8-4011-ACBC-E9D305DC4855}.Release|Any CPU.ActiveCfg = Release|Any CPU
		{7E9E4C1F-E2C8-4011-ACBC-E9D305DC4855}.Release|Any CPU.Build.0 = Release|Any CPU
		{7E9E4C1F-E2C8-4011-ACBC-E9D305DC4855}.Release|ARM.ActiveCfg = Release|Any CPU
		{7E9E4C1F-E2C8-4011-ACBC-E9D305DC4855}.Release|ARM.Build.0 = Release|Any CPU
		{7E9E4C1F-E2C8-4011-ACBC-E9D305DC4855}.Release|ARM64.ActiveCfg = Release|Any CPU
		{7E9E4C1F-E2C8-4011-ACBC-E9D305DC4855}.Release|ARM64.Build.0 = Release|Any CPU
		{7E9E4C1F-E2C8-4011-ACBC-E9D305DC4855}.Release|x64.ActiveCfg = Release|Any CPU
		{7E9E4C1F-E2C8-4011-ACBC-E9D305DC4855}.Release|x64.Build.0 = Release|Any CPU
		{7E9E4C1F-E2C8-4011-ACBC-E9D305DC4855}.Release|x86.ActiveCfg = Release|Any CPU
		{7E9E4C1F-E2C8-4011-ACBC-E9D305DC4855}.Release|x86.Build.0 = Release|Any CPU
	EndGlobalSection
	GlobalSection(SolutionProperties) = preSolution
		HideSolutionNode = FALSE
	EndGlobalSection
	GlobalSection(NestedProjects) = preSolution
		{A134FDBF-E063-415F-94F3-BF51C36AAB57} = {BF6B8C64-C111-450A-A8CA-297B75CDFEF8}
		{8242184B-D6AF-4129-8225-77D53F81BFDD} = {15338FBD-C26A-45E2-ACF8-202DA51448CB}
		{5906ABE0-1D62-4F9A-9ABA-B7D301615BB0} = {BF6B8C64-C111-450A-A8CA-297B75CDFEF8}
		{DFD770F6-4222-4255-AAE0-DCACDC7B21EB} = {15338FBD-C26A-45E2-ACF8-202DA51448CB}
		{1228EB3F-8BCC-453F-8A2E-D9246495A118} = {15338FBD-C26A-45E2-ACF8-202DA51448CB}
		{E95FA1C8-6491-4B4B-BBE1-EDA6B16B2C6A} = {10F295C8-6BE9-4028-A046-A1657FC8DFDC}
		{6295AB06-EBE4-4887-A811-20737F6F8645} = {8242184B-D6AF-4129-8225-77D53F81BFDD}
		{82A2D997-B7AC-41D9-A166-65FCFED2114D} = {6295AB06-EBE4-4887-A811-20737F6F8645}
		{DEF4479A-380F-46D8-83A9-7D0AC1FB0154} = {8242184B-D6AF-4129-8225-77D53F81BFDD}
		{0A06B3EA-5934-4373-854A-B4D6E7E1FE16} = {DEF4479A-380F-46D8-83A9-7D0AC1FB0154}
		{5142DBD9-C256-4CC6-A457-CDD263CA0AD1} = {DEF4479A-380F-46D8-83A9-7D0AC1FB0154}
		{2E71E14D-7BB8-4112-A223-E7038B4E50E7} = {8242184B-D6AF-4129-8225-77D53F81BFDD}
		{166CA771-E82F-4D70-BE1E-C78E705FC95C} = {2E71E14D-7BB8-4112-A223-E7038B4E50E7}
		{8CE7CE74-06B0-46B8-A48A-21F821287449} = {2E71E14D-7BB8-4112-A223-E7038B4E50E7}
		{9E5B469F-4E1A-429A-9BD1-2101ADFC519F} = {8242184B-D6AF-4129-8225-77D53F81BFDD}
		{A44DA267-B8B9-4724-9218-2DDBF995FC2A} = {9E5B469F-4E1A-429A-9BD1-2101ADFC519F}
		{0031E648-EE0B-4E67-98A5-C5DE7345E01A} = {8242184B-D6AF-4129-8225-77D53F81BFDD}
		{F548D04A-7F67-4F5C-971C-794AB05B5FC3} = {0031E648-EE0B-4E67-98A5-C5DE7345E01A}
		{6B7E71E7-4387-4C4A-8616-BE4887CD0313} = {0031E648-EE0B-4E67-98A5-C5DE7345E01A}
		{D5841880-E51F-4597-AB1F-9200B34D5989} = {8242184B-D6AF-4129-8225-77D53F81BFDD}
		{86AD9C76-6743-434C-A48D-BE8DA9C62779} = {D5841880-E51F-4597-AB1F-9200B34D5989}
		{DD56D50E-0B59-4EB7-AA1B-9F5C8325A7BC} = {D5841880-E51F-4597-AB1F-9200B34D5989}
		{7E0C9336-7A38-4C87-97E2-A8D2A90AA29D} = {BF6B8C64-C111-450A-A8CA-297B75CDFEF8}
		{86C1CD6F-F5D8-4183-9032-3E323C33672C} = {15338FBD-C26A-45E2-ACF8-202DA51448CB}
		{C4157BCB-D3A0-45C6-A84B-735FBD8C7AA8} = {76BEC6C3-C4F0-4208-BBC5-4F318D8940A6}
		{76BEC6C3-C4F0-4208-BBC5-4F318D8940A6} = {86C1CD6F-F5D8-4183-9032-3E323C33672C}
		{A8C041C0-3A74-4976-9060-70E2A865D521} = {76BEC6C3-C4F0-4208-BBC5-4F318D8940A6}
		{DB21584F-4EA6-486A-9BDB-77D372CF1D64} = {76BEC6C3-C4F0-4208-BBC5-4F318D8940A6}
		{97C823BE-0447-46CC-80E7-CB88B19FBCAA} = {0C344D5F-BE70-4828-B95A-1D313B894BC3}
		{D2A59DDA-585B-4802-B1FF-762F96F3A5C5} = {86C1CD6F-F5D8-4183-9032-3E323C33672C}
		{2FC73459-09ED-4077-9203-958B1E325CE8} = {D2A59DDA-585B-4802-B1FF-762F96F3A5C5}
		{56281347-1095-448D-8369-47A30AD9C60E} = {D2A59DDA-585B-4802-B1FF-762F96F3A5C5}
		{A972E502-DCFC-4AFE-8F90-B89C52AF86B5} = {D2A59DDA-585B-4802-B1FF-762F96F3A5C5}
		{19558F0D-C910-43E3-9E09-59452F6EC528} = {0C344D5F-BE70-4828-B95A-1D313B894BC3}
		{73A74ADF-6308-42A0-8BA6-2B5D53238546} = {76BEC6C3-C4F0-4208-BBC5-4F318D8940A6}
		{253263C9-9C67-44A5-94D3-51C586BBDAEC} = {6295AB06-EBE4-4887-A811-20737F6F8645}
		{F7AD2BB5-D2B0-4697-BDDB-4CC26152A6B6} = {6295AB06-EBE4-4887-A811-20737F6F8645}
		{B3CE4F39-FCC4-4388-8130-9D0B9D65D034} = {6295AB06-EBE4-4887-A811-20737F6F8645}
		{19A46A28-9369-4AF2-A8A5-0303D3A0A8C0} = {A134FDBF-E063-415F-94F3-BF51C36AAB57}
		{3564577B-6BA7-41DC-9B19-FD6FBD690CB0} = {A134FDBF-E063-415F-94F3-BF51C36AAB57}
		{4B5EC54F-E0FB-4AA8-85E7-EB84843D5C7C} = {A134FDBF-E063-415F-94F3-BF51C36AAB57}
		{7E9E4C1F-E2C8-4011-ACBC-E9D305DC4855} = {A134FDBF-E063-415F-94F3-BF51C36AAB57}
	EndGlobalSection
EndGlobal
