
Microsoft Visual Studio Solution File, Format Version 12.00
# Visual Studio Version 16
VisualStudioVersion = 16.0.29409.12
MinimumVisualStudioVersion = 10.0.40219.1
Project("{9A19103F-16F7-4668-BE54-9A1E7A4F7556}") = "SharpFontManaged", "SharpFontManaged.csproj", "{58D35CCC-FC79-4A70-BE04-1901F5C46098}"
EndProject
Global
	GlobalSection(SolutionConfigurationPlatforms) = preSolution
		Debug|Any CPU = Debug|Any CPU
		Release|Any CPU = Release|Any CPU
	EndGlobalSection
	GlobalSection(ProjectConfigurationPlatforms) = postSolution
		{58D35CCC-FC79-4A70-BE04-1901F5C46098}.Debug|Any CPU.ActiveCfg = Debug|Any CPU
		{58D35CCC-FC79-4A70-BE04-1901F5C46098}.Debug|Any CPU.Build.0 = Debug|Any CPU
		{58D35CCC-FC79-4A70-BE04-1901F5C46098}.Release|Any CPU.ActiveCfg = Release|Any CPU
		{58D35CCC-FC79-4A70-BE04-1901F5C46098}.Release|Any CPU.Build.0 = Release|Any CPU
	EndGlobalSection
	GlobalSection(SolutionProperties) = preSolution
		HideSolutionNode = FALSE
	EndGlobalSection
	GlobalSection(ExtensibilityGlobals) = postSolution
		SolutionGuid = {613FD0F7-80E9-4CCB-96D9-819A42820372}
	EndGlobalSection
EndGlobal
